Microsoft Visual Studio Solution File, Format Version 12.00
# Visual Studio 15
Project("{2150E333-8FDC-42A3-9474-1A3956D46DE8}") = "CMakePredefinedTargets", "CMakePredefinedTargets", "{1A23E013-D336-3D0B-B357-80CF9C4AFCBC}"
EndProject
Project("{2150E333-8FDC-42A3-9474-1A3956D46DE8}") = "PhysX SDK", "PhysX SDK", "{104AA5A6-6B4F-3A74-A1AA-C40D7BE1E3F7}"
EndProject
Project("{2150E333-8FDC-42A3-9474-1A3956D46DE8}") = "Snippets", "Snippets", "{39AF8F06-DFBF-398F-B093-EA947735EEC0}"
EndProject
Project("{8BC9CEB8-8B4A-11D0-8D11-00A0C91BC942}") = "ALL_BUILD", "ALL_BUILD.vcxproj", "{2CE8A243-B83D-3605-9723-5440B65E6160}"
	ProjectSection(ProjectDependencies) = postProject
		{94F2AF68-76A8-361D-9CDE-5E34A16727AB} = {94F2AF68-76A8-361D-9CDE-5E34A16727AB}
		{7BBA4BDB-A53D-3CCB-BDA2-6401678CE1DA} = {7BBA4BDB-A53D-3CCB-BDA2-6401678CE1DA}
		{4F298745-D1D1-3629-8423-07D5C0ECCA0A} = {4F298745-D1D1-3629-8423-07D5C0ECCA0A}
		{2650DC21-596B-3DA7-8870-98E4407A6DCC} = {2650DC21-596B-3DA7-8870-98E4407A6DCC}
		{0532D431-42E6-37B3-A845-0CB9ABE640C8} = {0532D431-42E6-37B3-A845-0CB9ABE640C8}
		{52C3CCFE-6E02-37ED-AE77-52220F9A425A} = {52C3CCFE-6E02-37ED-AE77-52220F9A425A}
		{2E5D2C81-5ED0-384D-800A-24CFEF5E2E6A} = {2E5D2C81-5ED0-384D-800A-24CFEF5E2E6A}
		{81433EFD-97A0-3890-AA32-E77183696276} = {81433EFD-97A0-3890-AA32-E77183696276}
		{3381E46B-F30C-33E8-A7D0-7FACC93CFE37} = {3381E46B-F30C-33E8-A7D0-7FACC93CFE37}
		{2E571DB0-10D0-333D-BF26-4BA9F41B2ED6} = {2E571DB0-10D0-333D-BF26-4BA9F41B2ED6}
		{7B7E4DCB-A47D-3ED1-82A9-195B407B3CD7} = {7B7E4DCB-A47D-3ED1-82A9-195B407B3CD7}
		{629B8AA6-1267-327F-B87D-B23291648373} = {629B8AA6-1267-327F-B87D-B23291648373}
		{3CACD583-2F73-361D-9686-B86B614F29D7} = {3CACD583-2F73-361D-9686-B86B614F29D7}
		{41CD3E1F-12AC-393D-A3F7-D535D67B4039} = {41CD3E1F-12AC-393D-A3F7-D535D67B4039}
		{AB06C457-915D-3C13-89BE-4019D95CF046} = {AB06C457-915D-3C13-89BE-4019D95CF046}
		{9FE28EAF-17E2-3BF7-B901-0F0E200EFA58} = {9FE28EAF-17E2-3BF7-B901-0F0E200EFA58}
		{AA460C07-C159-31A9-9676-96676A7A8679} = {AA460C07-C159-31A9-9676-96676A7A8679}
		{EF6A23BF-3650-3438-954D-F6B0BD2CDEB1} = {EF6A23BF-3650-3438-954D-F6B0BD2CDEB1}
		{3C94D290-8C6A-3640-A90C-D696E8B06813} = {3C94D290-8C6A-3640-A90C-D696E8B06813}
		{1E047F15-3982-3647-8472-137F8C75034D} = {1E047F15-3982-3647-8472-137F8C75034D}
		{6888FE58-3128-3B99-92F3-A0BDD14555FE} = {6888FE58-3128-3B99-92F3-A0BDD14555FE}
		{D7ABCB66-6A81-3312-8646-D61A6708D2A5} = {D7ABCB66-6A81-3312-8646-D61A6708D2A5}
		{ADA3E5BA-F6DC-38DA-8878-36D01ADDC168} = {ADA3E5BA-F6DC-38DA-8878-36D01ADDC168}
		{28147F7A-10E1-3A92-9F69-F86CFC81B69B} = {28147F7A-10E1-3A92-9F69-F86CFC81B69B}
		{83CF7A10-104D-31AA-B34C-13BBAD3DCA5C} = {83CF7A10-104D-31AA-B34C-13BBAD3DCA5C}
		{E3802E5D-07FE-3C05-AAB2-2D2C28969A84} = {E3802E5D-07FE-3C05-AAB2-2D2C28969A84}
		{ADE283FD-49EC-3948-9D7F-EFC4FD387014} = {ADE283FD-49EC-3948-9D7F-EFC4FD387014}
		{0B54B2AA-4648-370B-A44E-96809551C421} = {0B54B2AA-4648-370B-A44E-96809551C421}
		{F77C86FB-2C00-389C-A28D-134D9C742CA2} = {F77C86FB-2C00-389C-A28D-134D9C742CA2}
		{EB5253EC-BBC4-3EB3-AFE5-4AC1C9F6F32D} = {EB5253EC-BBC4-3EB3-AFE5-4AC1C9F6F32D}
		{8D733786-4134-37D7-B14C-C5CEE671078F} = {8D733786-4134-37D7-B14C-C5CEE671078F}
		{57E8B6EC-8680-360C-AAD3-E19EB31E55CB} = {57E8B6EC-8680-360C-AAD3-E19EB31E55CB}
		{12A43D3E-43CC-3F74-82A4-4270525782A3} = {12A43D3E-43CC-3F74-82A4-4270525782A3}
		{5B39FFF7-16DE-33CF-BD17-75E707EF69A9} = {5B39FFF7-16DE-33CF-BD17-75E707EF69A9}
		{033B8541-2755-392B-A177-F4D6D025BD4B} = {033B8541-2755-392B-A177-F4D6D025BD4B}
		{CEB0AFA4-2DAF-3E34-98AD-B22AAACA0481} = {CEB0AFA4-2DAF-3E34-98AD-B22AAACA0481}
	EndProjectSection
EndProject
Project("{8BC9CEB8-8B4A-11D0-8D11-00A0C91BC942}") = "FastXml", "..\sdk_source_bin\FastXml.vcxproj", "{3733BBFA-D337-363A-B373-176948DF23FE}"
	ProjectSection(ProjectDependencies) = postProject
		{CEB0AFA4-2DAF-3E34-98AD-B22AAACA0481} = {CEB0AFA4-2DAF-3E34-98AD-B22AAACA0481}
	EndProjectSection
EndProject
Project("{8BC9CEB8-8B4A-11D0-8D11-00A0C91BC942}") = "INSTALL", "INSTALL.vcxproj", "{03073D5B-3D23-330E-BEFE-ED45A9B9AA9C}"
	ProjectSection(ProjectDependencies) = postProject
		{2CE8A243-B83D-3605-9723-5440B65E6160} = {2CE8A243-B83D-3605-9723-5440B65E6160}
		{CEB0AFA4-2DAF-3E34-98AD-B22AAACA0481} = {CEB0AFA4-2DAF-3E34-98AD-B22AAACA0481}
	EndProjectSection
EndProject
Project("{8BC9CEB8-8B4A-11D0-8D11-00A0C91BC942}") = "LowLevel", "..\sdk_source_bin\LowLevel.vcxproj", "{5C259528-AB03-3CB3-9504-F8848A8E7B6F}"
	ProjectSection(ProjectDependencies) = postProject
		{CEB0AFA4-2DAF-3E34-98AD-B22AAACA0481} = {CEB0AFA4-2DAF-3E34-98AD-B22AAACA0481}
	EndProjectSection
EndProject
Project("{8BC9CEB8-8B4A-11D0-8D11-00A0C91BC942}") = "LowLevelAABB", "..\sdk_source_bin\LowLevelAABB.vcxproj", "{5E9A9012-CEB9-3BE5-8AFE-00F7AF408995}"
	ProjectSection(ProjectDependencies) = postProject
		{CEB0AFA4-2DAF-3E34-98AD-B22AAACA0481} = {CEB0AFA4-2DAF-3E34-98AD-B22AAACA0481}
	EndProjectSection
EndProject
Project("{8BC9CEB8-8B4A-11D0-8D11-00A0C91BC942}") = "LowLevelDynamics", "..\sdk_source_bin\LowLevelDynamics.vcxproj", "{97B98AC3-7FF2-3348-830D-C61945EA13A0}"
	ProjectSection(ProjectDependencies) = postProject
		{CEB0AFA4-2DAF-3E34-98AD-B22AAACA0481} = {CEB0AFA4-2DAF-3E34-98AD-B22AAACA0481}
	EndProjectSection
EndProject
Project("{8BC9CEB8-8B4A-11D0-8D11-00A0C91BC942}") = "PhysX", "..\sdk_source_bin\PhysX.vcxproj", "{0B4D7803-7D11-3B61-BC50-2E3B9DD80851}"
	ProjectSection(ProjectDependencies) = postProject
		{5C259528-AB03-3CB3-9504-F8848A8E7B6F} = {5C259528-AB03-3CB3-9504-F8848A8E7B6F}
		{5E9A9012-CEB9-3BE5-8AFE-00F7AF408995} = {5E9A9012-CEB9-3BE5-8AFE-00F7AF408995}
		{97B98AC3-7FF2-3348-830D-C61945EA13A0} = {97B98AC3-7FF2-3348-830D-C61945EA13A0}
		{CBCB2D10-FA08-370C-8B70-1D5BED29A4B8} = {CBCB2D10-FA08-370C-8B70-1D5BED29A4B8}
		{0F4AF026-E642-303F-9CD4-B47999ED6E0C} = {0F4AF026-E642-303F-9CD4-B47999ED6E0C}
		{555815A0-5A16-3138-8184-5293CC6ACEAD} = {555815A0-5A16-3138-8184-5293CC6ACEAD}
		{95E0E9CC-E412-3A09-AADA-6465D9DB9BE0} = {95E0E9CC-E412-3A09-AADA-6465D9DB9BE0}
		{5B494BD9-0861-3EBE-B0B9-20F5101DDB72} = {5B494BD9-0861-3EBE-B0B9-20F5101DDB72}
		{52BAE09C-45BB-385F-BEB3-83D8240A9A96} = {52BAE09C-45BB-385F-BEB3-83D8240A9A96}
		{CEB0AFA4-2DAF-3E34-98AD-B22AAACA0481} = {CEB0AFA4-2DAF-3E34-98AD-B22AAACA0481}
	EndProjectSection
EndProject
Project("{8BC9CEB8-8B4A-11D0-8D11-00A0C91BC942}") = "PhysXCharacterKinematic", "..\sdk_source_bin\PhysXCharacterKinematic.vcxproj", "{ACE12B35-0B20-37D8-B58B-BC111D3B8A4C}"
	ProjectSection(ProjectDependencies) = postProject
		{0F4AF026-E642-303F-9CD4-B47999ED6E0C} = {0F4AF026-E642-303F-9CD4-B47999ED6E0C}
		{CEB0AFA4-2DAF-3E34-98AD-B22AAACA0481} = {CEB0AFA4-2DAF-3E34-98AD-B22AAACA0481}
	EndProjectSection
EndProject
Project("{8BC9CEB8-8B4A-11D0-8D11-00A0C91BC942}") = "PhysXCommon", "..\sdk_source_bin\PhysXCommon.vcxproj", "{CBCB2D10-FA08-370C-8B70-1D5BED29A4B8}"
	ProjectSection(ProjectDependencies) = postProject
		{0F4AF026-E642-303F-9CD4-B47999ED6E0C} = {0F4AF026-E642-303F-9CD4-B47999ED6E0C}
		{CEB0AFA4-2DAF-3E34-98AD-B22AAACA0481} = {CEB0AFA4-2DAF-3E34-98AD-B22AAACA0481}
	EndProjectSection
EndProject
Project("{8BC9CEB8-8B4A-11D0-8D11-00A0C91BC942}") = "PhysXCooking", "..\sdk_source_bin\PhysXCooking.vcxproj", "{1017D8CB-7676-363C-BA84-00D2D5C1C41C}"
	ProjectSection(ProjectDependencies) = postProject
		{CBCB2D10-FA08-370C-8B70-1D5BED29A4B8} = {CBCB2D10-FA08-370C-8B70-1D5BED29A4B8}
		{0F4AF026-E642-303F-9CD4-B47999ED6E0C} = {0F4AF026-E642-303F-9CD4-B47999ED6E0C}
		{CEB0AFA4-2DAF-3E34-98AD-B22AAACA0481} = {CEB0AFA4-2DAF-3E34-98AD-B22AAACA0481}
	EndProjectSection
EndProject
Project("{8BC9CEB8-8B4A-11D0-8D11-00A0C91BC942}") = "PhysXExtensions", "..\sdk_source_bin\PhysXExtensions.vcxproj", "{1DF1740D-1629-31B1-832D-BE75BCE711B4}"
	ProjectSection(ProjectDependencies) = postProject
		{3733BBFA-D337-363A-B373-176948DF23FE} = {3733BBFA-D337-363A-B373-176948DF23FE}
		{0B4D7803-7D11-3B61-BC50-2E3B9DD80851} = {0B4D7803-7D11-3B61-BC50-2E3B9DD80851}
		{CBCB2D10-FA08-370C-8B70-1D5BED29A4B8} = {CBCB2D10-FA08-370C-8B70-1D5BED29A4B8}
		{0F4AF026-E642-303F-9CD4-B47999ED6E0C} = {0F4AF026-E642-303F-9CD4-B47999ED6E0C}
		{555815A0-5A16-3138-8184-5293CC6ACEAD} = {555815A0-5A16-3138-8184-5293CC6ACEAD}
		{CEB0AFA4-2DAF-3E34-98AD-B22AAACA0481} = {CEB0AFA4-2DAF-3E34-98AD-B22AAACA0481}
	EndProjectSection
EndProject
Project("{8BC9CEB8-8B4A-11D0-8D11-00A0C91BC942}") = "PhysXFoundation", "..\sdk_source_bin\PhysXFoundation.vcxproj", "{0F4AF026-E642-303F-9CD4-B47999ED6E0C}"
	ProjectSection(ProjectDependencies) = postProject
		{CEB0AFA4-2DAF-3E34-98AD-B22AAACA0481} = {CEB0AFA4-2DAF-3E34-98AD-B22AAACA0481}
	EndProjectSection
EndProject
Project("{8BC9CEB8-8B4A-11D0-8D11-00A0C91BC942}") = "PhysXPvdSDK", "..\sdk_source_bin\PhysXPvdSDK.vcxproj", "{555815A0-5A16-3138-8184-5293CC6ACEAD}"
	ProjectSection(ProjectDependencies) = postProject
		{0F4AF026-E642-303F-9CD4-B47999ED6E0C} = {0F4AF026-E642-303F-9CD4-B47999ED6E0C}
		{CEB0AFA4-2DAF-3E34-98AD-B22AAACA0481} = {CEB0AFA4-2DAF-3E34-98AD-B22AAACA0481}
	EndProjectSection
EndProject
Project("{8BC9CEB8-8B4A-11D0-8D11-00A0C91BC942}") = "PhysXTask", "..\sdk_source_bin\PhysXTask.vcxproj", "{95E0E9CC-E412-3A09-AADA-6465D9DB9BE0}"
	ProjectSection(ProjectDependencies) = postProject
		{CEB0AFA4-2DAF-3E34-98AD-B22AAACA0481} = {CEB0AFA4-2DAF-3E34-98AD-B22AAACA0481}
	EndProjectSection
EndProject
Project("{8BC9CEB8-8B4A-11D0-8D11-00A0C91BC942}") = "PhysXVehicle", "..\sdk_source_bin\PhysXVehicle.vcxproj", "{164F0C48-CE34-3AA0-AAE1-254DF10DDC9B}"
	ProjectSection(ProjectDependencies) = postProject
		{0F4AF026-E642-303F-9CD4-B47999ED6E0C} = {0F4AF026-E642-303F-9CD4-B47999ED6E0C}
		{555815A0-5A16-3138-8184-5293CC6ACEAD} = {555815A0-5A16-3138-8184-5293CC6ACEAD}
		{CEB0AFA4-2DAF-3E34-98AD-B22AAACA0481} = {CEB0AFA4-2DAF-3E34-98AD-B22AAACA0481}
	EndProjectSection
EndProject
Project("{8BC9CEB8-8B4A-11D0-8D11-00A0C91BC942}") = "SceneQuery", "..\sdk_source_bin\SceneQuery.vcxproj", "{5B494BD9-0861-3EBE-B0B9-20F5101DDB72}"
	ProjectSection(ProjectDependencies) = postProject
		{CEB0AFA4-2DAF-3E34-98AD-B22AAACA0481} = {CEB0AFA4-2DAF-3E34-98AD-B22AAACA0481}
	EndProjectSection
EndProject
Project("{8BC9CEB8-8B4A-11D0-8D11-00A0C91BC942}") = "SimulationController", "..\sdk_source_bin\SimulationController.vcxproj", "{52BAE09C-45BB-385F-BEB3-83D8240A9A96}"
	ProjectSection(ProjectDependencies) = postProject
		{CEB0AFA4-2DAF-3E34-98AD-B22AAACA0481} = {CEB0AFA4-2DAF-3E34-98AD-B22AAACA0481}
	EndProjectSection
EndProject
Project("{8BC9CEB8-8B4A-11D0-8D11-00A0C91BC942}") = "SnippetArticulation", "SnippetArticulation.vcxproj", "{94F2AF68-76A8-361D-9CDE-5E34A16727AB}"
	ProjectSection(ProjectDependencies) = postProject
		{3733BBFA-D337-363A-B373-176948DF23FE} = {3733BBFA-D337-363A-B373-176948DF23FE}
		{0B4D7803-7D11-3B61-BC50-2E3B9DD80851} = {0B4D7803-7D11-3B61-BC50-2E3B9DD80851}
		{ACE12B35-0B20-37D8-B58B-BC111D3B8A4C} = {ACE12B35-0B20-37D8-B58B-BC111D3B8A4C}
		{CBCB2D10-FA08-370C-8B70-1D5BED29A4B8} = {CBCB2D10-FA08-370C-8B70-1D5BED29A4B8}
		{1017D8CB-7676-363C-BA84-00D2D5C1C41C} = {1017D8CB-7676-363C-BA84-00D2D5C1C41C}
		{1DF1740D-1629-31B1-832D-BE75BCE711B4} = {1DF1740D-1629-31B1-832D-BE75BCE711B4}
		{0F4AF026-E642-303F-9CD4-B47999ED6E0C} = {0F4AF026-E642-303F-9CD4-B47999ED6E0C}
		{555815A0-5A16-3138-8184-5293CC6ACEAD} = {555815A0-5A16-3138-8184-5293CC6ACEAD}
		{164F0C48-CE34-3AA0-AAE1-254DF10DDC9B} = {164F0C48-CE34-3AA0-AAE1-254DF10DDC9B}
		{D7ABCB66-6A81-3312-8646-D61A6708D2A5} = {D7ABCB66-6A81-3312-8646-D61A6708D2A5}
		{F77C86FB-2C00-389C-A28D-134D9C742CA2} = {F77C86FB-2C00-389C-A28D-134D9C742CA2}
		{CEB0AFA4-2DAF-3E34-98AD-B22AAACA0481} = {CEB0AFA4-2DAF-3E34-98AD-B22AAACA0481}
	EndProjectSection
EndProject
Project("{8BC9CEB8-8B4A-11D0-8D11-00A0C91BC942}") = "SnippetBVHStructure", "SnippetBVHStructure.vcxproj", "{7BBA4BDB-A53D-3CCB-BDA2-6401678CE1DA}"
	ProjectSection(ProjectDependencies) = postProject
		{3733BBFA-D337-363A-B373-176948DF23FE} = {3733BBFA-D337-363A-B373-176948DF23FE}
		{0B4D7803-7D11-3B61-BC50-2E3B9DD80851} = {0B4D7803-7D11-3B61-BC50-2E3B9DD80851}
		{ACE12B35-0B20-37D8-B58B-BC111D3B8A4C} = {ACE12B35-0B20-37D8-B58B-BC111D3B8A4C}
		{CBCB2D10-FA08-370C-8B70-1D5BED29A4B8} = {CBCB2D10-FA08-370C-8B70-1D5BED29A4B8}
		{1017D8CB-7676-363C-BA84-00D2D5C1C41C} = {1017D8CB-7676-363C-BA84-00D2D5C1C41C}
		{1DF1740D-1629-31B1-832D-BE75BCE711B4} = {1DF1740D-1629-31B1-832D-BE75BCE711B4}
		{0F4AF026-E642-303F-9CD4-B47999ED6E0C} = {0F4AF026-E642-303F-9CD4-B47999ED6E0C}
		{555815A0-5A16-3138-8184-5293CC6ACEAD} = {555815A0-5A16-3138-8184-5293CC6ACEAD}
		{164F0C48-CE34-3AA0-AAE1-254DF10DDC9B} = {164F0C48-CE34-3AA0-AAE1-254DF10DDC9B}
		{D7ABCB66-6A81-3312-8646-D61A6708D2A5} = {D7ABCB66-6A81-3312-8646-D61A6708D2A5}
		{F77C86FB-2C00-389C-A28D-134D9C742CA2} = {F77C86FB-2C00-389C-A28D-134D9C742CA2}
		{CEB0AFA4-2DAF-3E34-98AD-B22AAACA0481} = {CEB0AFA4-2DAF-3E34-98AD-B22AAACA0481}
	EndProjectSection
EndProject
Project("{8BC9CEB8-8B4A-11D0-8D11-00A0C91BC942}") = "SnippetContactModification", "SnippetContactModification.vcxproj", "{4F298745-D1D1-3629-8423-07D5C0ECCA0A}"
	ProjectSection(ProjectDependencies) = postProject
		{3733BBFA-D337-363A-B373-176948DF23FE} = {3733BBFA-D337-363A-B373-176948DF23FE}
		{0B4D7803-7D11-3B61-BC50-2E3B9DD80851} = {0B4D7803-7D11-3B61-BC50-2E3B9DD80851}
		{ACE12B35-0B20-37D8-B58B-BC111D3B8A4C} = {ACE12B35-0B20-37D8-B58B-BC111D3B8A4C}
		{CBCB2D10-FA08-370C-8B70-1D5BED29A4B8} = {CBCB2D10-FA08-370C-8B70-1D5BED29A4B8}
		{1017D8CB-7676-363C-BA84-00D2D5C1C41C} = {1017D8CB-7676-363C-BA84-00D2D5C1C41C}
		{1DF1740D-1629-31B1-832D-BE75BCE711B4} = {1DF1740D-1629-31B1-832D-BE75BCE711B4}
		{0F4AF026-E642-303F-9CD4-B47999ED6E0C} = {0F4AF026-E642-303F-9CD4-B47999ED6E0C}
		{555815A0-5A16-3138-8184-5293CC6ACEAD} = {555815A0-5A16-3138-8184-5293CC6ACEAD}
		{164F0C48-CE34-3AA0-AAE1-254DF10DDC9B} = {164F0C48-CE34-3AA0-AAE1-254DF10DDC9B}
		{D7ABCB66-6A81-3312-8646-D61A6708D2A5} = {D7ABCB66-6A81-3312-8646-D61A6708D2A5}
		{F77C86FB-2C00-389C-A28D-134D9C742CA2} = {F77C86FB-2C00-389C-A28D-134D9C742CA2}
		{CEB0AFA4-2DAF-3E34-98AD-B22AAACA0481} = {CEB0AFA4-2DAF-3E34-98AD-B22AAACA0481}
	EndProjectSection
EndProject
Project("{8BC9CEB8-8B4A-11D0-8D11-00A0C91BC942}") = "SnippetContactReport", "SnippetContactReport.vcxproj", "{2650DC21-596B-3DA7-8870-98E4407A6DCC}"
	ProjectSection(ProjectDependencies) = postProject
		{3733BBFA-D337-363A-B373-176948DF23FE} = {3733BBFA-D337-363A-B373-176948DF23FE}
		{0B4D7803-7D11-3B61-BC50-2E3B9DD80851} = {0B4D7803-7D11-3B61-BC50-2E3B9DD80851}
		{ACE12B35-0B20-37D8-B58B-BC111D3B8A4C} = {ACE12B35-0B20-37D8-B58B-BC111D3B8A4C}
		{CBCB2D10-FA08-370C-8B70-1D5BED29A4B8} = {CBCB2D10-FA08-370C-8B70-1D5BED29A4B8}
		{1017D8CB-7676-363C-BA84-00D2D5C1C41C} = {1017D8CB-7676-363C-BA84-00D2D5C1C41C}
		{1DF1740D-1629-31B1-832D-BE75BCE711B4} = {1DF1740D-1629-31B1-832D-BE75BCE711B4}
		{0F4AF026-E642-303F-9CD4-B47999ED6E0C} = {0F4AF026-E642-303F-9CD4-B47999ED6E0C}
		{555815A0-5A16-3138-8184-5293CC6ACEAD} = {555815A0-5A16-3138-8184-5293CC6ACEAD}
		{164F0C48-CE34-3AA0-AAE1-254DF10DDC9B} = {164F0C48-CE34-3AA0-AAE1-254DF10DDC9B}
		{D7ABCB66-6A81-3312-8646-D61A6708D2A5} = {D7ABCB66-6A81-3312-8646-D61A6708D2A5}
		{F77C86FB-2C00-389C-A28D-134D9C742CA2} = {F77C86FB-2C00-389C-A28D-134D9C742CA2}
		{CEB0AFA4-2DAF-3E34-98AD-B22AAACA0481} = {CEB0AFA4-2DAF-3E34-98AD-B22AAACA0481}
	EndProjectSection
EndProject
Project("{8BC9CEB8-8B4A-11D0-8D11-00A0C91BC942}") = "SnippetContactReportCCD", "SnippetContactReportCCD.vcxproj", "{0532D431-42E6-37B3-A845-0CB9ABE640C8}"
	ProjectSection(ProjectDependencies) = postProject
		{3733BBFA-D337-363A-B373-176948DF23FE} = {3733BBFA-D337-363A-B373-176948DF23FE}
		{0B4D7803-7D11-3B61-BC50-2E3B9DD80851} = {0B4D7803-7D11-3B61-BC50-2E3B9DD80851}
		{ACE12B35-0B20-37D8-B58B-BC111D3B8A4C} = {ACE12B35-0B20-37D8-B58B-BC111D3B8A4C}
		{CBCB2D10-FA08-370C-8B70-1D5BED29A4B8} = {CBCB2D10-FA08-370C-8B70-1D5BED29A4B8}
		{1017D8CB-7676-363C-BA84-00D2D5C1C41C} = {1017D8CB-7676-363C-BA84-00D2D5C1C41C}
		{1DF1740D-1629-31B1-832D-BE75BCE711B4} = {1DF1740D-1629-31B1-832D-BE75BCE711B4}
		{0F4AF026-E642-303F-9CD4-B47999ED6E0C} = {0F4AF026-E642-303F-9CD4-B47999ED6E0C}
		{555815A0-5A16-3138-8184-5293CC6ACEAD} = {555815A0-5A16-3138-8184-5293CC6ACEAD}
		{164F0C48-CE34-3AA0-AAE1-254DF10DDC9B} = {164F0C48-CE34-3AA0-AAE1-254DF10DDC9B}
		{D7ABCB66-6A81-3312-8646-D61A6708D2A5} = {D7ABCB66-6A81-3312-8646-D61A6708D2A5}
		{F77C86FB-2C00-389C-A28D-134D9C742CA2} = {F77C86FB-2C00-389C-A28D-134D9C742CA2}
		{CEB0AFA4-2DAF-3E34-98AD-B22AAACA0481} = {CEB0AFA4-2DAF-3E34-98AD-B22AAACA0481}
	EndProjectSection
EndProject
Project("{8BC9CEB8-8B4A-11D0-8D11-00A0C91BC942}") = "SnippetConvert", "SnippetConvert.vcxproj", "{52C3CCFE-6E02-37ED-AE77-52220F9A425A}"
	ProjectSection(ProjectDependencies) = postProject
		{3733BBFA-D337-363A-B373-176948DF23FE} = {3733BBFA-D337-363A-B373-176948DF23FE}
		{0B4D7803-7D11-3B61-BC50-2E3B9DD80851} = {0B4D7803-7D11-3B61-BC50-2E3B9DD80851}
		{ACE12B35-0B20-37D8-B58B-BC111D3B8A4C} = {ACE12B35-0B20-37D8-B58B-BC111D3B8A4C}
		{CBCB2D10-FA08-370C-8B70-1D5BED29A4B8} = {CBCB2D10-FA08-370C-8B70-1D5BED29A4B8}
		{1017D8CB-7676-363C-BA84-00D2D5C1C41C} = {1017D8CB-7676-363C-BA84-00D2D5C1C41C}
		{1DF1740D-1629-31B1-832D-BE75BCE711B4} = {1DF1740D-1629-31B1-832D-BE75BCE711B4}
		{0F4AF026-E642-303F-9CD4-B47999ED6E0C} = {0F4AF026-E642-303F-9CD4-B47999ED6E0C}
		{555815A0-5A16-3138-8184-5293CC6ACEAD} = {555815A0-5A16-3138-8184-5293CC6ACEAD}
		{164F0C48-CE34-3AA0-AAE1-254DF10DDC9B} = {164F0C48-CE34-3AA0-AAE1-254DF10DDC9B}
		{D7ABCB66-6A81-3312-8646-D61A6708D2A5} = {D7ABCB66-6A81-3312-8646-D61A6708D2A5}
		{F77C86FB-2C00-389C-A28D-134D9C742CA2} = {F77C86FB-2C00-389C-A28D-134D9C742CA2}
		{CEB0AFA4-2DAF-3E34-98AD-B22AAACA0481} = {CEB0AFA4-2DAF-3E34-98AD-B22AAACA0481}
	EndProjectSection
EndProject
Project("{8BC9CEB8-8B4A-11D0-8D11-00A0C91BC942}") = "SnippetConvexMeshCreate", "SnippetConvexMeshCreate.vcxproj", "{2E5D2C81-5ED0-384D-800A-24CFEF5E2E6A}"
	ProjectSection(ProjectDependencies) = postProject
		{3733BBFA-D337-363A-B373-176948DF23FE} = {3733BBFA-D337-363A-B373-176948DF23FE}
		{0B4D7803-7D11-3B61-BC50-2E3B9DD80851} = {0B4D7803-7D11-3B61-BC50-2E3B9DD80851}
		{ACE12B35-0B20-37D8-B58B-BC111D3B8A4C} = {ACE12B35-0B20-37D8-B58B-BC111D3B8A4C}
		{CBCB2D10-FA08-370C-8B70-1D5BED29A4B8} = {CBCB2D10-FA08-370C-8B70-1D5BED29A4B8}
		{1017D8CB-7676-363C-BA84-00D2D5C1C41C} = {1017D8CB-7676-363C-BA84-00D2D5C1C41C}
		{1DF1740D-1629-31B1-832D-BE75BCE711B4} = {1DF1740D-1629-31B1-832D-BE75BCE711B4}
		{0F4AF026-E642-303F-9CD4-B47999ED6E0C} = {0F4AF026-E642-303F-9CD4-B47999ED6E0C}
		{555815A0-5A16-3138-8184-5293CC6ACEAD} = {555815A0-5A16-3138-8184-5293CC6ACEAD}
		{164F0C48-CE34-3AA0-AAE1-254DF10DDC9B} = {164F0C48-CE34-3AA0-AAE1-254DF10DDC9B}
		{D7ABCB66-6A81-3312-8646-D61A6708D2A5} = {D7ABCB66-6A81-3312-8646-D61A6708D2A5}
		{F77C86FB-2C00-389C-A28D-134D9C742CA2} = {F77C86FB-2C00-389C-A28D-134D9C742CA2}
		{CEB0AFA4-2DAF-3E34-98AD-B22AAACA0481} = {CEB0AFA4-2DAF-3E34-98AD-B22AAACA0481}
	EndProjectSection
EndProject
Project("{8BC9CEB8-8B4A-11D0-8D11-00A0C91BC942}") = "SnippetCustomJoint", "SnippetCustomJoint.vcxproj", "{81433EFD-97A0-3890-AA32-E77183696276}"
	ProjectSection(ProjectDependencies) = postProject
		{3733BBFA-D337-363A-B373-176948DF23FE} = {3733BBFA-D337-363A-B373-176948DF23FE}
		{0B4D7803-7D11-3B61-BC50-2E3B9DD80851} = {0B4D7803-7D11-3B61-BC50-2E3B9DD80851}
		{ACE12B35-0B20-37D8-B58B-BC111D3B8A4C} = {ACE12B35-0B20-37D8-B58B-BC111D3B8A4C}
		{CBCB2D10-FA08-370C-8B70-1D5BED29A4B8} = {CBCB2D10-FA08-370C-8B70-1D5BED29A4B8}
		{1017D8CB-7676-363C-BA84-00D2D5C1C41C} = {1017D8CB-7676-363C-BA84-00D2D5C1C41C}
		{1DF1740D-1629-31B1-832D-BE75BCE711B4} = {1DF1740D-1629-31B1-832D-BE75BCE711B4}
		{0F4AF026-E642-303F-9CD4-B47999ED6E0C} = {0F4AF026-E642-303F-9CD4-B47999ED6E0C}
		{555815A0-5A16-3138-8184-5293CC6ACEAD} = {555815A0-5A16-3138-8184-5293CC6ACEAD}
		{164F0C48-CE34-3AA0-AAE1-254DF10DDC9B} = {164F0C48-CE34-3AA0-AAE1-254DF10DDC9B}
		{D7ABCB66-6A81-3312-8646-D61A6708D2A5} = {D7ABCB66-6A81-3312-8646-D61A6708D2A5}
		{F77C86FB-2C00-389C-A28D-134D9C742CA2} = {F77C86FB-2C00-389C-A28D-134D9C742CA2}
		{CEB0AFA4-2DAF-3E34-98AD-B22AAACA0481} = {CEB0AFA4-2DAF-3E34-98AD-B22AAACA0481}
	EndProjectSection
EndProject
Project("{8BC9CEB8-8B4A-11D0-8D11-00A0C91BC942}") = "SnippetCustomProfiler", "SnippetCustomProfiler.vcxproj", "{3381E46B-F30C-33E8-A7D0-7FACC93CFE37}"
	ProjectSection(ProjectDependencies) = postProject
		{3733BBFA-D337-363A-B373-176948DF23FE} = {3733BBFA-D337-363A-B373-176948DF23FE}
		{0B4D7803-7D11-3B61-BC50-2E3B9DD80851} = {0B4D7803-7D11-3B61-BC50-2E3B9DD80851}
		{ACE12B35-0B20-37D8-B58B-BC111D3B8A4C} = {ACE12B35-0B20-37D8-B58B-BC111D3B8A4C}
		{CBCB2D10-FA08-370C-8B70-1D5BED29A4B8} = {CBCB2D10-FA08-370C-8B70-1D5BED29A4B8}
		{1017D8CB-7676-363C-BA84-00D2D5C1C41C} = {1017D8CB-7676-363C-BA84-00D2D5C1C41C}
		{1DF1740D-1629-31B1-832D-BE75BCE711B4} = {1DF1740D-1629-31B1-832D-BE75BCE711B4}
		{0F4AF026-E642-303F-9CD4-B47999ED6E0C} = {0F4AF026-E642-303F-9CD4-B47999ED6E0C}
		{555815A0-5A16-3138-8184-5293CC6ACEAD} = {555815A0-5A16-3138-8184-5293CC6ACEAD}
		{164F0C48-CE34-3AA0-AAE1-254DF10DDC9B} = {164F0C48-CE34-3AA0-AAE1-254DF10DDC9B}
		{D7ABCB66-6A81-3312-8646-D61A6708D2A5} = {D7ABCB66-6A81-3312-8646-D61A6708D2A5}
		{F77C86FB-2C00-389C-A28D-134D9C742CA2} = {F77C86FB-2C00-389C-A28D-134D9C742CA2}
		{CEB0AFA4-2DAF-3E34-98AD-B22AAACA0481} = {CEB0AFA4-2DAF-3E34-98AD-B22AAACA0481}
	EndProjectSection
EndProject
Project("{8BC9CEB8-8B4A-11D0-8D11-00A0C91BC942}") = "SnippetDeformableMesh", "SnippetDeformableMesh.vcxproj", "{2E571DB0-10D0-333D-BF26-4BA9F41B2ED6}"
	ProjectSection(ProjectDependencies) = postProject
		{3733BBFA-D337-363A-B373-176948DF23FE} = {3733BBFA-D337-363A-B373-176948DF23FE}
		{0B4D7803-7D11-3B61-BC50-2E3B9DD80851} = {0B4D7803-7D11-3B61-BC50-2E3B9DD80851}
		{ACE12B35-0B20-37D8-B58B-BC111D3B8A4C} = {ACE12B35-0B20-37D8-B58B-BC111D3B8A4C}
		{CBCB2D10-FA08-370C-8B70-1D5BED29A4B8} = {CBCB2D10-FA08-370C-8B70-1D5BED29A4B8}
		{1017D8CB-7676-363C-BA84-00D2D5C1C41C} = {1017D8CB-7676-363C-BA84-00D2D5C1C41C}
		{1DF1740D-1629-31B1-832D-BE75BCE711B4} = {1DF1740D-1629-31B1-832D-BE75BCE711B4}
		{0F4AF026-E642-303F-9CD4-B47999ED6E0C} = {0F4AF026-E642-303F-9CD4-B47999ED6E0C}
		{555815A0-5A16-3138-8184-5293CC6ACEAD} = {555815A0-5A16-3138-8184-5293CC6ACEAD}
		{164F0C48-CE34-3AA0-AAE1-254DF10DDC9B} = {164F0C48-CE34-3AA0-AAE1-254DF10DDC9B}
		{D7ABCB66-6A81-3312-8646-D61A6708D2A5} = {D7ABCB66-6A81-3312-8646-D61A6708D2A5}
		{F77C86FB-2C00-389C-A28D-134D9C742CA2} = {F77C86FB-2C00-389C-A28D-134D9C742CA2}
		{CEB0AFA4-2DAF-3E34-98AD-B22AAACA0481} = {CEB0AFA4-2DAF-3E34-98AD-B22AAACA0481}
	EndProjectSection
EndProject
Project("{8BC9CEB8-8B4A-11D0-8D11-00A0C91BC942}") = "SnippetDelayLoadHook", "SnippetDelayLoadHook.vcxproj", "{7B7E4DCB-A47D-3ED1-82A9-195B407B3CD7}"
	ProjectSection(ProjectDependencies) = postProject
		{3733BBFA-D337-363A-B373-176948DF23FE} = {3733BBFA-D337-363A-B373-176948DF23FE}
		{0B4D7803-7D11-3B61-BC50-2E3B9DD80851} = {0B4D7803-7D11-3B61-BC50-2E3B9DD80851}
		{ACE12B35-0B20-37D8-B58B-BC111D3B8A4C} = {ACE12B35-0B20-37D8-B58B-BC111D3B8A4C}
		{CBCB2D10-FA08-370C-8B70-1D5BED29A4B8} = {CBCB2D10-FA08-370C-8B70-1D5BED29A4B8}
		{1017D8CB-7676-363C-BA84-00D2D5C1C41C} = {1017D8CB-7676-363C-BA84-00D2D5C1C41C}
		{1DF1740D-1629-31B1-832D-BE75BCE711B4} = {1DF1740D-1629-31B1-832D-BE75BCE711B4}
		{0F4AF026-E642-303F-9CD4-B47999ED6E0C} = {0F4AF026-E642-303F-9CD4-B47999ED6E0C}
		{555815A0-5A16-3138-8184-5293CC6ACEAD} = {555815A0-5A16-3138-8184-5293CC6ACEAD}
		{164F0C48-CE34-3AA0-AAE1-254DF10DDC9B} = {164F0C48-CE34-3AA0-AAE1-254DF10DDC9B}
		{D7ABCB66-6A81-3312-8646-D61A6708D2A5} = {D7ABCB66-6A81-3312-8646-D61A6708D2A5}
		{F77C86FB-2C00-389C-A28D-134D9C742CA2} = {F77C86FB-2C00-389C-A28D-134D9C742CA2}
		{CEB0AFA4-2DAF-3E34-98AD-B22AAACA0481} = {CEB0AFA4-2DAF-3E34-98AD-B22AAACA0481}
	EndProjectSection
EndProject
Project("{8BC9CEB8-8B4A-11D0-8D11-00A0C91BC942}") = "SnippetHelloGRB", "SnippetHelloGRB.vcxproj", "{629B8AA6-1267-327F-B87D-B23291648373}"
	ProjectSection(ProjectDependencies) = postProject
		{3733BBFA-D337-363A-B373-176948DF23FE} = {3733BBFA-D337-363A-B373-176948DF23FE}
		{0B4D7803-7D11-3B61-BC50-2E3B9DD80851} = {0B4D7803-7D11-3B61-BC50-2E3B9DD80851}
		{ACE12B35-0B20-37D8-B58B-BC111D3B8A4C} = {ACE12B35-0B20-37D8-B58B-BC111D3B8A4C}
		{CBCB2D10-FA08-370C-8B70-1D5BED29A4B8} = {CBCB2D10-FA08-370C-8B70-1D5BED29A4B8}
		{1017D8CB-7676-363C-BA84-00D2D5C1C41C} = {1017D8CB-7676-363C-BA84-00D2D5C1C41C}
		{1DF1740D-1629-31B1-832D-BE75BCE711B4} = {1DF1740D-1629-31B1-832D-BE75BCE711B4}
		{0F4AF026-E642-303F-9CD4-B47999ED6E0C} = {0F4AF026-E642-303F-9CD4-B47999ED6E0C}
		{555815A0-5A16-3138-8184-5293CC6ACEAD} = {555815A0-5A16-3138-8184-5293CC6ACEAD}
		{164F0C48-CE34-3AA0-AAE1-254DF10DDC9B} = {164F0C48-CE34-3AA0-AAE1-254DF10DDC9B}
		{D7ABCB66-6A81-3312-8646-D61A6708D2A5} = {D7ABCB66-6A81-3312-8646-D61A6708D2A5}
		{F77C86FB-2C00-389C-A28D-134D9C742CA2} = {F77C86FB-2C00-389C-A28D-134D9C742CA2}
		{CEB0AFA4-2DAF-3E34-98AD-B22AAACA0481} = {CEB0AFA4-2DAF-3E34-98AD-B22AAACA0481}
	EndProjectSection
EndProject
Project("{8BC9CEB8-8B4A-11D0-8D11-00A0C91BC942}") = "SnippetHelloWorld", "SnippetHelloWorld.vcxproj", "{3CACD583-2F73-361D-9686-B86B614F29D7}"
	ProjectSection(ProjectDependencies) = postProject
		{3733BBFA-D337-363A-B373-176948DF23FE} = {3733BBFA-D337-363A-B373-176948DF23FE}
		{0B4D7803-7D11-3B61-BC50-2E3B9DD80851} = {0B4D7803-7D11-3B61-BC50-2E3B9DD80851}
		{ACE12B35-0B20-37D8-B58B-BC111D3B8A4C} = {ACE12B35-0B20-37D8-B58B-BC111D3B8A4C}
		{CBCB2D10-FA08-370C-8B70-1D5BED29A4B8} = {CBCB2D10-FA08-370C-8B70-1D5BED29A4B8}
		{1017D8CB-7676-363C-BA84-00D2D5C1C41C} = {1017D8CB-7676-363C-BA84-00D2D5C1C41C}
		{1DF1740D-1629-31B1-832D-BE75BCE711B4} = {1DF1740D-1629-31B1-832D-BE75BCE711B4}
		{0F4AF026-E642-303F-9CD4-B47999ED6E0C} = {0F4AF026-E642-303F-9CD4-B47999ED6E0C}
		{555815A0-5A16-3138-8184-5293CC6ACEAD} = {555815A0-5A16-3138-8184-5293CC6ACEAD}
		{164F0C48-CE34-3AA0-AAE1-254DF10DDC9B} = {164F0C48-CE34-3AA0-AAE1-254DF10DDC9B}
		{D7ABCB66-6A81-3312-8646-D61A6708D2A5} = {D7ABCB66-6A81-3312-8646-D61A6708D2A5}
		{F77C86FB-2C00-389C-A28D-134D9C742CA2} = {F77C86FB-2C00-389C-A28D-134D9C742CA2}
		{CEB0AFA4-2DAF-3E34-98AD-B22AAACA0481} = {CEB0AFA4-2DAF-3E34-98AD-B22AAACA0481}
	EndProjectSection
EndProject
Project("{8BC9CEB8-8B4A-11D0-8D11-00A0C91BC942}") = "SnippetImmediateMode", "SnippetImmediateMode.vcxproj", "{41CD3E1F-12AC-393D-A3F7-D535D67B4039}"
	ProjectSection(ProjectDependencies) = postProject
		{3733BBFA-D337-363A-B373-176948DF23FE} = {3733BBFA-D337-363A-B373-176948DF23FE}
		{0B4D7803-7D11-3B61-BC50-2E3B9DD80851} = {0B4D7803-7D11-3B61-BC50-2E3B9DD80851}
		{ACE12B35-0B20-37D8-B58B-BC111D3B8A4C} = {ACE12B35-0B20-37D8-B58B-BC111D3B8A4C}
		{CBCB2D10-FA08-370C-8B70-1D5BED29A4B8} = {CBCB2D10-FA08-370C-8B70-1D5BED29A4B8}
		{1017D8CB-7676-363C-BA84-00D2D5C1C41C} = {1017D8CB-7676-363C-BA84-00D2D5C1C41C}
		{1DF1740D-1629-31B1-832D-BE75BCE711B4} = {1DF1740D-1629-31B1-832D-BE75BCE711B4}
		{0F4AF026-E642-303F-9CD4-B47999ED6E0C} = {0F4AF026-E642-303F-9CD4-B47999ED6E0C}
		{555815A0-5A16-3138-8184-5293CC6ACEAD} = {555815A0-5A16-3138-8184-5293CC6ACEAD}
		{164F0C48-CE34-3AA0-AAE1-254DF10DDC9B} = {164F0C48-CE34-3AA0-AAE1-254DF10DDC9B}
		{D7ABCB66-6A81-3312-8646-D61A6708D2A5} = {D7ABCB66-6A81-3312-8646-D61A6708D2A5}
		{F77C86FB-2C00-389C-A28D-134D9C742CA2} = {F77C86FB-2C00-389C-A28D-134D9C742CA2}
		{CEB0AFA4-2DAF-3E34-98AD-B22AAACA0481} = {CEB0AFA4-2DAF-3E34-98AD-B22AAACA0481}
	EndProjectSection
EndProject
Project("{8BC9CEB8-8B4A-11D0-8D11-00A0C91BC942}") = "SnippetJoint", "SnippetJoint.vcxproj", "{AB06C457-915D-3C13-89BE-4019D95CF046}"
	ProjectSection(ProjectDependencies) = postProject
		{3733BBFA-D337-363A-B373-176948DF23FE} = {3733BBFA-D337-363A-B373-176948DF23FE}
		{0B4D7803-7D11-3B61-BC50-2E3B9DD80851} = {0B4D7803-7D11-3B61-BC50-2E3B9DD80851}
		{ACE12B35-0B20-37D8-B58B-BC111D3B8A4C} = {ACE12B35-0B20-37D8-B58B-BC111D3B8A4C}
		{CBCB2D10-FA08-370C-8B70-1D5BED29A4B8} = {CBCB2D10-FA08-370C-8B70-1D5BED29A4B8}
		{1017D8CB-7676-363C-BA84-00D2D5C1C41C} = {1017D8CB-7676-363C-BA84-00D2D5C1C41C}
		{1DF1740D-1629-31B1-832D-BE75BCE711B4} = {1DF1740D-1629-31B1-832D-BE75BCE711B4}
		{0F4AF026-E642-303F-9CD4-B47999ED6E0C} = {0F4AF026-E642-303F-9CD4-B47999ED6E0C}
		{555815A0-5A16-3138-8184-5293CC6ACEAD} = {555815A0-5A16-3138-8184-5293CC6ACEAD}
		{164F0C48-CE34-3AA0-AAE1-254DF10DDC9B} = {164F0C48-CE34-3AA0-AAE1-254DF10DDC9B}
		{D7ABCB66-6A81-3312-8646-D61A6708D2A5} = {D7ABCB66-6A81-3312-8646-D61A6708D2A5}
		{F77C86FB-2C00-389C-A28D-134D9C742CA2} = {F77C86FB-2C00-389C-A28D-134D9C742CA2}
		{CEB0AFA4-2DAF-3E34-98AD-B22AAACA0481} = {CEB0AFA4-2DAF-3E34-98AD-B22AAACA0481}
	EndProjectSection
EndProject
Project("{8BC9CEB8-8B4A-11D0-8D11-00A0C91BC942}") = "SnippetLoadCollection", "SnippetLoadCollection.vcxproj", "{9FE28EAF-17E2-3BF7-B901-0F0E200EFA58}"
	ProjectSection(ProjectDependencies) = postProject
		{3733BBFA-D337-363A-B373-176948DF23FE} = {3733BBFA-D337-363A-B373-176948DF23FE}
		{0B4D7803-7D11-3B61-BC50-2E3B9DD80851} = {0B4D7803-7D11-3B61-BC50-2E3B9DD80851}
		{ACE12B35-0B20-37D8-B58B-BC111D3B8A4C} = {ACE12B35-0B20-37D8-B58B-BC111D3B8A4C}
		{CBCB2D10-FA08-370C-8B70-1D5BED29A4B8} = {CBCB2D10-FA08-370C-8B70-1D5BED29A4B8}
		{1017D8CB-7676-363C-BA84-00D2D5C1C41C} = {1017D8CB-7676-363C-BA84-00D2D5C1C41C}
		{1DF1740D-1629-31B1-832D-BE75BCE711B4} = {1DF1740D-1629-31B1-832D-BE75BCE711B4}
		{0F4AF026-E642-303F-9CD4-B47999ED6E0C} = {0F4AF026-E642-303F-9CD4-B47999ED6E0C}
		{555815A0-5A16-3138-8184-5293CC6ACEAD} = {555815A0-5A16-3138-8184-5293CC6ACEAD}
		{164F0C48-CE34-3AA0-AAE1-254DF10DDC9B} = {164F0C48-CE34-3AA0-AAE1-254DF10DDC9B}
		{D7ABCB66-6A81-3312-8646-D61A6708D2A5} = {D7ABCB66-6A81-3312-8646-D61A6708D2A5}
		{F77C86FB-2C00-389C-A28D-134D9C742CA2} = {F77C86FB-2C00-389C-A28D-134D9C742CA2}
		{CEB0AFA4-2DAF-3E34-98AD-B22AAACA0481} = {CEB0AFA4-2DAF-3E34-98AD-B22AAACA0481}
	EndProjectSection
EndProject
Project("{8BC9CEB8-8B4A-11D0-8D11-00A0C91BC942}") = "SnippetMBP", "SnippetMBP.vcxproj", "{AA460C07-C159-31A9-9676-96676A7A8679}"
	ProjectSection(ProjectDependencies) = postProject
		{3733BBFA-D337-363A-B373-176948DF23FE} = {3733BBFA-D337-363A-B373-176948DF23FE}
		{0B4D7803-7D11-3B61-BC50-2E3B9DD80851} = {0B4D7803-7D11-3B61-BC50-2E3B9DD80851}
		{ACE12B35-0B20-37D8-B58B-BC111D3B8A4C} = {ACE12B35-0B20-37D8-B58B-BC111D3B8A4C}
		{CBCB2D10-FA08-370C-8B70-1D5BED29A4B8} = {CBCB2D10-FA08-370C-8B70-1D5BED29A4B8}
		{1017D8CB-7676-363C-BA84-00D2D5C1C41C} = {1017D8CB-7676-363C-BA84-00D2D5C1C41C}
		{1DF1740D-1629-31B1-832D-BE75BCE711B4} = {1DF1740D-1629-31B1-832D-BE75BCE711B4}
		{0F4AF026-E642-303F-9CD4-B47999ED6E0C} = {0F4AF026-E642-303F-9CD4-B47999ED6E0C}
		{555815A0-5A16-3138-8184-5293CC6ACEAD} = {555815A0-5A16-3138-8184-5293CC6ACEAD}
		{164F0C48-CE34-3AA0-AAE1-254DF10DDC9B} = {164F0C48-CE34-3AA0-AAE1-254DF10DDC9B}
		{D7ABCB66-6A81-3312-8646-D61A6708D2A5} = {D7ABCB66-6A81-3312-8646-D61A6708D2A5}
		{F77C86FB-2C00-389C-A28D-134D9C742CA2} = {F77C86FB-2C00-389C-A28D-134D9C742CA2}
		{CEB0AFA4-2DAF-3E34-98AD-B22AAACA0481} = {CEB0AFA4-2DAF-3E34-98AD-B22AAACA0481}
	EndProjectSection
EndProject
Project("{8BC9CEB8-8B4A-11D0-8D11-00A0C91BC942}") = "SnippetMultiThreading", "SnippetMultiThreading.vcxproj", "{EF6A23BF-3650-3438-954D-F6B0BD2CDEB1}"
	ProjectSection(ProjectDependencies) = postProject
		{3733BBFA-D337-363A-B373-176948DF23FE} = {3733BBFA-D337-363A-B373-176948DF23FE}
		{0B4D7803-7D11-3B61-BC50-2E3B9DD80851} = {0B4D7803-7D11-3B61-BC50-2E3B9DD80851}
		{ACE12B35-0B20-37D8-B58B-BC111D3B8A4C} = {ACE12B35-0B20-37D8-B58B-BC111D3B8A4C}
		{CBCB2D10-FA08-370C-8B70-1D5BED29A4B8} = {CBCB2D10-FA08-370C-8B70-1D5BED29A4B8}
		{1017D8CB-7676-363C-BA84-00D2D5C1C41C} = {1017D8CB-7676-363C-BA84-00D2D5C1C41C}
		{1DF1740D-1629-31B1-832D-BE75BCE711B4} = {1DF1740D-1629-31B1-832D-BE75BCE711B4}
		{0F4AF026-E642-303F-9CD4-B47999ED6E0C} = {0F4AF026-E642-303F-9CD4-B47999ED6E0C}
		{555815A0-5A16-3138-8184-5293CC6ACEAD} = {555815A0-5A16-3138-8184-5293CC6ACEAD}
		{164F0C48-CE34-3AA0-AAE1-254DF10DDC9B} = {164F0C48-CE34-3AA0-AAE1-254DF10DDC9B}
		{D7ABCB66-6A81-3312-8646-D61A6708D2A5} = {D7ABCB66-6A81-3312-8646-D61A6708D2A5}
		{F77C86FB-2C00-389C-A28D-134D9C742CA2} = {F77C86FB-2C00-389C-A28D-134D9C742CA2}
		{CEB0AFA4-2DAF-3E34-98AD-B22AAACA0481} = {CEB0AFA4-2DAF-3E34-98AD-B22AAACA0481}
	EndProjectSection
EndProject
Project("{8BC9CEB8-8B4A-11D0-8D11-00A0C91BC942}") = "SnippetNestedScene", "SnippetNestedScene.vcxproj", "{3C94D290-8C6A-3640-A90C-D696E8B06813}"
	ProjectSection(ProjectDependencies) = postProject
		{3733BBFA-D337-363A-B373-176948DF23FE} = {3733BBFA-D337-363A-B373-176948DF23FE}
		{0B4D7803-7D11-3B61-BC50-2E3B9DD80851} = {0B4D7803-7D11-3B61-BC50-2E3B9DD80851}
		{ACE12B35-0B20-37D8-B58B-BC111D3B8A4C} = {ACE12B35-0B20-37D8-B58B-BC111D3B8A4C}
		{CBCB2D10-FA08-370C-8B70-1D5BED29A4B8} = {CBCB2D10-FA08-370C-8B70-1D5BED29A4B8}
		{1017D8CB-7676-363C-BA84-00D2D5C1C41C} = {1017D8CB-7676-363C-BA84-00D2D5C1C41C}
		{1DF1740D-1629-31B1-832D-BE75BCE711B4} = {1DF1740D-1629-31B1-832D-BE75BCE711B4}
		{0F4AF026-E642-303F-9CD4-B47999ED6E0C} = {0F4AF026-E642-303F-9CD4-B47999ED6E0C}
		{555815A0-5A16-3138-8184-5293CC6ACEAD} = {555815A0-5A16-3138-8184-5293CC6ACEAD}
		{95E0E9CC-E412-3A09-AADA-6465D9DB9BE0} = {95E0E9CC-E412-3A09-AADA-6465D9DB9BE0}
		{164F0C48-CE34-3AA0-AAE1-254DF10DDC9B} = {164F0C48-CE34-3AA0-AAE1-254DF10DDC9B}
		{D7ABCB66-6A81-3312-8646-D61A6708D2A5} = {D7ABCB66-6A81-3312-8646-D61A6708D2A5}
		{F77C86FB-2C00-389C-A28D-134D9C742CA2} = {F77C86FB-2C00-389C-A28D-134D9C742CA2}
		{CEB0AFA4-2DAF-3E34-98AD-B22AAACA0481} = {CEB0AFA4-2DAF-3E34-98AD-B22AAACA0481}
	EndProjectSection
EndProject
Project("{8BC9CEB8-8B4A-11D0-8D11-00A0C91BC942}") = "SnippetPrunerSerialization", "SnippetPrunerSerialization.vcxproj", "{1E047F15-3982-3647-8472-137F8C75034D}"
	ProjectSection(ProjectDependencies) = postProject
		{3733BBFA-D337-363A-B373-176948DF23FE} = {3733BBFA-D337-363A-B373-176948DF23FE}
		{0B4D7803-7D11-3B61-BC50-2E3B9DD80851} = {0B4D7803-7D11-3B61-BC50-2E3B9DD80851}
		{ACE12B35-0B20-37D8-B58B-BC111D3B8A4C} = {ACE12B35-0B20-37D8-B58B-BC111D3B8A4C}
		{CBCB2D10-FA08-370C-8B70-1D5BED29A4B8} = {CBCB2D10-FA08-370C-8B70-1D5BED29A4B8}
		{1017D8CB-7676-363C-BA84-00D2D5C1C41C} = {1017D8CB-7676-363C-BA84-00D2D5C1C41C}
		{1DF1740D-1629-31B1-832D-BE75BCE711B4} = {1DF1740D-1629-31B1-832D-BE75BCE711B4}
		{0F4AF026-E642-303F-9CD4-B47999ED6E0C} = {0F4AF026-E642-303F-9CD4-B47999ED6E0C}
		{555815A0-5A16-3138-8184-5293CC6ACEAD} = {555815A0-5A16-3138-8184-5293CC6ACEAD}
		{164F0C48-CE34-3AA0-AAE1-254DF10DDC9B} = {164F0C48-CE34-3AA0-AAE1-254DF10DDC9B}
		{D7ABCB66-6A81-3312-8646-D61A6708D2A5} = {D7ABCB66-6A81-3312-8646-D61A6708D2A5}
		{F77C86FB-2C00-389C-A28D-134D9C742CA2} = {F77C86FB-2C00-389C-A28D-134D9C742CA2}
		{CEB0AFA4-2DAF-3E34-98AD-B22AAACA0481} = {CEB0AFA4-2DAF-3E34-98AD-B22AAACA0481}
	EndProjectSection
EndProject
Project("{8BC9CEB8-8B4A-11D0-8D11-00A0C91BC942}") = "SnippetRaycastCCD", "SnippetRaycastCCD.vcxproj", "{6888FE58-3128-3B99-92F3-A0BDD14555FE}"
	ProjectSection(ProjectDependencies) = postProject
		{3733BBFA-D337-363A-B373-176948DF23FE} = {3733BBFA-D337-363A-B373-176948DF23FE}
		{0B4D7803-7D11-3B61-BC50-2E3B9DD80851} = {0B4D7803-7D11-3B61-BC50-2E3B9DD80851}
		{ACE12B35-0B20-37D8-B58B-BC111D3B8A4C} = {ACE12B35-0B20-37D8-B58B-BC111D3B8A4C}
		{CBCB2D10-FA08-370C-8B70-1D5BED29A4B8} = {CBCB2D10-FA08-370C-8B70-1D5BED29A4B8}
		{1017D8CB-7676-363C-BA84-00D2D5C1C41C} = {1017D8CB-7676-363C-BA84-00D2D5C1C41C}
		{1DF1740D-1629-31B1-832D-BE75BCE711B4} = {1DF1740D-1629-31B1-832D-BE75BCE711B4}
		{0F4AF026-E642-303F-9CD4-B47999ED6E0C} = {0F4AF026-E642-303F-9CD4-B47999ED6E0C}
		{555815A0-5A16-3138-8184-5293CC6ACEAD} = {555815A0-5A16-3138-8184-5293CC6ACEAD}
		{164F0C48-CE34-3AA0-AAE1-254DF10DDC9B} = {164F0C48-CE34-3AA0-AAE1-254DF10DDC9B}
		{D7ABCB66-6A81-3312-8646-D61A6708D2A5} = {D7ABCB66-6A81-3312-8646-D61A6708D2A5}
		{F77C86FB-2C00-389C-A28D-134D9C742CA2} = {F77C86FB-2C00-389C-A28D-134D9C742CA2}
		{CEB0AFA4-2DAF-3E34-98AD-B22AAACA0481} = {CEB0AFA4-2DAF-3E34-98AD-B22AAACA0481}
	EndProjectSection
EndProject
Project("{8BC9CEB8-8B4A-11D0-8D11-00A0C91BC942}") = "SnippetRender", "SnippetRender.vcxproj", "{D7ABCB66-6A81-3312-8646-D61A6708D2A5}"
	ProjectSection(ProjectDependencies) = postProject
		{0F4AF026-E642-303F-9CD4-B47999ED6E0C} = {0F4AF026-E642-303F-9CD4-B47999ED6E0C}
		{CEB0AFA4-2DAF-3E34-98AD-B22AAACA0481} = {CEB0AFA4-2DAF-3E34-98AD-B22AAACA0481}
	EndProjectSection
EndProject
Project("{8BC9CEB8-8B4A-11D0-8D11-00A0C91BC942}") = "SnippetSerialization", "SnippetSerialization.vcxproj", "{ADA3E5BA-F6DC-38DA-8878-36D01ADDC168}"
	ProjectSection(ProjectDependencies) = postProject
		{3733BBFA-D337-363A-B373-176948DF23FE} = {3733BBFA-D337-363A-B373-176948DF23FE}
		{0B4D7803-7D11-3B61-BC50-2E3B9DD80851} = {0B4D7803-7D11-3B61-BC50-2E3B9DD80851}
		{ACE12B35-0B20-37D8-B58B-BC111D3B8A4C} = {ACE12B35-0B20-37D8-B58B-BC111D3B8A4C}
		{CBCB2D10-FA08-370C-8B70-1D5BED29A4B8} = {CBCB2D10-FA08-370C-8B70-1D5BED29A4B8}
		{1017D8CB-7676-363C-BA84-00D2D5C1C41C} = {1017D8CB-7676-363C-BA84-00D2D5C1C41C}
		{1DF1740D-1629-31B1-832D-BE75BCE711B4} = {1DF1740D-1629-31B1-832D-BE75BCE711B4}
		{0F4AF026-E642-303F-9CD4-B47999ED6E0C} = {0F4AF026-E642-303F-9CD4-B47999ED6E0C}
		{555815A0-5A16-3138-8184-5293CC6ACEAD} = {555815A0-5A16-3138-8184-5293CC6ACEAD}
		{164F0C48-CE34-3AA0-AAE1-254DF10DDC9B} = {164F0C48-CE34-3AA0-AAE1-254DF10DDC9B}
		{D7ABCB66-6A81-3312-8646-D61A6708D2A5} = {D7ABCB66-6A81-3312-8646-D61A6708D2A5}
		{F77C86FB-2C00-389C-A28D-134D9C742CA2} = {F77C86FB-2C00-389C-A28D-134D9C742CA2}
		{CEB0AFA4-2DAF-3E34-98AD-B22AAACA0481} = {CEB0AFA4-2DAF-3E34-98AD-B22AAACA0481}
	EndProjectSection
EndProject
Project("{8BC9CEB8-8B4A-11D0-8D11-00A0C91BC942}") = "SnippetSplitFetchResults", "SnippetSplitFetchResults.vcxproj", "{28147F7A-10E1-3A92-9F69-F86CFC81B69B}"
	ProjectSection(ProjectDependencies) = postProject
		{3733BBFA-D337-363A-B373-176948DF23FE} = {3733BBFA-D337-363A-B373-176948DF23FE}
		{0B4D7803-7D11-3B61-BC50-2E3B9DD80851} = {0B4D7803-7D11-3B61-BC50-2E3B9DD80851}
		{ACE12B35-0B20-37D8-B58B-BC111D3B8A4C} = {ACE12B35-0B20-37D8-B58B-BC111D3B8A4C}
		{CBCB2D10-FA08-370C-8B70-1D5BED29A4B8} = {CBCB2D10-FA08-370C-8B70-1D5BED29A4B8}
		{1017D8CB-7676-363C-BA84-00D2D5C1C41C} = {1017D8CB-7676-363C-BA84-00D2D5C1C41C}
		{1DF1740D-1629-31B1-832D-BE75BCE711B4} = {1DF1740D-1629-31B1-832D-BE75BCE711B4}
		{0F4AF026-E642-303F-9CD4-B47999ED6E0C} = {0F4AF026-E642-303F-9CD4-B47999ED6E0C}
		{555815A0-5A16-3138-8184-5293CC6ACEAD} = {555815A0-5A16-3138-8184-5293CC6ACEAD}
		{164F0C48-CE34-3AA0-AAE1-254DF10DDC9B} = {164F0C48-CE34-3AA0-AAE1-254DF10DDC9B}
		{D7ABCB66-6A81-3312-8646-D61A6708D2A5} = {D7ABCB66-6A81-3312-8646-D61A6708D2A5}
		{F77C86FB-2C00-389C-A28D-134D9C742CA2} = {F77C86FB-2C00-389C-A28D-134D9C742CA2}
		{CEB0AFA4-2DAF-3E34-98AD-B22AAACA0481} = {CEB0AFA4-2DAF-3E34-98AD-B22AAACA0481}
	EndProjectSection
EndProject
Project("{8BC9CEB8-8B4A-11D0-8D11-00A0C91BC942}") = "SnippetSplitSim", "SnippetSplitSim.vcxproj", "{83CF7A10-104D-31AA-B34C-13BBAD3DCA5C}"
	ProjectSection(ProjectDependencies) = postProject
		{3733BBFA-D337-363A-B373-176948DF23FE} = {3733BBFA-D337-363A-B373-176948DF23FE}
		{0B4D7803-7D11-3B61-BC50-2E3B9DD80851} = {0B4D7803-7D11-3B61-BC50-2E3B9DD80851}
		{ACE12B35-0B20-37D8-B58B-BC111D3B8A4C} = {ACE12B35-0B20-37D8-B58B-BC111D3B8A4C}
		{CBCB2D10-FA08-370C-8B70-1D5BED29A4B8} = {CBCB2D10-FA08-370C-8B70-1D5BED29A4B8}
		{1017D8CB-7676-363C-BA84-00D2D5C1C41C} = {1017D8CB-7676-363C-BA84-00D2D5C1C41C}
		{1DF1740D-1629-31B1-832D-BE75BCE711B4} = {1DF1740D-1629-31B1-832D-BE75BCE711B4}
		{0F4AF026-E642-303F-9CD4-B47999ED6E0C} = {0F4AF026-E642-303F-9CD4-B47999ED6E0C}
		{555815A0-5A16-3138-8184-5293CC6ACEAD} = {555815A0-5A16-3138-8184-5293CC6ACEAD}
		{164F0C48-CE34-3AA0-AAE1-254DF10DDC9B} = {164F0C48-CE34-3AA0-AAE1-254DF10DDC9B}
		{D7ABCB66-6A81-3312-8646-D61A6708D2A5} = {D7ABCB66-6A81-3312-8646-D61A6708D2A5}
		{F77C86FB-2C00-389C-A28D-134D9C742CA2} = {F77C86FB-2C00-389C-A28D-134D9C742CA2}
		{CEB0AFA4-2DAF-3E34-98AD-B22AAACA0481} = {CEB0AFA4-2DAF-3E34-98AD-B22AAACA0481}
	EndProjectSection
EndProject
Project("{8BC9CEB8-8B4A-11D0-8D11-00A0C91BC942}") = "SnippetStepper", "SnippetStepper.vcxproj", "{E3802E5D-07FE-3C05-AAB2-2D2C28969A84}"
	ProjectSection(ProjectDependencies) = postProject
		{3733BBFA-D337-363A-B373-176948DF23FE} = {3733BBFA-D337-363A-B373-176948DF23FE}
		{0B4D7803-7D11-3B61-BC50-2E3B9DD80851} = {0B4D7803-7D11-3B61-BC50-2E3B9DD80851}
		{ACE12B35-0B20-37D8-B58B-BC111D3B8A4C} = {ACE12B35-0B20-37D8-B58B-BC111D3B8A4C}
		{CBCB2D10-FA08-370C-8B70-1D5BED29A4B8} = {CBCB2D10-FA08-370C-8B70-1D5BED29A4B8}
		{1017D8CB-7676-363C-BA84-00D2D5C1C41C} = {1017D8CB-7676-363C-BA84-00D2D5C1C41C}
		{1DF1740D-1629-31B1-832D-BE75BCE711B4} = {1DF1740D-1629-31B1-832D-BE75BCE711B4}
		{0F4AF026-E642-303F-9CD4-B47999ED6E0C} = {0F4AF026-E642-303F-9CD4-B47999ED6E0C}
		{555815A0-5A16-3138-8184-5293CC6ACEAD} = {555815A0-5A16-3138-8184-5293CC6ACEAD}
		{164F0C48-CE34-3AA0-AAE1-254DF10DDC9B} = {164F0C48-CE34-3AA0-AAE1-254DF10DDC9B}
		{D7ABCB66-6A81-3312-8646-D61A6708D2A5} = {D7ABCB66-6A81-3312-8646-D61A6708D2A5}
		{F77C86FB-2C00-389C-A28D-134D9C742CA2} = {F77C86FB-2C00-389C-A28D-134D9C742CA2}
		{CEB0AFA4-2DAF-3E34-98AD-B22AAACA0481} = {CEB0AFA4-2DAF-3E34-98AD-B22AAACA0481}
	EndProjectSection
EndProject
Project("{8BC9CEB8-8B4A-11D0-8D11-00A0C91BC942}") = "SnippetToleranceScale", "SnippetToleranceScale.vcxproj", "{ADE283FD-49EC-3948-9D7F-EFC4FD387014}"
	ProjectSection(ProjectDependencies) = postProject
		{3733BBFA-D337-363A-B373-176948DF23FE} = {3733BBFA-D337-363A-B373-176948DF23FE}
		{0B4D7803-7D11-3B61-BC50-2E3B9DD80851} = {0B4D7803-7D11-3B61-BC50-2E3B9DD80851}
		{ACE12B35-0B20-37D8-B58B-BC111D3B8A4C} = {ACE12B35-0B20-37D8-B58B-BC111D3B8A4C}
		{CBCB2D10-FA08-370C-8B70-1D5BED29A4B8} = {CBCB2D10-FA08-370C-8B70-1D5BED29A4B8}
		{1017D8CB-7676-363C-BA84-00D2D5C1C41C} = {1017D8CB-7676-363C-BA84-00D2D5C1C41C}
		{1DF1740D-1629-31B1-832D-BE75BCE711B4} = {1DF1740D-1629-31B1-832D-BE75BCE711B4}
		{0F4AF026-E642-303F-9CD4-B47999ED6E0C} = {0F4AF026-E642-303F-9CD4-B47999ED6E0C}
		{555815A0-5A16-3138-8184-5293CC6ACEAD} = {555815A0-5A16-3138-8184-5293CC6ACEAD}
		{164F0C48-CE34-3AA0-AAE1-254DF10DDC9B} = {164F0C48-CE34-3AA0-AAE1-254DF10DDC9B}
		{D7ABCB66-6A81-3312-8646-D61A6708D2A5} = {D7ABCB66-6A81-3312-8646-D61A6708D2A5}
		{F77C86FB-2C00-389C-A28D-134D9C742CA2} = {F77C86FB-2C00-389C-A28D-134D9C742CA2}
		{CEB0AFA4-2DAF-3E34-98AD-B22AAACA0481} = {CEB0AFA4-2DAF-3E34-98AD-B22AAACA0481}
	EndProjectSection
EndProject
Project("{8BC9CEB8-8B4A-11D0-8D11-00A0C91BC942}") = "SnippetTriangleMeshCreate", "SnippetTriangleMeshCreate.vcxproj", "{0B54B2AA-4648-370B-A44E-96809551C421}"
	ProjectSection(ProjectDependencies) = postProject
		{3733BBFA-D337-363A-B373-176948DF23FE} = {3733BBFA-D337-363A-B373-176948DF23FE}
		{0B4D7803-7D11-3B61-BC50-2E3B9DD80851} = {0B4D7803-7D11-3B61-BC50-2E3B9DD80851}
		{ACE12B35-0B20-37D8-B58B-BC111D3B8A4C} = {ACE12B35-0B20-37D8-B58B-BC111D3B8A4C}
		{CBCB2D10-FA08-370C-8B70-1D5BED29A4B8} = {CBCB2D10-FA08-370C-8B70-1D5BED29A4B8}
		{1017D8CB-7676-363C-BA84-00D2D5C1C41C} = {1017D8CB-7676-363C-BA84-00D2D5C1C41C}
		{1DF1740D-1629-31B1-832D-BE75BCE711B4} = {1DF1740D-1629-31B1-832D-BE75BCE711B4}
		{0F4AF026-E642-303F-9CD4-B47999ED6E0C} = {0F4AF026-E642-303F-9CD4-B47999ED6E0C}
		{555815A0-5A16-3138-8184-5293CC6ACEAD} = {555815A0-5A16-3138-8184-5293CC6ACEAD}
		{164F0C48-CE34-3AA0-AAE1-254DF10DDC9B} = {164F0C48-CE34-3AA0-AAE1-254DF10DDC9B}
		{D7ABCB66-6A81-3312-8646-D61A6708D2A5} = {D7ABCB66-6A81-3312-8646-D61A6708D2A5}
		{F77C86FB-2C00-389C-A28D-134D9C742CA2} = {F77C86FB-2C00-389C-A28D-134D9C742CA2}
		{CEB0AFA4-2DAF-3E34-98AD-B22AAACA0481} = {CEB0AFA4-2DAF-3E34-98AD-B22AAACA0481}
	EndProjectSection
EndProject
Project("{8BC9CEB8-8B4A-11D0-8D11-00A0C91BC942}") = "SnippetUtils", "SnippetUtils.vcxproj", "{F77C86FB-2C00-389C-A28D-134D9C742CA2}"
	ProjectSection(ProjectDependencies) = postProject
		{0F4AF026-E642-303F-9CD4-B47999ED6E0C} = {0F4AF026-E642-303F-9CD4-B47999ED6E0C}
		{CEB0AFA4-2DAF-3E34-98AD-B22AAACA0481} = {CEB0AFA4-2DAF-3E34-98AD-B22AAACA0481}
	EndProjectSection
EndProject
Project("{8BC9CEB8-8B4A-11D0-8D11-00A0C91BC942}") = "SnippetVehicle4W", "SnippetVehicle4W.vcxproj", "{EB5253EC-BBC4-3EB3-AFE5-4AC1C9F6F32D}"
	ProjectSection(ProjectDependencies) = postProject
		{3733BBFA-D337-363A-B373-176948DF23FE} = {3733BBFA-D337-363A-B373-176948DF23FE}
		{0B4D7803-7D11-3B61-BC50-2E3B9DD80851} = {0B4D7803-7D11-3B61-BC50-2E3B9DD80851}
		{ACE12B35-0B20-37D8-B58B-BC111D3B8A4C} = {ACE12B35-0B20-37D8-B58B-BC111D3B8A4C}
		{CBCB2D10-FA08-370C-8B70-1D5BED29A4B8} = {CBCB2D10-FA08-370C-8B70-1D5BED29A4B8}
		{1017D8CB-7676-363C-BA84-00D2D5C1C41C} = {1017D8CB-7676-363C-BA84-00D2D5C1C41C}
		{1DF1740D-1629-31B1-832D-BE75BCE711B4} = {1DF1740D-1629-31B1-832D-BE75BCE711B4}
		{0F4AF026-E642-303F-9CD4-B47999ED6E0C} = {0F4AF026-E642-303F-9CD4-B47999ED6E0C}
		{555815A0-5A16-3138-8184-5293CC6ACEAD} = {555815A0-5A16-3138-8184-5293CC6ACEAD}
		{95E0E9CC-E412-3A09-AADA-6465D9DB9BE0} = {95E0E9CC-E412-3A09-AADA-6465D9DB9BE0}
		{164F0C48-CE34-3AA0-AAE1-254DF10DDC9B} = {164F0C48-CE34-3AA0-AAE1-254DF10DDC9B}
		{D7ABCB66-6A81-3312-8646-D61A6708D2A5} = {D7ABCB66-6A81-3312-8646-D61A6708D2A5}
		{F77C86FB-2C00-389C-A28D-134D9C742CA2} = {F77C86FB-2C00-389C-A28D-134D9C742CA2}
		{CEB0AFA4-2DAF-3E34-98AD-B22AAACA0481} = {CEB0AFA4-2DAF-3E34-98AD-B22AAACA0481}
	EndProjectSection
EndProject
Project("{8BC9CEB8-8B4A-11D0-8D11-00A0C91BC942}") = "SnippetVehicleContactMod", "SnippetVehicleContactMod.vcxproj", "{8D733786-4134-37D7-B14C-C5CEE671078F}"
	ProjectSection(ProjectDependencies) = postProject
		{3733BBFA-D337-363A-B373-176948DF23FE} = {3733BBFA-D337-363A-B373-176948DF23FE}
		{0B4D7803-7D11-3B61-BC50-2E3B9DD80851} = {0B4D7803-7D11-3B61-BC50-2E3B9DD80851}
		{ACE12B35-0B20-37D8-B58B-BC111D3B8A4C} = {ACE12B35-0B20-37D8-B58B-BC111D3B8A4C}
		{CBCB2D10-FA08-370C-8B70-1D5BED29A4B8} = {CBCB2D10-FA08-370C-8B70-1D5BED29A4B8}
		{1017D8CB-7676-363C-BA84-00D2D5C1C41C} = {1017D8CB-7676-363C-BA84-00D2D5C1C41C}
		{1DF1740D-1629-31B1-832D-BE75BCE711B4} = {1DF1740D-1629-31B1-832D-BE75BCE711B4}
		{0F4AF026-E642-303F-9CD4-B47999ED6E0C} = {0F4AF026-E642-303F-9CD4-B47999ED6E0C}
		{555815A0-5A16-3138-8184-5293CC6ACEAD} = {555815A0-5A16-3138-8184-5293CC6ACEAD}
		{95E0E9CC-E412-3A09-AADA-6465D9DB9BE0} = {95E0E9CC-E412-3A09-AADA-6465D9DB9BE0}
		{164F0C48-CE34-3AA0-AAE1-254DF10DDC9B} = {164F0C48-CE34-3AA0-AAE1-254DF10DDC9B}
		{D7ABCB66-6A81-3312-8646-D61A6708D2A5} = {D7ABCB66-6A81-3312-8646-D61A6708D2A5}
		{F77C86FB-2C00-389C-A28D-134D9C742CA2} = {F77C86FB-2C00-389C-A28D-134D9C742CA2}
		{CEB0AFA4-2DAF-3E34-98AD-B22AAACA0481} = {CEB0AFA4-2DAF-3E34-98AD-B22AAACA0481}
	EndProjectSection
EndProject
Project("{8BC9CEB8-8B4A-11D0-8D11-00A0C91BC942}") = "SnippetVehicleMultiThreading", "SnippetVehicleMultiThreading.vcxproj", "{57E8B6EC-8680-360C-AAD3-E19EB31E55CB}"
	ProjectSection(ProjectDependencies) = postProject
		{3733BBFA-D337-363A-B373-176948DF23FE} = {3733BBFA-D337-363A-B373-176948DF23FE}
		{0B4D7803-7D11-3B61-BC50-2E3B9DD80851} = {0B4D7803-7D11-3B61-BC50-2E3B9DD80851}
		{ACE12B35-0B20-37D8-B58B-BC111D3B8A4C} = {ACE12B35-0B20-37D8-B58B-BC111D3B8A4C}
		{CBCB2D10-FA08-370C-8B70-1D5BED29A4B8} = {CBCB2D10-FA08-370C-8B70-1D5BED29A4B8}
		{1017D8CB-7676-363C-BA84-00D2D5C1C41C} = {1017D8CB-7676-363C-BA84-00D2D5C1C41C}
		{1DF1740D-1629-31B1-832D-BE75BCE711B4} = {1DF1740D-1629-31B1-832D-BE75BCE711B4}
		{0F4AF026-E642-303F-9CD4-B47999ED6E0C} = {0F4AF026-E642-303F-9CD4-B47999ED6E0C}
		{555815A0-5A16-3138-8184-5293CC6ACEAD} = {555815A0-5A16-3138-8184-5293CC6ACEAD}
		{95E0E9CC-E412-3A09-AADA-6465D9DB9BE0} = {95E0E9CC-E412-3A09-AADA-6465D9DB9BE0}
		{164F0C48-CE34-3AA0-AAE1-254DF10DDC9B} = {164F0C48-CE34-3AA0-AAE1-254DF10DDC9B}
		{D7ABCB66-6A81-3312-8646-D61A6708D2A5} = {D7ABCB66-6A81-3312-8646-D61A6708D2A5}
		{F77C86FB-2C00-389C-A28D-134D9C742CA2} = {F77C86FB-2C00-389C-A28D-134D9C742CA2}
		{CEB0AFA4-2DAF-3E34-98AD-B22AAACA0481} = {CEB0AFA4-2DAF-3E34-98AD-B22AAACA0481}
	EndProjectSection
EndProject
Project("{8BC9CEB8-8B4A-11D0-8D11-00A0C91BC942}") = "SnippetVehicleNoDrive", "SnippetVehicleNoDrive.vcxproj", "{12A43D3E-43CC-3F74-82A4-4270525782A3}"
	ProjectSection(ProjectDependencies) = postProject
		{3733BBFA-D337-363A-B373-176948DF23FE} = {3733BBFA-D337-363A-B373-176948DF23FE}
		{0B4D7803-7D11-3B61-BC50-2E3B9DD80851} = {0B4D7803-7D11-3B61-BC50-2E3B9DD80851}
		{ACE12B35-0B20-37D8-B58B-BC111D3B8A4C} = {ACE12B35-0B20-37D8-B58B-BC111D3B8A4C}
		{CBCB2D10-FA08-370C-8B70-1D5BED29A4B8} = {CBCB2D10-FA08-370C-8B70-1D5BED29A4B8}
		{1017D8CB-7676-363C-BA84-00D2D5C1C41C} = {1017D8CB-7676-363C-BA84-00D2D5C1C41C}
		{1DF1740D-1629-31B1-832D-BE75BCE711B4} = {1DF1740D-1629-31B1-832D-BE75BCE711B4}
		{0F4AF026-E642-303F-9CD4-B47999ED6E0C} = {0F4AF026-E642-303F-9CD4-B47999ED6E0C}
		{555815A0-5A16-3138-8184-5293CC6ACEAD} = {555815A0-5A16-3138-8184-5293CC6ACEAD}
		{95E0E9CC-E412-3A09-AADA-6465D9DB9BE0} = {95E0E9CC-E412-3A09-AADA-6465D9DB9BE0}
		{164F0C48-CE34-3AA0-AAE1-254DF10DDC9B} = {164F0C48-CE34-3AA0-AAE1-254DF10DDC9B}
		{D7ABCB66-6A81-3312-8646-D61A6708D2A5} = {D7ABCB66-6A81-3312-8646-D61A6708D2A5}
		{F77C86FB-2C00-389C-A28D-134D9C742CA2} = {F77C86FB-2C00-389C-A28D-134D9C742CA2}
		{CEB0AFA4-2DAF-3E34-98AD-B22AAACA0481} = {CEB0AFA4-2DAF-3E34-98AD-B22AAACA0481}
	EndProjectSection
EndProject
Project("{8BC9CEB8-8B4A-11D0-8D11-00A0C91BC942}") = "SnippetVehicleScale", "SnippetVehicleScale.vcxproj", "{5B39FFF7-16DE-33CF-BD17-75E707EF69A9}"
	ProjectSection(ProjectDependencies) = postProject
		{3733BBFA-D337-363A-B373-176948DF23FE} = {3733BBFA-D337-363A-B373-176948DF23FE}
		{0B4D7803-7D11-3B61-BC50-2E3B9DD80851} = {0B4D7803-7D11-3B61-BC50-2E3B9DD80851}
		{ACE12B35-0B20-37D8-B58B-BC111D3B8A4C} = {ACE12B35-0B20-37D8-B58B-BC111D3B8A4C}
		{CBCB2D10-FA08-370C-8B70-1D5BED29A4B8} = {CBCB2D10-FA08-370C-8B70-1D5BED29A4B8}
		{1017D8CB-7676-363C-BA84-00D2D5C1C41C} = {1017D8CB-7676-363C-BA84-00D2D5C1C41C}
		{1DF1740D-1629-31B1-832D-BE75BCE711B4} = {1DF1740D-1629-31B1-832D-BE75BCE711B4}
		{0F4AF026-E642-303F-9CD4-B47999ED6E0C} = {0F4AF026-E642-303F-9CD4-B47999ED6E0C}
		{555815A0-5A16-3138-8184-5293CC6ACEAD} = {555815A0-5A16-3138-8184-5293CC6ACEAD}
		{95E0E9CC-E412-3A09-AADA-6465D9DB9BE0} = {95E0E9CC-E412-3A09-AADA-6465D9DB9BE0}
		{164F0C48-CE34-3AA0-AAE1-254DF10DDC9B} = {164F0C48-CE34-3AA0-AAE1-254DF10DDC9B}
		{D7ABCB66-6A81-3312-8646-D61A6708D2A5} = {D7ABCB66-6A81-3312-8646-D61A6708D2A5}
		{F77C86FB-2C00-389C-A28D-134D9C742CA2} = {F77C86FB-2C00-389C-A28D-134D9C742CA2}
		{CEB0AFA4-2DAF-3E34-98AD-B22AAACA0481} = {CEB0AFA4-2DAF-3E34-98AD-B22AAACA0481}
	EndProjectSection
EndProject
Project("{8BC9CEB8-8B4A-11D0-8D11-00A0C91BC942}") = "SnippetVehicleTank", "SnippetVehicleTank.vcxproj", "{033B8541-2755-392B-A177-F4D6D025BD4B}"
	ProjectSection(ProjectDependencies) = postProject
		{3733BBFA-D337-363A-B373-176948DF23FE} = {3733BBFA-D337-363A-B373-176948DF23FE}
		{0B4D7803-7D11-3B61-BC50-2E3B9DD80851} = {0B4D7803-7D11-3B61-BC50-2E3B9DD80851}
		{ACE12B35-0B20-37D8-B58B-BC111D3B8A4C} = {ACE12B35-0B20-37D8-B58B-BC111D3B8A4C}
		{CBCB2D10-FA08-370C-8B70-1D5BED29A4B8} = {CBCB2D10-FA08-370C-8B70-1D5BED29A4B8}
		{1017D8CB-7676-363C-BA84-00D2D5C1C41C} = {1017D8CB-7676-363C-BA84-00D2D5C1C41C}
		{1DF1740D-1629-31B1-832D-BE75BCE711B4} = {1DF1740D-1629-31B1-832D-BE75BCE711B4}
		{0F4AF026-E642-303F-9CD4-B47999ED6E0C} = {0F4AF026-E642-303F-9CD4-B47999ED6E0C}
		{555815A0-5A16-3138-8184-5293CC6ACEAD} = {555815A0-5A16-3138-8184-5293CC6ACEAD}
		{95E0E9CC-E412-3A09-AADA-6465D9DB9BE0} = {95E0E9CC-E412-3A09-AADA-6465D9DB9BE0}
		{164F0C48-CE34-3AA0-AAE1-254DF10DDC9B} = {164F0C48-CE34-3AA0-AAE1-254DF10DDC9B}
		{D7ABCB66-6A81-3312-8646-D61A6708D2A5} = {D7ABCB66-6A81-3312-8646-D61A6708D2A5}
		{F77C86FB-2C00-389C-A28D-134D9C742CA2} = {F77C86FB-2C00-389C-A28D-134D9C742CA2}
		{CEB0AFA4-2DAF-3E34-98AD-B22AAACA0481} = {CEB0AFA4-2DAF-3E34-98AD-B22AAACA0481}
	EndProjectSection
EndProject
Project("{8BC9CEB8-8B4A-11D0-8D11-00A0C91BC942}") = "ZERO_CHECK", "..\\ZERO_CHECK.vcxproj", "{CEB0AFA4-2DAF-3E34-98AD-B22AAACA0481}"
	ProjectSection(ProjectDependencies) = postProject
	EndProjectSection
EndProject
Global
	GlobalSection(SolutionConfigurationPlatforms) = preSolution
		debug|x64 = debug|x64
		checked|x64 = checked|x64
		profile|x64 = profile|x64
		release|x64 = release|x64
	EndGlobalSection
	GlobalSection(ProjectConfigurationPlatforms) = postSolution
		{2CE8A243-B83D-3605-9723-5440B65E6160}.debug|x64.ActiveCfg = debug|x64
		{2CE8A243-B83D-3605-9723-5440B65E6160}.debug|x64.Build.0 = debug|x64
		{2CE8A243-B83D-3605-9723-5440B65E6160}.checked|x64.ActiveCfg = checked|x64
		{2CE8A243-B83D-3605-9723-5440B65E6160}.checked|x64.Build.0 = checked|x64
		{2CE8A243-B83D-3605-9723-5440B65E6160}.profile|x64.ActiveCfg = profile|x64
		{2CE8A243-B83D-3605-9723-5440B65E6160}.profile|x64.Build.0 = profile|x64
		{2CE8A243-B83D-3605-9723-5440B65E6160}.release|x64.ActiveCfg = release|x64
		{2CE8A243-B83D-3605-9723-5440B65E6160}.release|x64.Build.0 = release|x64
		{3733BBFA-D337-363A-B373-176948DF23FE}.debug|x64.ActiveCfg = debug|x64
		{3733BBFA-D337-363A-B373-176948DF23FE}.debug|x64.Build.0 = debug|x64
		{3733BBFA-D337-363A-B373-176948DF23FE}.checked|x64.ActiveCfg = checked|x64
		{3733BBFA-D337-363A-B373-176948DF23FE}.checked|x64.Build.0 = checked|x64
		{3733BBFA-D337-363A-B373-176948DF23FE}.profile|x64.ActiveCfg = profile|x64
		{3733BBFA-D337-363A-B373-176948DF23FE}.profile|x64.Build.0 = profile|x64
		{3733BBFA-D337-363A-B373-176948DF23FE}.release|x64.ActiveCfg = release|x64
		{3733BBFA-D337-363A-B373-176948DF23FE}.release|x64.Build.0 = release|x64
		{03073D5B-3D23-330E-BEFE-ED45A9B9AA9C}.debug|x64.ActiveCfg = debug|x64
		{03073D5B-3D23-330E-BEFE-ED45A9B9AA9C}.checked|x64.ActiveCfg = checked|x64
		{03073D5B-3D23-330E-BEFE-ED45A9B9AA9C}.profile|x64.ActiveCfg = profile|x64
		{03073D5B-3D23-330E-BEFE-ED45A9B9AA9C}.release|x64.ActiveCfg = release|x64
		{5C259528-AB03-3CB3-9504-F8848A8E7B6F}.debug|x64.ActiveCfg = debug|x64
		{5C259528-AB03-3CB3-9504-F8848A8E7B6F}.debug|x64.Build.0 = debug|x64
		{5C259528-AB03-3CB3-9504-F8848A8E7B6F}.checked|x64.ActiveCfg = checked|x64
		{5C259528-AB03-3CB3-9504-F8848A8E7B6F}.checked|x64.Build.0 = checked|x64
		{5C259528-AB03-3CB3-9504-F8848A8E7B6F}.profile|x64.ActiveCfg = profile|x64
		{5C259528-AB03-3CB3-9504-F8848A8E7B6F}.profile|x64.Build.0 = profile|x64
		{5C259528-AB03-3CB3-9504-F8848A8E7B6F}.release|x64.ActiveCfg = release|x64
		{5C259528-AB03-3CB3-9504-F8848A8E7B6F}.release|x64.Build.0 = release|x64
		{5E9A9012-CEB9-3BE5-8AFE-00F7AF408995}.debug|x64.ActiveCfg = debug|x64
		{5E9A9012-CEB9-3BE5-8AFE-00F7AF408995}.debug|x64.Build.0 = debug|x64
		{5E9A9012-CEB9-3BE5-8AFE-00F7AF408995}.checked|x64.ActiveCfg = checked|x64
		{5E9A9012-CEB9-3BE5-8AFE-00F7AF408995}.checked|x64.Build.0 = checked|x64
		{5E9A9012-CEB9-3BE5-8AFE-00F7AF408995}.profile|x64.ActiveCfg = profile|x64
		{5E9A9012-CEB9-3BE5-8AFE-00F7AF408995}.profile|x64.Build.0 = profile|x64
		{5E9A9012-CEB9-3BE5-8AFE-00F7AF408995}.release|x64.ActiveCfg = release|x64
		{5E9A9012-CEB9-3BE5-8AFE-00F7AF408995}.release|x64.Build.0 = release|x64
		{97B98AC3-7FF2-3348-830D-C61945EA13A0}.debug|x64.ActiveCfg = debug|x64
		{97B98AC3-7FF2-3348-830D-C61945EA13A0}.debug|x64.Build.0 = debug|x64
		{97B98AC3-7FF2-3348-830D-C61945EA13A0}.checked|x64.ActiveCfg = checked|x64
		{97B98AC3-7FF2-3348-830D-C61945EA13A0}.checked|x64.Build.0 = checked|x64
		{97B98AC3-7FF2-3348-830D-C61945EA13A0}.profile|x64.ActiveCfg = profile|x64
		{97B98AC3-7FF2-3348-830D-C61945EA13A0}.profile|x64.Build.0 = profile|x64
		{97B98AC3-7FF2-3348-830D-C61945EA13A0}.release|x64.ActiveCfg = release|x64
		{97B98AC3-7FF2-3348-830D-C61945EA13A0}.release|x64.Build.0 = release|x64
		{0B4D7803-7D11-3B61-BC50-2E3B9DD80851}.debug|x64.ActiveCfg = debug|x64
		{0B4D7803-7D11-3B61-BC50-2E3B9DD80851}.debug|x64.Build.0 = debug|x64
		{0B4D7803-7D11-3B61-BC50-2E3B9DD80851}.checked|x64.ActiveCfg = checked|x64
		{0B4D7803-7D11-3B61-BC50-2E3B9DD80851}.checked|x64.Build.0 = checked|x64
		{0B4D7803-7D11-3B61-BC50-2E3B9DD80851}.profile|x64.ActiveCfg = profile|x64
		{0B4D7803-7D11-3B61-BC50-2E3B9DD80851}.profile|x64.Build.0 = profile|x64
		{0B4D7803-7D11-3B61-BC50-2E3B9DD80851}.release|x64.ActiveCfg = release|x64
		{0B4D7803-7D11-3B61-BC50-2E3B9DD80851}.release|x64.Build.0 = release|x64
		{ACE12B35-0B20-37D8-B58B-BC111D3B8A4C}.debug|x64.ActiveCfg = debug|x64
		{ACE12B35-0B20-37D8-B58B-BC111D3B8A4C}.debug|x64.Build.0 = debug|x64
		{ACE12B35-0B20-37D8-B58B-BC111D3B8A4C}.checked|x64.ActiveCfg = checked|x64
		{ACE12B35-0B20-37D8-B58B-BC111D3B8A4C}.checked|x64.Build.0 = checked|x64
		{ACE12B35-0B20-37D8-B58B-BC111D3B8A4C}.profile|x64.ActiveCfg = profile|x64
		{ACE12B35-0B20-37D8-B58B-BC111D3B8A4C}.profile|x64.Build.0 = profile|x64
		{ACE12B35-0B20-37D8-B58B-BC111D3B8A4C}.release|x64.ActiveCfg = release|x64
		{ACE12B35-0B20-37D8-B58B-BC111D3B8A4C}.release|x64.Build.0 = release|x64
		{CBCB2D10-FA08-370C-8B70-1D5BED29A4B8}.debug|x64.ActiveCfg = debug|x64
		{CBCB2D10-FA08-370C-8B70-1D5BED29A4B8}.debug|x64.Build.0 = debug|x64
		{CBCB2D10-FA08-370C-8B70-1D5BED29A4B8}.checked|x64.ActiveCfg = checked|x64
		{CBCB2D10-FA08-370C-8B70-1D5BED29A4B8}.checked|x64.Build.0 = checked|x64
		{CBCB2D10-FA08-370C-8B70-1D5BED29A4B8}.profile|x64.ActiveCfg = profile|x64
		{CBCB2D10-FA08-370C-8B70-1D5BED29A4B8}.profile|x64.Build.0 = profile|x64
		{CBCB2D10-FA08-370C-8B70-1D5BED29A4B8}.release|x64.ActiveCfg = release|x64
		{CBCB2D10-FA08-370C-8B70-1D5BED29A4B8}.release|x64.Build.0 = release|x64
		{1017D8CB-7676-363C-BA84-00D2D5C1C41C}.debug|x64.ActiveCfg = debug|x64
		{1017D8CB-7676-363C-BA84-00D2D5C1C41C}.debug|x64.Build.0 = debug|x64
		{1017D8CB-7676-363C-BA84-00D2D5C1C41C}.checked|x64.ActiveCfg = checked|x64
		{1017D8CB-7676-363C-BA84-00D2D5C1C41C}.checked|x64.Build.0 = checked|x64
		{1017D8CB-7676-363C-BA84-00D2D5C1C41C}.profile|x64.ActiveCfg = profile|x64
		{1017D8CB-7676-363C-BA84-00D2D5C1C41C}.profile|x64.Build.0 = profile|x64
		{1017D8CB-7676-363C-BA84-00D2D5C1C41C}.release|x64.ActiveCfg = release|x64
		{1017D8CB-7676-363C-BA84-00D2D5C1C41C}.release|x64.Build.0 = release|x64
		{1DF1740D-1629-31B1-832D-BE75BCE711B4}.debug|x64.ActiveCfg = debug|x64
		{1DF1740D-1629-31B1-832D-BE75BCE711B4}.debug|x64.Build.0 = debug|x64
		{1DF1740D-1629-31B1-832D-BE75BCE711B4}.checked|x64.ActiveCfg = checked|x64
		{1DF1740D-1629-31B1-832D-BE75BCE711B4}.checked|x64.Build.0 = checked|x64
		{1DF1740D-1629-31B1-832D-BE75BCE711B4}.profile|x64.ActiveCfg = profile|x64
		{1DF1740D-1629-31B1-832D-BE75BCE711B4}.profile|x64.Build.0 = profile|x64
		{1DF1740D-1629-31B1-832D-BE75BCE711B4}.release|x64.ActiveCfg = release|x64
		{1DF1740D-1629-31B1-832D-BE75BCE711B4}.release|x64.Build.0 = release|x64
		{0F4AF026-E642-303F-9CD4-B47999ED6E0C}.debug|x64.ActiveCfg = debug|x64
		{0F4AF026-E642-303F-9CD4-B47999ED6E0C}.debug|x64.Build.0 = debug|x64
		{0F4AF026-E642-303F-9CD4-B47999ED6E0C}.checked|x64.ActiveCfg = checked|x64
		{0F4AF026-E642-303F-9CD4-B47999ED6E0C}.checked|x64.Build.0 = checked|x64
		{0F4AF026-E642-303F-9CD4-B47999ED6E0C}.profile|x64.ActiveCfg = profile|x64
		{0F4AF026-E642-303F-9CD4-B47999ED6E0C}.profile|x64.Build.0 = profile|x64
		{0F4AF026-E642-303F-9CD4-B47999ED6E0C}.release|x64.ActiveCfg = release|x64
		{0F4AF026-E642-303F-9CD4-B47999ED6E0C}.release|x64.Build.0 = release|x64
		{555815A0-5A16-3138-8184-5293CC6ACEAD}.debug|x64.ActiveCfg = debug|x64
		{555815A0-5A16-3138-8184-5293CC6ACEAD}.debug|x64.Build.0 = debug|x64
		{555815A0-5A16-3138-8184-5293CC6ACEAD}.checked|x64.ActiveCfg = checked|x64
		{555815A0-5A16-3138-8184-5293CC6ACEAD}.checked|x64.Build.0 = checked|x64
		{555815A0-5A16-3138-8184-5293CC6ACEAD}.profile|x64.ActiveCfg = profile|x64
		{555815A0-5A16-3138-8184-5293CC6ACEAD}.profile|x64.Build.0 = profile|x64
		{555815A0-5A16-3138-8184-5293CC6ACEAD}.release|x64.ActiveCfg = release|x64
		{555815A0-5A16-3138-8184-5293CC6ACEAD}.release|x64.Build.0 = release|x64
		{95E0E9CC-E412-3A09-AADA-6465D9DB9BE0}.debug|x64.ActiveCfg = debug|x64
		{95E0E9CC-E412-3A09-AADA-6465D9DB9BE0}.debug|x64.Build.0 = debug|x64
		{95E0E9CC-E412-3A09-AADA-6465D9DB9BE0}.checked|x64.ActiveCfg = checked|x64
		{95E0E9CC-E412-3A09-AADA-6465D9DB9BE0}.checked|x64.Build.0 = checked|x64
		{95E0E9CC-E412-3A09-AADA-6465D9DB9BE0}.profile|x64.ActiveCfg = profile|x64
		{95E0E9CC-E412-3A09-AADA-6465D9DB9BE0}.profile|x64.Build.0 = profile|x64
		{95E0E9CC-E412-3A09-AADA-6465D9DB9BE0}.release|x64.ActiveCfg = release|x64
		{95E0E9CC-E412-3A09-AADA-6465D9DB9BE0}.release|x64.Build.0 = release|x64
		{164F0C48-CE34-3AA0-AAE1-254DF10DDC9B}.debug|x64.ActiveCfg = debug|x64
		{164F0C48-CE34-3AA0-AAE1-254DF10DDC9B}.debug|x64.Build.0 = debug|x64
		{164F0C48-CE34-3AA0-AAE1-254DF10DDC9B}.checked|x64.ActiveCfg = checked|x64
		{164F0C48-CE34-3AA0-AAE1-254DF10DDC9B}.checked|x64.Build.0 = checked|x64
		{164F0C48-CE34-3AA0-AAE1-254DF10DDC9B}.profile|x64.ActiveCfg = profile|x64
		{164F0C48-CE34-3AA0-AAE1-254DF10DDC9B}.profile|x64.Build.0 = profile|x64
		{164F0C48-CE34-3AA0-AAE1-254DF10DDC9B}.release|x64.ActiveCfg = release|x64
		{164F0C48-CE34-3AA0-AAE1-254DF10DDC9B}.release|x64.Build.0 = release|x64
		{5B494BD9-0861-3EBE-B0B9-20F5101DDB72}.debug|x64.ActiveCfg = debug|x64
		{5B494BD9-0861-3EBE-B0B9-20F5101DDB72}.debug|x64.Build.0 = debug|x64
		{5B494BD9-0861-3EBE-B0B9-20F5101DDB72}.checked|x64.ActiveCfg = checked|x64
		{5B494BD9-0861-3EBE-B0B9-20F5101DDB72}.checked|x64.Build.0 = checked|x64
		{5B494BD9-0861-3EBE-B0B9-20F5101DDB72}.profile|x64.ActiveCfg = profile|x64
		{5B494BD9-0861-3EBE-B0B9-20F5101DDB72}.profile|x64.Build.0 = profile|x64
		{5B494BD9-0861-3EBE-B0B9-20F5101DDB72}.release|x64.ActiveCfg = release|x64
		{5B494BD9-0861-3EBE-B0B9-20F5101DDB72}.release|x64.Build.0 = release|x64
		{52BAE09C-45BB-385F-BEB3-83D8240A9A96}.debug|x64.ActiveCfg = debug|x64
		{52BAE09C-45BB-385F-BEB3-83D8240A9A96}.debug|x64.Build.0 = debug|x64
		{52BAE09C-45BB-385F-BEB3-83D8240A9A96}.checked|x64.ActiveCfg = checked|x64
		{52BAE09C-45BB-385F-BEB3-83D8240A9A96}.checked|x64.Build.0 = checked|x64
		{52BAE09C-45BB-385F-BEB3-83D8240A9A96}.profile|x64.ActiveCfg = profile|x64
		{52BAE09C-45BB-385F-BEB3-83D8240A9A96}.profile|x64.Build.0 = profile|x64
		{52BAE09C-45BB-385F-BEB3-83D8240A9A96}.release|x64.ActiveCfg = release|x64
		{52BAE09C-45BB-385F-BEB3-83D8240A9A96}.release|x64.Build.0 = release|x64
		{94F2AF68-76A8-361D-9CDE-5E34A16727AB}.debug|x64.ActiveCfg = debug|x64
		{94F2AF68-76A8-361D-9CDE-5E34A16727AB}.debug|x64.Build.0 = debug|x64
		{94F2AF68-76A8-361D-9CDE-5E34A16727AB}.checked|x64.ActiveCfg = checked|x64
		{94F2AF68-76A8-361D-9CDE-5E34A16727AB}.checked|x64.Build.0 = checked|x64
		{94F2AF68-76A8-361D-9CDE-5E34A16727AB}.profile|x64.ActiveCfg = profile|x64
		{94F2AF68-76A8-361D-9CDE-5E34A16727AB}.profile|x64.Build.0 = profile|x64
		{94F2AF68-76A8-361D-9CDE-5E34A16727AB}.release|x64.ActiveCfg = release|x64
		{94F2AF68-76A8-361D-9CDE-5E34A16727AB}.release|x64.Build.0 = release|x64
		{7BBA4BDB-A53D-3CCB-BDA2-6401678CE1DA}.debug|x64.ActiveCfg = debug|x64
		{7BBA4BDB-A53D-3CCB-BDA2-6401678CE1DA}.debug|x64.Build.0 = debug|x64
		{7BBA4BDB-A53D-3CCB-BDA2-6401678CE1DA}.checked|x64.ActiveCfg = checked|x64
		{7BBA4BDB-A53D-3CCB-BDA2-6401678CE1DA}.checked|x64.Build.0 = checked|x64
		{7BBA4BDB-A53D-3CCB-BDA2-6401678CE1DA}.profile|x64.ActiveCfg = profile|x64
		{7BBA4BDB-A53D-3CCB-BDA2-6401678CE1DA}.profile|x64.Build.0 = profile|x64
		{7BBA4BDB-A53D-3CCB-BDA2-6401678CE1DA}.release|x64.ActiveCfg = release|x64
		{7BBA4BDB-A53D-3CCB-BDA2-6401678CE1DA}.release|x64.Build.0 = release|x64
		{4F298745-D1D1-3629-8423-07D5C0ECCA0A}.debug|x64.ActiveCfg = debug|x64
		{4F298745-D1D1-3629-8423-07D5C0ECCA0A}.debug|x64.Build.0 = debug|x64
		{4F298745-D1D1-3629-8423-07D5C0ECCA0A}.checked|x64.ActiveCfg = checked|x64
		{4F298745-D1D1-3629-8423-07D5C0ECCA0A}.checked|x64.Build.0 = checked|x64
		{4F298745-D1D1-3629-8423-07D5C0ECCA0A}.profile|x64.ActiveCfg = profile|x64
		{4F298745-D1D1-3629-8423-07D5C0ECCA0A}.profile|x64.Build.0 = profile|x64
		{4F298745-D1D1-3629-8423-07D5C0ECCA0A}.release|x64.ActiveCfg = release|x64
		{4F298745-D1D1-3629-8423-07D5C0ECCA0A}.release|x64.Build.0 = release|x64
		{2650DC21-596B-3DA7-8870-98E4407A6DCC}.debug|x64.ActiveCfg = debug|x64
		{2650DC21-596B-3DA7-8870-98E4407A6DCC}.debug|x64.Build.0 = debug|x64
		{2650DC21-596B-3DA7-8870-98E4407A6DCC}.checked|x64.ActiveCfg = checked|x64
		{2650DC21-596B-3DA7-8870-98E4407A6DCC}.checked|x64.Build.0 = checked|x64
		{2650DC21-596B-3DA7-8870-98E4407A6DCC}.profile|x64.ActiveCfg = profile|x64
		{2650DC21-596B-3DA7-8870-98E4407A6DCC}.profile|x64.Build.0 = profile|x64
		{2650DC21-596B-3DA7-8870-98E4407A6DCC}.release|x64.ActiveCfg = release|x64
		{2650DC21-596B-3DA7-8870-98E4407A6DCC}.release|x64.Build.0 = release|x64
		{0532D431-42E6-37B3-A845-0CB9ABE640C8}.debug|x64.ActiveCfg = debug|x64
		{0532D431-42E6-37B3-A845-0CB9ABE640C8}.debug|x64.Build.0 = debug|x64
		{0532D431-42E6-37B3-A845-0CB9ABE640C8}.checked|x64.ActiveCfg = checked|x64
		{0532D431-42E6-37B3-A845-0CB9ABE640C8}.checked|x64.Build.0 = checked|x64
		{0532D431-42E6-37B3-A845-0CB9ABE640C8}.profile|x64.ActiveCfg = profile|x64
		{0532D431-42E6-37B3-A845-0CB9ABE640C8}.profile|x64.Build.0 = profile|x64
		{0532D431-42E6-37B3-A845-0CB9ABE640C8}.release|x64.ActiveCfg = release|x64
		{0532D431-42E6-37B3-A845-0CB9ABE640C8}.release|x64.Build.0 = release|x64
		{52C3CCFE-6E02-37ED-AE77-52220F9A425A}.debug|x64.ActiveCfg = debug|x64
		{52C3CCFE-6E02-37ED-AE77-52220F9A425A}.debug|x64.Build.0 = debug|x64
		{52C3CCFE-6E02-37ED-AE77-52220F9A425A}.checked|x64.ActiveCfg = checked|x64
		{52C3CCFE-6E02-37ED-AE77-52220F9A425A}.checked|x64.Build.0 = checked|x64
		{52C3CCFE-6E02-37ED-AE77-52220F9A425A}.profile|x64.ActiveCfg = profile|x64
		{52C3CCFE-6E02-37ED-AE77-52220F9A425A}.profile|x64.Build.0 = profile|x64
		{52C3CCFE-6E02-37ED-AE77-52220F9A425A}.release|x64.ActiveCfg = release|x64
		{52C3CCFE-6E02-37ED-AE77-52220F9A425A}.release|x64.Build.0 = release|x64
		{2E5D2C81-5ED0-384D-800A-24CFEF5E2E6A}.debug|x64.ActiveCfg = debug|x64
		{2E5D2C81-5ED0-384D-800A-24CFEF5E2E6A}.debug|x64.Build.0 = debug|x64
		{2E5D2C81-5ED0-384D-800A-24CFEF5E2E6A}.checked|x64.ActiveCfg = checked|x64
		{2E5D2C81-5ED0-384D-800A-24CFEF5E2E6A}.checked|x64.Build.0 = checked|x64
		{2E5D2C81-5ED0-384D-800A-24CFEF5E2E6A}.profile|x64.ActiveCfg = profile|x64
		{2E5D2C81-5ED0-384D-800A-24CFEF5E2E6A}.profile|x64.Build.0 = profile|x64
		{2E5D2C81-5ED0-384D-800A-24CFEF5E2E6A}.release|x64.ActiveCfg = release|x64
		{2E5D2C81-5ED0-384D-800A-24CFEF5E2E6A}.release|x64.Build.0 = release|x64
		{81433EFD-97A0-3890-AA32-E77183696276}.debug|x64.ActiveCfg = debug|x64
		{81433EFD-97A0-3890-AA32-E77183696276}.debug|x64.Build.0 = debug|x64
		{81433EFD-97A0-3890-AA32-E77183696276}.checked|x64.ActiveCfg = checked|x64
		{81433EFD-97A0-3890-AA32-E77183696276}.checked|x64.Build.0 = checked|x64
		{81433EFD-97A0-3890-AA32-E77183696276}.profile|x64.ActiveCfg = profile|x64
		{81433EFD-97A0-3890-AA32-E77183696276}.profile|x64.Build.0 = profile|x64
		{81433EFD-97A0-3890-AA32-E77183696276}.release|x64.ActiveCfg = release|x64
		{81433EFD-97A0-3890-AA32-E77183696276}.release|x64.Build.0 = release|x64
		{3381E46B-F30C-33E8-A7D0-7FACC93CFE37}.debug|x64.ActiveCfg = debug|x64
		{3381E46B-F30C-33E8-A7D0-7FACC93CFE37}.debug|x64.Build.0 = debug|x64
		{3381E46B-F30C-33E8-A7D0-7FACC93CFE37}.checked|x64.ActiveCfg = checked|x64
		{3381E46B-F30C-33E8-A7D0-7FACC93CFE37}.checked|x64.Build.0 = checked|x64
		{3381E46B-F30C-33E8-A7D0-7FACC93CFE37}.profile|x64.ActiveCfg = profile|x64
		{3381E46B-F30C-33E8-A7D0-7FACC93CFE37}.profile|x64.Build.0 = profile|x64
		{3381E46B-F30C-33E8-A7D0-7FACC93CFE37}.release|x64.ActiveCfg = release|x64
		{3381E46B-F30C-33E8-A7D0-7FACC93CFE37}.release|x64.Build.0 = release|x64
		{2E571DB0-10D0-333D-BF26-4BA9F41B2ED6}.debug|x64.ActiveCfg = debug|x64
		{2E571DB0-10D0-333D-BF26-4BA9F41B2ED6}.debug|x64.Build.0 = debug|x64
		{2E571DB0-10D0-333D-BF26-4BA9F41B2ED6}.checked|x64.ActiveCfg = checked|x64
		{2E571DB0-10D0-333D-BF26-4BA9F41B2ED6}.checked|x64.Build.0 = checked|x64
		{2E571DB0-10D0-333D-BF26-4BA9F41B2ED6}.profile|x64.ActiveCfg = profile|x64
		{2E571DB0-10D0-333D-BF26-4BA9F41B2ED6}.profile|x64.Build.0 = profile|x64
		{2E571DB0-10D0-333D-BF26-4BA9F41B2ED6}.release|x64.ActiveCfg = release|x64
		{2E571DB0-10D0-333D-BF26-4BA9F41B2ED6}.release|x64.Build.0 = release|x64
		{7B7E4DCB-A47D-3ED1-82A9-195B407B3CD7}.debug|x64.ActiveCfg = debug|x64
		{7B7E4DCB-A47D-3ED1-82A9-195B407B3CD7}.debug|x64.Build.0 = debug|x64
		{7B7E4DCB-A47D-3ED1-82A9-195B407B3CD7}.checked|x64.ActiveCfg = checked|x64
		{7B7E4DCB-A47D-3ED1-82A9-195B407B3CD7}.checked|x64.Build.0 = checked|x64
		{7B7E4DCB-A47D-3ED1-82A9-195B407B3CD7}.profile|x64.ActiveCfg = profile|x64
		{7B7E4DCB-A47D-3ED1-82A9-195B407B3CD7}.profile|x64.Build.0 = profile|x64
		{7B7E4DCB-A47D-3ED1-82A9-195B407B3CD7}.release|x64.ActiveCfg = release|x64
		{7B7E4DCB-A47D-3ED1-82A9-195B407B3CD7}.release|x64.Build.0 = release|x64
		{629B8AA6-1267-327F-B87D-B23291648373}.debug|x64.ActiveCfg = debug|x64
		{629B8AA6-1267-327F-B87D-B23291648373}.debug|x64.Build.0 = debug|x64
		{629B8AA6-1267-327F-B87D-B23291648373}.checked|x64.ActiveCfg = checked|x64
		{629B8AA6-1267-327F-B87D-B23291648373}.checked|x64.Build.0 = checked|x64
		{629B8AA6-1267-327F-B87D-B23291648373}.profile|x64.ActiveCfg = profile|x64
		{629B8AA6-1267-327F-B87D-B23291648373}.profile|x64.Build.0 = profile|x64
		{629B8AA6-1267-327F-B87D-B23291648373}.release|x64.ActiveCfg = release|x64
		{629B8AA6-1267-327F-B87D-B23291648373}.release|x64.Build.0 = release|x64
		{3CACD583-2F73-361D-9686-B86B614F29D7}.debug|x64.ActiveCfg = debug|x64
		{3CACD583-2F73-361D-9686-B86B614F29D7}.debug|x64.Build.0 = debug|x64
		{3CACD583-2F73-361D-9686-B86B614F29D7}.checked|x64.ActiveCfg = checked|x64
		{3CACD583-2F73-361D-9686-B86B614F29D7}.checked|x64.Build.0 = checked|x64
		{3CACD583-2F73-361D-9686-B86B614F29D7}.profile|x64.ActiveCfg = profile|x64
		{3CACD583-2F73-361D-9686-B86B614F29D7}.profile|x64.Build.0 = profile|x64
		{3CACD583-2F73-361D-9686-B86B614F29D7}.release|x64.ActiveCfg = release|x64
		{3CACD583-2F73-361D-9686-B86B614F29D7}.release|x64.Build.0 = release|x64
		{41CD3E1F-12AC-393D-A3F7-D535D67B4039}.debug|x64.ActiveCfg = debug|x64
		{41CD3E1F-12AC-393D-A3F7-D535D67B4039}.debug|x64.Build.0 = debug|x64
		{41CD3E1F-12AC-393D-A3F7-D535D67B4039}.checked|x64.ActiveCfg = checked|x64
		{41CD3E1F-12AC-393D-A3F7-D535D67B4039}.checked|x64.Build.0 = checked|x64
		{41CD3E1F-12AC-393D-A3F7-D535D67B4039}.profile|x64.ActiveCfg = profile|x64
		{41CD3E1F-12AC-393D-A3F7-D535D67B4039}.profile|x64.Build.0 = profile|x64
		{41CD3E1F-12AC-393D-A3F7-D535D67B4039}.release|x64.ActiveCfg = release|x64
		{41CD3E1F-12AC-393D-A3F7-D535D67B4039}.release|x64.Build.0 = release|x64
		{AB06C457-915D-3C13-89BE-4019D95CF046}.debug|x64.ActiveCfg = debug|x64
		{AB06C457-915D-3C13-89BE-4019D95CF046}.debug|x64.Build.0 = debug|x64
		{AB06C457-915D-3C13-89BE-4019D95CF046}.checked|x64.ActiveCfg = checked|x64
		{AB06C457-915D-3C13-89BE-4019D95CF046}.checked|x64.Build.0 = checked|x64
		{AB06C457-915D-3C13-89BE-4019D95CF046}.profile|x64.ActiveCfg = profile|x64
		{AB06C457-915D-3C13-89BE-4019D95CF046}.profile|x64.Build.0 = profile|x64
		{AB06C457-915D-3C13-89BE-4019D95CF046}.release|x64.ActiveCfg = release|x64
		{AB06C457-915D-3C13-89BE-4019D95CF046}.release|x64.Build.0 = release|x64
		{9FE28EAF-17E2-3BF7-B901-0F0E200EFA58}.debug|x64.ActiveCfg = debug|x64
		{9FE28EAF-17E2-3BF7-B901-0F0E200EFA58}.debug|x64.Build.0 = debug|x64
		{9FE28EAF-17E2-3BF7-B901-0F0E200EFA58}.checked|x64.ActiveCfg = checked|x64
		{9FE28EAF-17E2-3BF7-B901-0F0E200EFA58}.checked|x64.Build.0 = checked|x64
		{9FE28EAF-17E2-3BF7-B901-0F0E200EFA58}.profile|x64.ActiveCfg = profile|x64
		{9FE28EAF-17E2-3BF7-B901-0F0E200EFA58}.profile|x64.Build.0 = profile|x64
		{9FE28EAF-17E2-3BF7-B901-0F0E200EFA58}.release|x64.ActiveCfg = release|x64
		{9FE28EAF-17E2-3BF7-B901-0F0E200EFA58}.release|x64.Build.0 = release|x64
		{AA460C07-C159-31A9-9676-96676A7A8679}.debug|x64.ActiveCfg = debug|x64
		{AA460C07-C159-31A9-9676-96676A7A8679}.debug|x64.Build.0 = debug|x64
		{AA460C07-C159-31A9-9676-96676A7A8679}.checked|x64.ActiveCfg = checked|x64
		{AA460C07-C159-31A9-9676-96676A7A8679}.checked|x64.Build.0 = checked|x64
		{AA460C07-C159-31A9-9676-96676A7A8679}.profile|x64.ActiveCfg = profile|x64
		{AA460C07-C159-31A9-9676-96676A7A8679}.profile|x64.Build.0 = profile|x64
		{AA460C07-C159-31A9-9676-96676A7A8679}.release|x64.ActiveCfg = release|x64
		{AA460C07-C159-31A9-9676-96676A7A8679}.release|x64.Build.0 = release|x64
		{EF6A23BF-3650-3438-954D-F6B0BD2CDEB1}.debug|x64.ActiveCfg = debug|x64
		{EF6A23BF-3650-3438-954D-F6B0BD2CDEB1}.debug|x64.Build.0 = debug|x64
		{EF6A23BF-3650-3438-954D-F6B0BD2CDEB1}.checked|x64.ActiveCfg = checked|x64
		{EF6A23BF-3650-3438-954D-F6B0BD2CDEB1}.checked|x64.Build.0 = checked|x64
		{EF6A23BF-3650-3438-954D-F6B0BD2CDEB1}.profile|x64.ActiveCfg = profile|x64
		{EF6A23BF-3650-3438-954D-F6B0BD2CDEB1}.profile|x64.Build.0 = profile|x64
		{EF6A23BF-3650-3438-954D-F6B0BD2CDEB1}.release|x64.ActiveCfg = release|x64
		{EF6A23BF-3650-3438-954D-F6B0BD2CDEB1}.release|x64.Build.0 = release|x64
		{3C94D290-8C6A-3640-A90C-D696E8B06813}.debug|x64.ActiveCfg = debug|x64
		{3C94D290-8C6A-3640-A90C-D696E8B06813}.debug|x64.Build.0 = debug|x64
		{3C94D290-8C6A-3640-A90C-D696E8B06813}.checked|x64.ActiveCfg = checked|x64
		{3C94D290-8C6A-3640-A90C-D696E8B06813}.checked|x64.Build.0 = checked|x64
		{3C94D290-8C6A-3640-A90C-D696E8B06813}.profile|x64.ActiveCfg = profile|x64
		{3C94D290-8C6A-3640-A90C-D696E8B06813}.profile|x64.Build.0 = profile|x64
		{3C94D290-8C6A-3640-A90C-D696E8B06813}.release|x64.ActiveCfg = release|x64
		{3C94D290-8C6A-3640-A90C-D696E8B06813}.release|x64.Build.0 = release|x64
		{1E047F15-3982-3647-8472-137F8C75034D}.debug|x64.ActiveCfg = debug|x64
		{1E047F15-3982-3647-8472-137F8C75034D}.debug|x64.Build.0 = debug|x64
		{1E047F15-3982-3647-8472-137F8C75034D}.checked|x64.ActiveCfg = checked|x64
		{1E047F15-3982-3647-8472-137F8C75034D}.checked|x64.Build.0 = checked|x64
		{1E047F15-3982-3647-8472-137F8C75034D}.profile|x64.ActiveCfg = profile|x64
		{1E047F15-3982-3647-8472-137F8C75034D}.profile|x64.Build.0 = profile|x64
		{1E047F15-3982-3647-8472-137F8C75034D}.release|x64.ActiveCfg = release|x64
		{1E047F15-3982-3647-8472-137F8C75034D}.release|x64.Build.0 = release|x64
		{6888FE58-3128-3B99-92F3-A0BDD14555FE}.debug|x64.ActiveCfg = debug|x64
		{6888FE58-3128-3B99-92F3-A0BDD14555FE}.debug|x64.Build.0 = debug|x64
		{6888FE58-3128-3B99-92F3-A0BDD14555FE}.checked|x64.ActiveCfg = checked|x64
		{6888FE58-3128-3B99-92F3-A0BDD14555FE}.checked|x64.Build.0 = checked|x64
		{6888FE58-3128-3B99-92F3-A0BDD14555FE}.profile|x64.ActiveCfg = profile|x64
		{6888FE58-3128-3B99-92F3-A0BDD14555FE}.profile|x64.Build.0 = profile|x64
		{6888FE58-3128-3B99-92F3-A0BDD14555FE}.release|x64.ActiveCfg = release|x64
		{6888FE58-3128-3B99-92F3-A0BDD14555FE}.release|x64.Build.0 = release|x64
		{D7ABCB66-6A81-3312-8646-D61A6708D2A5}.debug|x64.ActiveCfg = debug|x64
		{D7ABCB66-6A81-3312-8646-D61A6708D2A5}.debug|x64.Build.0 = debug|x64
		{D7ABCB66-6A81-3312-8646-D61A6708D2A5}.checked|x64.ActiveCfg = checked|x64
		{D7ABCB66-6A81-3312-8646-D61A6708D2A5}.checked|x64.Build.0 = checked|x64
		{D7ABCB66-6A81-3312-8646-D61A6708D2A5}.profile|x64.ActiveCfg = profile|x64
		{D7ABCB66-6A81-3312-8646-D61A6708D2A5}.profile|x64.Build.0 = profile|x64
		{D7ABCB66-6A81-3312-8646-D61A6708D2A5}.release|x64.ActiveCfg = release|x64
		{D7ABCB66-6A81-3312-8646-D61A6708D2A5}.release|x64.Build.0 = release|x64
		{ADA3E5BA-F6DC-38DA-8878-36D01ADDC168}.debug|x64.ActiveCfg = debug|x64
		{ADA3E5BA-F6DC-38DA-8878-36D01ADDC168}.debug|x64.Build.0 = debug|x64
		{ADA3E5BA-F6DC-38DA-8878-36D01ADDC168}.checked|x64.ActiveCfg = checked|x64
		{ADA3E5BA-F6DC-38DA-8878-36D01ADDC168}.checked|x64.Build.0 = checked|x64
		{ADA3E5BA-F6DC-38DA-8878-36D01ADDC168}.profile|x64.ActiveCfg = profile|x64
		{ADA3E5BA-F6DC-38DA-8878-36D01ADDC168}.profile|x64.Build.0 = profile|x64
		{ADA3E5BA-F6DC-38DA-8878-36D01ADDC168}.release|x64.ActiveCfg = release|x64
		{ADA3E5BA-F6DC-38DA-8878-36D01ADDC168}.release|x64.Build.0 = release|x64
		{28147F7A-10E1-3A92-9F69-F86CFC81B69B}.debug|x64.ActiveCfg = debug|x64
		{28147F7A-10E1-3A92-9F69-F86CFC81B69B}.debug|x64.Build.0 = debug|x64
		{28147F7A-10E1-3A92-9F69-F86CFC81B69B}.checked|x64.ActiveCfg = checked|x64
		{28147F7A-10E1-3A92-9F69-F86CFC81B69B}.checked|x64.Build.0 = checked|x64
		{28147F7A-10E1-3A92-9F69-F86CFC81B69B}.profile|x64.ActiveCfg = profile|x64
		{28147F7A-10E1-3A92-9F69-F86CFC81B69B}.profile|x64.Build.0 = profile|x64
		{28147F7A-10E1-3A92-9F69-F86CFC81B69B}.release|x64.ActiveCfg = release|x64
		{28147F7A-10E1-3A92-9F69-F86CFC81B69B}.release|x64.Build.0 = release|x64
		{83CF7A10-104D-31AA-B34C-13BBAD3DCA5C}.debug|x64.ActiveCfg = debug|x64
		{83CF7A10-104D-31AA-B34C-13BBAD3DCA5C}.debug|x64.Build.0 = debug|x64
		{83CF7A10-104D-31AA-B34C-13BBAD3DCA5C}.checked|x64.ActiveCfg = checked|x64
		{83CF7A10-104D-31AA-B34C-13BBAD3DCA5C}.checked|x64.Build.0 = checked|x64
		{83CF7A10-104D-31AA-B34C-13BBAD3DCA5C}.profile|x64.ActiveCfg = profile|x64
		{83CF7A10-104D-31AA-B34C-13BBAD3DCA5C}.profile|x64.Build.0 = profile|x64
		{83CF7A10-104D-31AA-B34C-13BBAD3DCA5C}.release|x64.ActiveCfg = release|x64
		{83CF7A10-104D-31AA-B34C-13BBAD3DCA5C}.release|x64.Build.0 = release|x64
		{E3802E5D-07FE-3C05-AAB2-2D2C28969A84}.debug|x64.ActiveCfg = debug|x64
		{E3802E5D-07FE-3C05-AAB2-2D2C28969A84}.debug|x64.Build.0 = debug|x64
		{E3802E5D-07FE-3C05-AAB2-2D2C28969A84}.checked|x64.ActiveCfg = checked|x64
		{E3802E5D-07FE-3C05-AAB2-2D2C28969A84}.checked|x64.Build.0 = checked|x64
		{E3802E5D-07FE-3C05-AAB2-2D2C28969A84}.profile|x64.ActiveCfg = profile|x64
		{E3802E5D-07FE-3C05-AAB2-2D2C28969A84}.profile|x64.Build.0 = profile|x64
		{E3802E5D-07FE-3C05-AAB2-2D2C28969A84}.release|x64.ActiveCfg = release|x64
		{E3802E5D-07FE-3C05-AAB2-2D2C28969A84}.release|x64.Build.0 = release|x64
		{ADE283FD-49EC-3948-9D7F-EFC4FD387014}.debug|x64.ActiveCfg = debug|x64
		{ADE283FD-49EC-3948-9D7F-EFC4FD387014}.debug|x64.Build.0 = debug|x64
		{ADE283FD-49EC-3948-9D7F-EFC4FD387014}.checked|x64.ActiveCfg = checked|x64
		{ADE283FD-49EC-3948-9D7F-EFC4FD387014}.checked|x64.Build.0 = checked|x64
		{ADE283FD-49EC-3948-9D7F-EFC4FD387014}.profile|x64.ActiveCfg = profile|x64
		{ADE283FD-49EC-3948-9D7F-EFC4FD387014}.profile|x64.Build.0 = profile|x64
		{ADE283FD-49EC-3948-9D7F-EFC4FD387014}.release|x64.ActiveCfg = release|x64
		{ADE283FD-49EC-3948-9D7F-EFC4FD387014}.release|x64.Build.0 = release|x64
		{0B54B2AA-4648-370B-A44E-96809551C421}.debug|x64.ActiveCfg = debug|x64
		{0B54B2AA-4648-370B-A44E-96809551C421}.debug|x64.Build.0 = debug|x64
		{0B54B2AA-4648-370B-A44E-96809551C421}.checked|x64.ActiveCfg = checked|x64
		{0B54B2AA-4648-370B-A44E-96809551C421}.checked|x64.Build.0 = checked|x64
		{0B54B2AA-4648-370B-A44E-96809551C421}.profile|x64.ActiveCfg = profile|x64
		{0B54B2AA-4648-370B-A44E-96809551C421}.profile|x64.Build.0 = profile|x64
		{0B54B2AA-4648-370B-A44E-96809551C421}.release|x64.ActiveCfg = release|x64
		{0B54B2AA-4648-370B-A44E-96809551C421}.release|x64.Build.0 = release|x64
		{F77C86FB-2C00-389C-A28D-134D9C742CA2}.debug|x64.ActiveCfg = debug|x64
		{F77C86FB-2C00-389C-A28D-134D9C742CA2}.debug|x64.Build.0 = debug|x64
		{F77C86FB-2C00-389C-A28D-134D9C742CA2}.checked|x64.ActiveCfg = checked|x64
		{F77C86FB-2C00-389C-A28D-134D9C742CA2}.checked|x64.Build.0 = checked|x64
		{F77C86FB-2C00-389C-A28D-134D9C742CA2}.profile|x64.ActiveCfg = profile|x64
		{F77C86FB-2C00-389C-A28D-134D9C742CA2}.profile|x64.Build.0 = profile|x64
		{F77C86FB-2C00-389C-A28D-134D9C742CA2}.release|x64.ActiveCfg = release|x64
		{F77C86FB-2C00-389C-A28D-134D9C742CA2}.release|x64.Build.0 = release|x64
		{EB5253EC-BBC4-3EB3-AFE5-4AC1C9F6F32D}.debug|x64.ActiveCfg = debug|x64
		{EB5253EC-BBC4-3EB3-AFE5-4AC1C9F6F32D}.debug|x64.Build.0 = debug|x64
		{EB5253EC-BBC4-3EB3-AFE5-4AC1C9F6F32D}.checked|x64.ActiveCfg = checked|x64
		{EB5253EC-BBC4-3EB3-AFE5-4AC1C9F6F32D}.checked|x64.Build.0 = checked|x64
		{EB5253EC-BBC4-3EB3-AFE5-4AC1C9F6F32D}.profile|x64.ActiveCfg = profile|x64
		{EB5253EC-BBC4-3EB3-AFE5-4AC1C9F6F32D}.profile|x64.Build.0 = profile|x64
		{EB5253EC-BBC4-3EB3-AFE5-4AC1C9F6F32D}.release|x64.ActiveCfg = release|x64
		{EB5253EC-BBC4-3EB3-AFE5-4AC1C9F6F32D}.release|x64.Build.0 = release|x64
		{8D733786-4134-37D7-B14C-C5CEE671078F}.debug|x64.ActiveCfg = debug|x64
		{8D733786-4134-37D7-B14C-C5CEE671078F}.debug|x64.Build.0 = debug|x64
		{8D733786-4134-37D7-B14C-C5CEE671078F}.checked|x64.ActiveCfg = checked|x64
		{8D733786-4134-37D7-B14C-C5CEE671078F}.checked|x64.Build.0 = checked|x64
		{8D733786-4134-37D7-B14C-C5CEE671078F}.profile|x64.ActiveCfg = profile|x64
		{8D733786-4134-37D7-B14C-C5CEE671078F}.profile|x64.Build.0 = profile|x64
		{8D733786-4134-37D7-B14C-C5CEE671078F}.release|x64.ActiveCfg = release|x64
		{8D733786-4134-37D7-B14C-C5CEE671078F}.release|x64.Build.0 = release|x64
		{57E8B6EC-8680-360C-AAD3-E19EB31E55CB}.debug|x64.ActiveCfg = debug|x64
		{57E8B6EC-8680-360C-AAD3-E19EB31E55CB}.debug|x64.Build.0 = debug|x64
		{57E8B6EC-8680-360C-AAD3-E19EB31E55CB}.checked|x64.ActiveCfg = checked|x64
		{57E8B6EC-8680-360C-AAD3-E19EB31E55CB}.checked|x64.Build.0 = checked|x64
		{57E8B6EC-8680-360C-AAD3-E19EB31E55CB}.profile|x64.ActiveCfg = profile|x64
		{57E8B6EC-8680-360C-AAD3-E19EB31E55CB}.profile|x64.Build.0 = profile|x64
		{57E8B6EC-8680-360C-AAD3-E19EB31E55CB}.release|x64.ActiveCfg = release|x64
		{57E8B6EC-8680-360C-AAD3-E19EB31E55CB}.release|x64.Build.0 = release|x64
		{12A43D3E-43CC-3F74-82A4-4270525782A3}.debug|x64.ActiveCfg = debug|x64
		{12A43D3E-43CC-3F74-82A4-4270525782A3}.debug|x64.Build.0 = debug|x64
		{12A43D3E-43CC-3F74-82A4-4270525782A3}.checked|x64.ActiveCfg = checked|x64
		{12A43D3E-43CC-3F74-82A4-4270525782A3}.checked|x64.Build.0 = checked|x64
		{12A43D3E-43CC-3F74-82A4-4270525782A3}.profile|x64.ActiveCfg = profile|x64
		{12A43D3E-43CC-3F74-82A4-4270525782A3}.profile|x64.Build.0 = profile|x64
		{12A43D3E-43CC-3F74-82A4-4270525782A3}.release|x64.ActiveCfg = release|x64
		{12A43D3E-43CC-3F74-82A4-4270525782A3}.release|x64.Build.0 = release|x64
		{5B39FFF7-16DE-33CF-BD17-75E707EF69A9}.debug|x64.ActiveCfg = debug|x64
		{5B39FFF7-16DE-33CF-BD17-75E707EF69A9}.debug|x64.Build.0 = debug|x64
		{5B39FFF7-16DE-33CF-BD17-75E707EF69A9}.checked|x64.ActiveCfg = checked|x64
		{5B39FFF7-16DE-33CF-BD17-75E707EF69A9}.checked|x64.Build.0 = checked|x64
		{5B39FFF7-16DE-33CF-BD17-75E707EF69A9}.profile|x64.ActiveCfg = profile|x64
		{5B39FFF7-16DE-33CF-BD17-75E707EF69A9}.profile|x64.Build.0 = profile|x64
		{5B39FFF7-16DE-33CF-BD17-75E707EF69A9}.release|x64.ActiveCfg = release|x64
		{5B39FFF7-16DE-33CF-BD17-75E707EF69A9}.release|x64.Build.0 = release|x64
		{033B8541-2755-392B-A177-F4D6D025BD4B}.debug|x64.ActiveCfg = debug|x64
		{033B8541-2755-392B-A177-F4D6D025BD4B}.debug|x64.Build.0 = debug|x64
		{033B8541-2755-392B-A177-F4D6D025BD4B}.checked|x64.ActiveCfg = checked|x64
		{033B8541-2755-392B-A177-F4D6D025BD4B}.checked|x64.Build.0 = checked|x64
		{033B8541-2755-392B-A177-F4D6D025BD4B}.profile|x64.ActiveCfg = profile|x64
		{033B8541-2755-392B-A177-F4D6D025BD4B}.profile|x64.Build.0 = profile|x64
		{033B8541-2755-392B-A177-F4D6D025BD4B}.release|x64.ActiveCfg = release|x64
		{033B8541-2755-392B-A177-F4D6D025BD4B}.release|x64.Build.0 = release|x64
		{CEB0AFA4-2DAF-3E34-98AD-B22AAACA0481}.debug|x64.ActiveCfg = debug|x64
		{CEB0AFA4-2DAF-3E34-98AD-B22AAACA0481}.debug|x64.Build.0 = debug|x64
		{CEB0AFA4-2DAF-3E34-98AD-B22AAACA0481}.checked|x64.ActiveCfg = checked|x64
		{CEB0AFA4-2DAF-3E34-98AD-B22AAACA0481}.checked|x64.Build.0 = checked|x64
		{CEB0AFA4-2DAF-3E34-98AD-B22AAACA0481}.profile|x64.ActiveCfg = profile|x64
		{CEB0AFA4-2DAF-3E34-98AD-B22AAACA0481}.profile|x64.Build.0 = profile|x64
		{CEB0AFA4-2DAF-3E34-98AD-B22AAACA0481}.release|x64.ActiveCfg = release|x64
		{CEB0AFA4-2DAF-3E34-98AD-B22AAACA0481}.release|x64.Build.0 = release|x64
	EndGlobalSection
	GlobalSection(NestedProjects) = preSolution
		{2CE8A243-B83D-3605-9723-5440B65E6160} = {1A23E013-D336-3D0B-B357-80CF9C4AFCBC}
		{03073D5B-3D23-330E-BEFE-ED45A9B9AA9C} = {1A23E013-D336-3D0B-B357-80CF9C4AFCBC}
		{CEB0AFA4-2DAF-3E34-98AD-B22AAACA0481} = {1A23E013-D336-3D0B-B357-80CF9C4AFCBC}
		{3733BBFA-D337-363A-B373-176948DF23FE} = {104AA5A6-6B4F-3A74-A1AA-C40D7BE1E3F7}
		{5C259528-AB03-3CB3-9504-F8848A8E7B6F} = {104AA5A6-6B4F-3A74-A1AA-C40D7BE1E3F7}
		{5E9A9012-CEB9-3BE5-8AFE-00F7AF408995} = {104AA5A6-6B4F-3A74-A1AA-C40D7BE1E3F7}
		{97B98AC3-7FF2-3348-830D-C61945EA13A0} = {104AA5A6-6B4F-3A74-A1AA-C40D7BE1E3F7}
		{0B4D7803-7D11-3B61-BC50-2E3B9DD80851} = {104AA5A6-6B4F-3A74-A1AA-C40D7BE1E3F7}
		{ACE12B35-0B20-37D8-B58B-BC111D3B8A4C} = {104AA5A6-6B4F-3A74-A1AA-C40D7BE1E3F7}
		{CBCB2D10-FA08-370C-8B70-1D5BED29A4B8} = {104AA5A6-6B4F-3A74-A1AA-C40D7BE1E3F7}
		{1017D8CB-7676-363C-BA84-00D2D5C1C41C} = {104AA5A6-6B4F-3A74-A1AA-C40D7BE1E3F7}
		{1DF1740D-1629-31B1-832D-BE75BCE711B4} = {104AA5A6-6B4F-3A74-A1AA-C40D7BE1E3F7}
		{0F4AF026-E642-303F-9CD4-B47999ED6E0C} = {104AA5A6-6B4F-3A74-A1AA-C40D7BE1E3F7}
		{555815A0-5A16-3138-8184-5293CC6ACEAD} = {104AA5A6-6B4F-3A74-A1AA-C40D7BE1E3F7}
		{95E0E9CC-E412-3A09-AADA-6465D9DB9BE0} = {104AA5A6-6B4F-3A74-A1AA-C40D7BE1E3F7}
		{164F0C48-CE34-3AA0-AAE1-254DF10DDC9B} = {104AA5A6-6B4F-3A74-A1AA-C40D7BE1E3F7}
		{5B494BD9-0861-3EBE-B0B9-20F5101DDB72} = {104AA5A6-6B4F-3A74-A1AA-C40D7BE1E3F7}
		{52BAE09C-45BB-385F-BEB3-83D8240A9A96} = {104AA5A6-6B4F-3A74-A1AA-C40D7BE1E3F7}
		{94F2AF68-76A8-361D-9CDE-5E34A16727AB} = {39AF8F06-DFBF-398F-B093-EA947735EEC0}
		{7BBA4BDB-A53D-3CCB-BDA2-6401678CE1DA} = {39AF8F06-DFBF-398F-B093-EA947735EEC0}
		{4F298745-D1D1-3629-8423-07D5C0ECCA0A} = {39AF8F06-DFBF-398F-B093-EA947735EEC0}
		{2650DC21-596B-3DA7-8870-98E4407A6DCC} = {39AF8F06-DFBF-398F-B093-EA947735EEC0}
		{0532D431-42E6-37B3-A845-0CB9ABE640C8} = {39AF8F06-DFBF-398F-B093-EA947735EEC0}
		{52C3CCFE-6E02-37ED-AE77-52220F9A425A} = {39AF8F06-DFBF-398F-B093-EA947735EEC0}
		{2E5D2C81-5ED0-384D-800A-24CFEF5E2E6A} = {39AF8F06-DFBF-398F-B093-EA947735EEC0}
		{81433EFD-97A0-3890-AA32-E77183696276} = {39AF8F06-DFBF-398F-B093-EA947735EEC0}
		{3381E46B-F30C-33E8-A7D0-7FACC93CFE37} = {39AF8F06-DFBF-398F-B093-EA947735EEC0}
		{2E571DB0-10D0-333D-BF26-4BA9F41B2ED6} = {39AF8F06-DFBF-398F-B093-EA947735EEC0}
		{7B7E4DCB-A47D-3ED1-82A9-195B407B3CD7} = {39AF8F06-DFBF-398F-B093-EA947735EEC0}
		{629B8AA6-1267-327F-B87D-B23291648373} = {39AF8F06-DFBF-398F-B093-EA947735EEC0}
		{3CACD583-2F73-361D-9686-B86B614F29D7} = {39AF8F06-DFBF-398F-B093-EA947735EEC0}
		{41CD3E1F-12AC-393D-A3F7-D535D67B4039} = {39AF8F06-DFBF-398F-B093-EA947735EEC0}
		{AB06C457-915D-3C13-89BE-4019D95CF046} = {39AF8F06-DFBF-398F-B093-EA947735EEC0}
		{9FE28EAF-17E2-3BF7-B901-0F0E200EFA58} = {39AF8F06-DFBF-398F-B093-EA947735EEC0}
		{AA460C07-C159-31A9-9676-96676A7A8679} = {39AF8F06-DFBF-398F-B093-EA947735EEC0}
		{EF6A23BF-3650-3438-954D-F6B0BD2CDEB1} = {39AF8F06-DFBF-398F-B093-EA947735EEC0}
		{3C94D290-8C6A-3640-A90C-D696E8B06813} = {39AF8F06-DFBF-398F-B093-EA947735EEC0}
		{1E047F15-3982-3647-8472-137F8C75034D} = {39AF8F06-DFBF-398F-B093-EA947735EEC0}
		{6888FE58-3128-3B99-92F3-A0BDD14555FE} = {39AF8F06-DFBF-398F-B093-EA947735EEC0}
		{D7ABCB66-6A81-3312-8646-D61A6708D2A5} = {39AF8F06-DFBF-398F-B093-EA947735EEC0}
		{ADA3E5BA-F6DC-38DA-8878-36D01ADDC168} = {39AF8F06-DFBF-398F-B093-EA947735EEC0}
		{28147F7A-10E1-3A92-9F69-F86CFC81B69B} = {39AF8F06-DFBF-398F-B093-EA947735EEC0}
		{83CF7A10-104D-31AA-B34C-13BBAD3DCA5C} = {39AF8F06-DFBF-398F-B093-EA947735EEC0}
		{E3802E5D-07FE-3C05-AAB2-2D2C28969A84} = {39AF8F06-DFBF-398F-B093-EA947735EEC0}
		{ADE283FD-49EC-3948-9D7F-EFC4FD387014} = {39AF8F06-DFBF-398F-B093-EA947735EEC0}
		{0B54B2AA-4648-370B-A44E-96809551C421} = {39AF8F06-DFBF-398F-B093-EA947735EEC0}
		{F77C86FB-2C00-389C-A28D-134D9C742CA2} = {39AF8F06-DFBF-398F-B093-EA947735EEC0}
		{EB5253EC-BBC4-3EB3-AFE5-4AC1C9F6F32D} = {39AF8F06-DFBF-398F-B093-EA947735EEC0}
		{8D733786-4134-37D7-B14C-C5CEE671078F} = {39AF8F06-DFBF-398F-B093-EA947735EEC0}
		{57E8B6EC-8680-360C-AAD3-E19EB31E55CB} = {39AF8F06-DFBF-398F-B093-EA947735EEC0}
		{12A43D3E-43CC-3F74-82A4-4270525782A3} = {39AF8F06-DFBF-398F-B093-EA947735EEC0}
		{5B39FFF7-16DE-33CF-BD17-75E707EF69A9} = {39AF8F06-DFBF-398F-B093-EA947735EEC0}
		{033B8541-2755-392B-A177-F4D6D025BD4B} = {39AF8F06-DFBF-398F-B093-EA947735EEC0}
	EndGlobalSection
	GlobalSection(ExtensibilityGlobals) = postSolution
		SolutionGuid = {9B87C3E3-22FA-31F0-BB4A-C439004F3EEF}
	EndGlobalSection
	GlobalSection(ExtensibilityAddIns) = postSolution
	EndGlobalSection
EndGlobal
