Microsoft Visual Studio Solution File, Format Version 12.00
# Visual Studio 15
Project("{2150E333-8FDC-42A3-9474-1A3956D46DE8}") = "CMakePredefinedTargets", "CMakePredefinedTargets", "{1FB6E2AE-BD27-357C-9F8A-05138A5941A0}"
EndProject
Project("{2150E333-8FDC-42A3-9474-1A3956D46DE8}") = "PhysX SDK", "PhysX SDK", "{E048BD1D-947F-39F1-9D57-5F258521FFB1}"
EndProject
Project("{8BC9CEB8-8B4A-11D0-8D11-00A0C91BC942}") = "ALL_BUILD", "ALL_BUILD.vcxproj", "{745311C5-AE52-3429-87E6-066610F5254D}"
	ProjectSection(ProjectDependencies) = postProject
		{E3DC0518-9039-373A-B362-A36BC616A449} = {E3DC0518-9039-373A-B362-A36BC616A449}
		{40DE40D4-700C-3DE9-AD94-CC0866671843} = {40DE40D4-700C-3DE9-AD94-CC0866671843}
		{138D2C0A-CCB9-3F4F-8374-BE2EC2C53BDF} = {138D2C0A-CCB9-3F4F-8374-BE2EC2C53BDF}
		{71FEE5D7-076F-339B-97D7-37BA00CB6E7A} = {71FEE5D7-076F-339B-97D7-37BA00CB6E7A}
		{D9E52845-AF82-3A00-905C-BCAD34DB0A82} = {D9E52845-AF82-3A00-905C-BCAD34DB0A82}
		{48DF7049-BBFD-3811-8CE6-DF6841A2F13C} = {48DF7049-BBFD-3811-8CE6-DF6841A2F13C}
		{1FBF798E-4187-302F-967A-9EF71E615B24} = {1FBF798E-4187-302F-967A-9EF71E615B24}
		{9439E24F-6036-3AE5-BBD9-C4517DC05D11} = {9439E24F-6036-3AE5-BBD9-C4517DC05D11}
		{962DCF3A-07F2-31C3-A6C2-AD337C36778E} = {962DCF3A-07F2-31C3-A6C2-AD337C36778E}
		{7E2AE939-579F-381E-80DE-68CB2168EBDB} = {7E2AE939-579F-381E-80DE-68CB2168EBDB}
		{DEF2B631-B99C-38B9-9E1F-A6E462FBC547} = {DEF2B631-B99C-38B9-9E1F-A6E462FBC547}
		{96811E1A-8FB4-3B65-B481-3670EE146C2F} = {96811E1A-8FB4-3B65-B481-3670EE146C2F}
		{BE950DE2-6BD5-3AC8-AF1A-5687D4AF6048} = {BE950DE2-6BD5-3AC8-AF1A-5687D4AF6048}
		{7CE147BD-03BE-335A-910B-11BD873274B2} = {7CE147BD-03BE-335A-910B-11BD873274B2}
		{6E3AB0A2-B1A8-3C7F-A235-7445EC06DA32} = {6E3AB0A2-B1A8-3C7F-A235-7445EC06DA32}
		{99214F26-FCF8-39CF-BA6B-CA965EE36783} = {99214F26-FCF8-39CF-BA6B-CA965EE36783}
	EndProjectSection
EndProject
Project("{8BC9CEB8-8B4A-11D0-8D11-00A0C91BC942}") = "FastXml", "FastXml.vcxproj", "{E3DC0518-9039-373A-B362-A36BC616A449}"
	ProjectSection(ProjectDependencies) = postProject
		{99214F26-FCF8-39CF-BA6B-CA965EE36783} = {99214F26-FCF8-39CF-BA6B-CA965EE36783}
	EndProjectSection
EndProject
Project("{8BC9CEB8-8B4A-11D0-8D11-00A0C91BC942}") = "INSTALL", "INSTALL.vcxproj", "{BCFACF9F-AFA3-3708-A880-2F479B2EE4CA}"
	ProjectSection(ProjectDependencies) = postProject
		{745311C5-AE52-3429-87E6-066610F5254D} = {745311C5-AE52-3429-87E6-066610F5254D}
		{99214F26-FCF8-39CF-BA6B-CA965EE36783} = {99214F26-FCF8-39CF-BA6B-CA965EE36783}
	EndProjectSection
EndProject
Project("{8BC9CEB8-8B4A-11D0-8D11-00A0C91BC942}") = "LowLevel", "LowLevel.vcxproj", "{40DE40D4-700C-3DE9-AD94-CC0866671843}"
	ProjectSection(ProjectDependencies) = postProject
		{99214F26-FCF8-39CF-BA6B-CA965EE36783} = {99214F26-FCF8-39CF-BA6B-CA965EE36783}
	EndProjectSection
EndProject
Project("{8BC9CEB8-8B4A-11D0-8D11-00A0C91BC942}") = "LowLevelAABB", "LowLevelAABB.vcxproj", "{138D2C0A-CCB9-3F4F-8374-BE2EC2C53BDF}"
	ProjectSection(ProjectDependencies) = postProject
		{99214F26-FCF8-39CF-BA6B-CA965EE36783} = {99214F26-FCF8-39CF-BA6B-CA965EE36783}
	EndProjectSection
EndProject
Project("{8BC9CEB8-8B4A-11D0-8D11-00A0C91BC942}") = "LowLevelDynamics", "LowLevelDynamics.vcxproj", "{71FEE5D7-076F-339B-97D7-37BA00CB6E7A}"
	ProjectSection(ProjectDependencies) = postProject
		{99214F26-FCF8-39CF-BA6B-CA965EE36783} = {99214F26-FCF8-39CF-BA6B-CA965EE36783}
	EndProjectSection
EndProject
Project("{8BC9CEB8-8B4A-11D0-8D11-00A0C91BC942}") = "PhysX", "PhysX.vcxproj", "{D9E52845-AF82-3A00-905C-BCAD34DB0A82}"
	ProjectSection(ProjectDependencies) = postProject
		{40DE40D4-700C-3DE9-AD94-CC0866671843} = {40DE40D4-700C-3DE9-AD94-CC0866671843}
		{138D2C0A-CCB9-3F4F-8374-BE2EC2C53BDF} = {138D2C0A-CCB9-3F4F-8374-BE2EC2C53BDF}
		{71FEE5D7-076F-339B-97D7-37BA00CB6E7A} = {71FEE5D7-076F-339B-97D7-37BA00CB6E7A}
		{1FBF798E-4187-302F-967A-9EF71E615B24} = {1FBF798E-4187-302F-967A-9EF71E615B24}
		{7E2AE939-579F-381E-80DE-68CB2168EBDB} = {7E2AE939-579F-381E-80DE-68CB2168EBDB}
		{DEF2B631-B99C-38B9-9E1F-A6E462FBC547} = {DEF2B631-B99C-38B9-9E1F-A6E462FBC547}
		{96811E1A-8FB4-3B65-B481-3670EE146C2F} = {96811E1A-8FB4-3B65-B481-3670EE146C2F}
		{7CE147BD-03BE-335A-910B-11BD873274B2} = {7CE147BD-03BE-335A-910B-11BD873274B2}
		{6E3AB0A2-B1A8-3C7F-A235-7445EC06DA32} = {6E3AB0A2-B1A8-3C7F-A235-7445EC06DA32}
		{99214F26-FCF8-39CF-BA6B-CA965EE36783} = {99214F26-FCF8-39CF-BA6B-CA965EE36783}
	EndProjectSection
EndProject
Project("{8BC9CEB8-8B4A-11D0-8D11-00A0C91BC942}") = "PhysXCharacterKinematic", "PhysXCharacterKinematic.vcxproj", "{48DF7049-BBFD-3811-8CE6-DF6841A2F13C}"
	ProjectSection(ProjectDependencies) = postProject
		{7E2AE939-579F-381E-80DE-68CB2168EBDB} = {7E2AE939-579F-381E-80DE-68CB2168EBDB}
		{99214F26-FCF8-39CF-BA6B-CA965EE36783} = {99214F26-FCF8-39CF-BA6B-CA965EE36783}
	EndProjectSection
EndProject
Project("{8BC9CEB8-8B4A-11D0-8D11-00A0C91BC942}") = "PhysXCommon", "PhysXCommon.vcxproj", "{1FBF798E-4187-302F-967A-9EF71E615B24}"
	ProjectSection(ProjectDependencies) = postProject
		{7E2AE939-579F-381E-80DE-68CB2168EBDB} = {7E2AE939-579F-381E-80DE-68CB2168EBDB}
		{99214F26-FCF8-39CF-BA6B-CA965EE36783} = {99214F26-FCF8-39CF-BA6B-CA965EE36783}
	EndProjectSection
EndProject
Project("{8BC9CEB8-8B4A-11D0-8D11-00A0C91BC942}") = "PhysXCooking", "PhysXCooking.vcxproj", "{9439E24F-6036-3AE5-BBD9-C4517DC05D11}"
	ProjectSection(ProjectDependencies) = postProject
		{1FBF798E-4187-302F-967A-9EF71E615B24} = {1FBF798E-4187-302F-967A-9EF71E615B24}
		{7E2AE939-579F-381E-80DE-68CB2168EBDB} = {7E2AE939-579F-381E-80DE-68CB2168EBDB}
		{99214F26-FCF8-39CF-BA6B-CA965EE36783} = {99214F26-FCF8-39CF-BA6B-CA965EE36783}
	EndProjectSection
EndProject
Project("{8BC9CEB8-8B4A-11D0-8D11-00A0C91BC942}") = "PhysXExtensions", "PhysXExtensions.vcxproj", "{962DCF3A-07F2-31C3-A6C2-AD337C36778E}"
	ProjectSection(ProjectDependencies) = postProject
		{E3DC0518-9039-373A-B362-A36BC616A449} = {E3DC0518-9039-373A-B362-A36BC616A449}
		{D9E52845-AF82-3A00-905C-BCAD34DB0A82} = {D9E52845-AF82-3A00-905C-BCAD34DB0A82}
		{1FBF798E-4187-302F-967A-9EF71E615B24} = {1FBF798E-4187-302F-967A-9EF71E615B24}
		{7E2AE939-579F-381E-80DE-68CB2168EBDB} = {7E2AE939-579F-381E-80DE-68CB2168EBDB}
		{DEF2B631-B99C-38B9-9E1F-A6E462FBC547} = {DEF2B631-B99C-38B9-9E1F-A6E462FBC547}
		{99214F26-FCF8-39CF-BA6B-CA965EE36783} = {99214F26-FCF8-39CF-BA6B-CA965EE36783}
	EndProjectSection
EndProject
Project("{8BC9CEB8-8B4A-11D0-8D11-00A0C91BC942}") = "PhysXFoundation", "PhysXFoundation.vcxproj", "{7E2AE939-579F-381E-80DE-68CB2168EBDB}"
	ProjectSection(ProjectDependencies) = postProject
		{99214F26-FCF8-39CF-BA6B-CA965EE36783} = {99214F26-FCF8-39CF-BA6B-CA965EE36783}
	EndProjectSection
EndProject
Project("{8BC9CEB8-8B4A-11D0-8D11-00A0C91BC942}") = "PhysXPvdSDK", "PhysXPvdSDK.vcxproj", "{DEF2B631-B99C-38B9-9E1F-A6E462FBC547}"
	ProjectSection(ProjectDependencies) = postProject
		{7E2AE939-579F-381E-80DE-68CB2168EBDB} = {7E2AE939-579F-381E-80DE-68CB2168EBDB}
		{99214F26-FCF8-39CF-BA6B-CA965EE36783} = {99214F26-FCF8-39CF-BA6B-CA965EE36783}
	EndProjectSection
EndProject
Project("{8BC9CEB8-8B4A-11D0-8D11-00A0C91BC942}") = "PhysXTask", "PhysXTask.vcxproj", "{96811E1A-8FB4-3B65-B481-3670EE146C2F}"
	ProjectSection(ProjectDependencies) = postProject
		{99214F26-FCF8-39CF-BA6B-CA965EE36783} = {99214F26-FCF8-39CF-BA6B-CA965EE36783}
	EndProjectSection
EndProject
Project("{8BC9CEB8-8B4A-11D0-8D11-00A0C91BC942}") = "PhysXVehicle", "PhysXVehicle.vcxproj", "{BE950DE2-6BD5-3AC8-AF1A-5687D4AF6048}"
	ProjectSection(ProjectDependencies) = postProject
		{7E2AE939-579F-381E-80DE-68CB2168EBDB} = {7E2AE939-579F-381E-80DE-68CB2168EBDB}
		{DEF2B631-B99C-38B9-9E1F-A6E462FBC547} = {DEF2B631-B99C-38B9-9E1F-A6E462FBC547}
		{99214F26-FCF8-39CF-BA6B-CA965EE36783} = {99214F26-FCF8-39CF-BA6B-CA965EE36783}
	EndProjectSection
EndProject
Project("{8BC9CEB8-8B4A-11D0-8D11-00A0C91BC942}") = "SceneQuery", "SceneQuery.vcxproj", "{7CE147BD-03BE-335A-910B-11BD873274B2}"
	ProjectSection(ProjectDependencies) = postProject
		{99214F26-FCF8-39CF-BA6B-CA965EE36783} = {99214F26-FCF8-39CF-BA6B-CA965EE36783}
	EndProjectSection
EndProject
Project("{8BC9CEB8-8B4A-11D0-8D11-00A0C91BC942}") = "SimulationController", "SimulationController.vcxproj", "{6E3AB0A2-B1A8-3C7F-A235-7445EC06DA32}"
	ProjectSection(ProjectDependencies) = postProject
		{99214F26-FCF8-39CF-BA6B-CA965EE36783} = {99214F26-FCF8-39CF-BA6B-CA965EE36783}
	EndProjectSection
EndProject
Project("{8BC9CEB8-8B4A-11D0-8D11-00A0C91BC942}") = "ZERO_CHECK", "..\\ZERO_CHECK.vcxproj", "{99214F26-FCF8-39CF-BA6B-CA965EE36783}"
	ProjectSection(ProjectDependencies) = postProject
	EndProjectSection
EndProject
Global
	GlobalSection(SolutionConfigurationPlatforms) = preSolution
		debug|x64 = debug|x64
		checked|x64 = checked|x64
		profile|x64 = profile|x64
		release|x64 = release|x64
	EndGlobalSection
	GlobalSection(ProjectConfigurationPlatforms) = postSolution
		{745311C5-AE52-3429-87E6-066610F5254D}.debug|x64.ActiveCfg = debug|x64
		{745311C5-AE52-3429-87E6-066610F5254D}.debug|x64.Build.0 = debug|x64
		{745311C5-AE52-3429-87E6-066610F5254D}.checked|x64.ActiveCfg = checked|x64
		{745311C5-AE52-3429-87E6-066610F5254D}.checked|x64.Build.0 = checked|x64
		{745311C5-AE52-3429-87E6-066610F5254D}.profile|x64.ActiveCfg = profile|x64
		{745311C5-AE52-3429-87E6-066610F5254D}.profile|x64.Build.0 = profile|x64
		{745311C5-AE52-3429-87E6-066610F5254D}.release|x64.ActiveCfg = release|x64
		{745311C5-AE52-3429-87E6-066610F5254D}.release|x64.Build.0 = release|x64
		{E3DC0518-9039-373A-B362-A36BC616A449}.debug|x64.ActiveCfg = debug|x64
		{E3DC0518-9039-373A-B362-A36BC616A449}.debug|x64.Build.0 = debug|x64
		{E3DC0518-9039-373A-B362-A36BC616A449}.checked|x64.ActiveCfg = checked|x64
		{E3DC0518-9039-373A-B362-A36BC616A449}.checked|x64.Build.0 = checked|x64
		{E3DC0518-9039-373A-B362-A36BC616A449}.profile|x64.ActiveCfg = profile|x64
		{E3DC0518-9039-373A-B362-A36BC616A449}.profile|x64.Build.0 = profile|x64
		{E3DC0518-9039-373A-B362-A36BC616A449}.release|x64.ActiveCfg = release|x64
		{E3DC0518-9039-373A-B362-A36BC616A449}.release|x64.Build.0 = release|x64
		{BCFACF9F-AFA3-3708-A880-2F479B2EE4CA}.debug|x64.ActiveCfg = debug|x64
		{BCFACF9F-AFA3-3708-A880-2F479B2EE4CA}.checked|x64.ActiveCfg = checked|x64
		{BCFACF9F-AFA3-3708-A880-2F479B2EE4CA}.profile|x64.ActiveCfg = profile|x64
		{BCFACF9F-AFA3-3708-A880-2F479B2EE4CA}.release|x64.ActiveCfg = release|x64
		{40DE40D4-700C-3DE9-AD94-CC0866671843}.debug|x64.ActiveCfg = debug|x64
		{40DE40D4-700C-3DE9-AD94-CC0866671843}.debug|x64.Build.0 = debug|x64
		{40DE40D4-700C-3DE9-AD94-CC0866671843}.checked|x64.ActiveCfg = checked|x64
		{40DE40D4-700C-3DE9-AD94-CC0866671843}.checked|x64.Build.0 = checked|x64
		{40DE40D4-700C-3DE9-AD94-CC0866671843}.profile|x64.ActiveCfg = profile|x64
		{40DE40D4-700C-3DE9-AD94-CC0866671843}.profile|x64.Build.0 = profile|x64
		{40DE40D4-700C-3DE9-AD94-CC0866671843}.release|x64.ActiveCfg = release|x64
		{40DE40D4-700C-3DE9-AD94-CC0866671843}.release|x64.Build.0 = release|x64
		{138D2C0A-CCB9-3F4F-8374-BE2EC2C53BDF}.debug|x64.ActiveCfg = debug|x64
		{138D2C0A-CCB9-3F4F-8374-BE2EC2C53BDF}.debug|x64.Build.0 = debug|x64
		{138D2C0A-CCB9-3F4F-8374-BE2EC2C53BDF}.checked|x64.ActiveCfg = checked|x64
		{138D2C0A-CCB9-3F4F-8374-BE2EC2C53BDF}.checked|x64.Build.0 = checked|x64
		{138D2C0A-CCB9-3F4F-8374-BE2EC2C53BDF}.profile|x64.ActiveCfg = profile|x64
		{138D2C0A-CCB9-3F4F-8374-BE2EC2C53BDF}.profile|x64.Build.0 = profile|x64
		{138D2C0A-CCB9-3F4F-8374-BE2EC2C53BDF}.release|x64.ActiveCfg = release|x64
		{138D2C0A-CCB9-3F4F-8374-BE2EC2C53BDF}.release|x64.Build.0 = release|x64
		{71FEE5D7-076F-339B-97D7-37BA00CB6E7A}.debug|x64.ActiveCfg = debug|x64
		{71FEE5D7-076F-339B-97D7-37BA00CB6E7A}.debug|x64.Build.0 = debug|x64
		{71FEE5D7-076F-339B-97D7-37BA00CB6E7A}.checked|x64.ActiveCfg = checked|x64
		{71FEE5D7-076F-339B-97D7-37BA00CB6E7A}.checked|x64.Build.0 = checked|x64
		{71FEE5D7-076F-339B-97D7-37BA00CB6E7A}.profile|x64.ActiveCfg = profile|x64
		{71FEE5D7-076F-339B-97D7-37BA00CB6E7A}.profile|x64.Build.0 = profile|x64
		{71FEE5D7-076F-339B-97D7-37BA00CB6E7A}.release|x64.ActiveCfg = release|x64
		{71FEE5D7-076F-339B-97D7-37BA00CB6E7A}.release|x64.Build.0 = release|x64
		{D9E52845-AF82-3A00-905C-BCAD34DB0A82}.debug|x64.ActiveCfg = debug|x64
		{D9E52845-AF82-3A00-905C-BCAD34DB0A82}.debug|x64.Build.0 = debug|x64
		{D9E52845-AF82-3A00-905C-BCAD34DB0A82}.checked|x64.ActiveCfg = checked|x64
		{D9E52845-AF82-3A00-905C-BCAD34DB0A82}.checked|x64.Build.0 = checked|x64
		{D9E52845-AF82-3A00-905C-BCAD34DB0A82}.profile|x64.ActiveCfg = profile|x64
		{D9E52845-AF82-3A00-905C-BCAD34DB0A82}.profile|x64.Build.0 = profile|x64
		{D9E52845-AF82-3A00-905C-BCAD34DB0A82}.release|x64.ActiveCfg = release|x64
		{D9E52845-AF82-3A00-905C-BCAD34DB0A82}.release|x64.Build.0 = release|x64
		{48DF7049-BBFD-3811-8CE6-DF6841A2F13C}.debug|x64.ActiveCfg = debug|x64
		{48DF7049-BBFD-3811-8CE6-DF6841A2F13C}.debug|x64.Build.0 = debug|x64
		{48DF7049-BBFD-3811-8CE6-DF6841A2F13C}.checked|x64.ActiveCfg = checked|x64
		{48DF7049-BBFD-3811-8CE6-DF6841A2F13C}.checked|x64.Build.0 = checked|x64
		{48DF7049-BBFD-3811-8CE6-DF6841A2F13C}.profile|x64.ActiveCfg = profile|x64
		{48DF7049-BBFD-3811-8CE6-DF6841A2F13C}.profile|x64.Build.0 = profile|x64
		{48DF7049-BBFD-3811-8CE6-DF6841A2F13C}.release|x64.ActiveCfg = release|x64
		{48DF7049-BBFD-3811-8CE6-DF6841A2F13C}.release|x64.Build.0 = release|x64
		{1FBF798E-4187-302F-967A-9EF71E615B24}.debug|x64.ActiveCfg = debug|x64
		{1FBF798E-4187-302F-967A-9EF71E615B24}.debug|x64.Build.0 = debug|x64
		{1FBF798E-4187-302F-967A-9EF71E615B24}.checked|x64.ActiveCfg = checked|x64
		{1FBF798E-4187-302F-967A-9EF71E615B24}.checked|x64.Build.0 = checked|x64
		{1FBF798E-4187-302F-967A-9EF71E615B24}.profile|x64.ActiveCfg = profile|x64
		{1FBF798E-4187-302F-967A-9EF71E615B24}.profile|x64.Build.0 = profile|x64
		{1FBF798E-4187-302F-967A-9EF71E615B24}.release|x64.ActiveCfg = release|x64
		{1FBF798E-4187-302F-967A-9EF71E615B24}.release|x64.Build.0 = release|x64
		{9439E24F-6036-3AE5-BBD9-C4517DC05D11}.debug|x64.ActiveCfg = debug|x64
		{9439E24F-6036-3AE5-BBD9-C4517DC05D11}.debug|x64.Build.0 = debug|x64
		{9439E24F-6036-3AE5-BBD9-C4517DC05D11}.checked|x64.ActiveCfg = checked|x64
		{9439E24F-6036-3AE5-BBD9-C4517DC05D11}.checked|x64.Build.0 = checked|x64
		{9439E24F-6036-3AE5-BBD9-C4517DC05D11}.profile|x64.ActiveCfg = profile|x64
		{9439E24F-6036-3AE5-BBD9-C4517DC05D11}.profile|x64.Build.0 = profile|x64
		{9439E24F-6036-3AE5-BBD9-C4517DC05D11}.release|x64.ActiveCfg = release|x64
		{9439E24F-6036-3AE5-BBD9-C4517DC05D11}.release|x64.Build.0 = release|x64
		{962DCF3A-07F2-31C3-A6C2-AD337C36778E}.debug|x64.ActiveCfg = debug|x64
		{962DCF3A-07F2-31C3-A6C2-AD337C36778E}.debug|x64.Build.0 = debug|x64
		{962DCF3A-07F2-31C3-A6C2-AD337C36778E}.checked|x64.ActiveCfg = checked|x64
		{962DCF3A-07F2-31C3-A6C2-AD337C36778E}.checked|x64.Build.0 = checked|x64
		{962DCF3A-07F2-31C3-A6C2-AD337C36778E}.profile|x64.ActiveCfg = profile|x64
		{962DCF3A-07F2-31C3-A6C2-AD337C36778E}.profile|x64.Build.0 = profile|x64
		{962DCF3A-07F2-31C3-A6C2-AD337C36778E}.release|x64.ActiveCfg = release|x64
		{962DCF3A-07F2-31C3-A6C2-AD337C36778E}.release|x64.Build.0 = release|x64
		{7E2AE939-579F-381E-80DE-68CB2168EBDB}.debug|x64.ActiveCfg = debug|x64
		{7E2AE939-579F-381E-80DE-68CB2168EBDB}.debug|x64.Build.0 = debug|x64
		{7E2AE939-579F-381E-80DE-68CB2168EBDB}.checked|x64.ActiveCfg = checked|x64
		{7E2AE939-579F-381E-80DE-68CB2168EBDB}.checked|x64.Build.0 = checked|x64
		{7E2AE939-579F-381E-80DE-68CB2168EBDB}.profile|x64.ActiveCfg = profile|x64
		{7E2AE939-579F-381E-80DE-68CB2168EBDB}.profile|x64.Build.0 = profile|x64
		{7E2AE939-579F-381E-80DE-68CB2168EBDB}.release|x64.ActiveCfg = release|x64
		{7E2AE939-579F-381E-80DE-68CB2168EBDB}.release|x64.Build.0 = release|x64
		{DEF2B631-B99C-38B9-9E1F-A6E462FBC547}.debug|x64.ActiveCfg = debug|x64
		{DEF2B631-B99C-38B9-9E1F-A6E462FBC547}.debug|x64.Build.0 = debug|x64
		{DEF2B631-B99C-38B9-9E1F-A6E462FBC547}.checked|x64.ActiveCfg = checked|x64
		{DEF2B631-B99C-38B9-9E1F-A6E462FBC547}.checked|x64.Build.0 = checked|x64
		{DEF2B631-B99C-38B9-9E1F-A6E462FBC547}.profile|x64.ActiveCfg = profile|x64
		{DEF2B631-B99C-38B9-9E1F-A6E462FBC547}.profile|x64.Build.0 = profile|x64
		{DEF2B631-B99C-38B9-9E1F-A6E462FBC547}.release|x64.ActiveCfg = release|x64
		{DEF2B631-B99C-38B9-9E1F-A6E462FBC547}.release|x64.Build.0 = release|x64
		{96811E1A-8FB4-3B65-B481-3670EE146C2F}.debug|x64.ActiveCfg = debug|x64
		{96811E1A-8FB4-3B65-B481-3670EE146C2F}.debug|x64.Build.0 = debug|x64
		{96811E1A-8FB4-3B65-B481-3670EE146C2F}.checked|x64.ActiveCfg = checked|x64
		{96811E1A-8FB4-3B65-B481-3670EE146C2F}.checked|x64.Build.0 = checked|x64
		{96811E1A-8FB4-3B65-B481-3670EE146C2F}.profile|x64.ActiveCfg = profile|x64
		{96811E1A-8FB4-3B65-B481-3670EE146C2F}.profile|x64.Build.0 = profile|x64
		{96811E1A-8FB4-3B65-B481-3670EE146C2F}.release|x64.ActiveCfg = release|x64
		{96811E1A-8FB4-3B65-B481-3670EE146C2F}.release|x64.Build.0 = release|x64
		{BE950DE2-6BD5-3AC8-AF1A-5687D4AF6048}.debug|x64.ActiveCfg = debug|x64
		{BE950DE2-6BD5-3AC8-AF1A-5687D4AF6048}.debug|x64.Build.0 = debug|x64
		{BE950DE2-6BD5-3AC8-AF1A-5687D4AF6048}.checked|x64.ActiveCfg = checked|x64
		{BE950DE2-6BD5-3AC8-AF1A-5687D4AF6048}.checked|x64.Build.0 = checked|x64
		{BE950DE2-6BD5-3AC8-AF1A-5687D4AF6048}.profile|x64.ActiveCfg = profile|x64
		{BE950DE2-6BD5-3AC8-AF1A-5687D4AF6048}.profile|x64.Build.0 = profile|x64
		{BE950DE2-6BD5-3AC8-AF1A-5687D4AF6048}.release|x64.ActiveCfg = release|x64
		{BE950DE2-6BD5-3AC8-AF1A-5687D4AF6048}.release|x64.Build.0 = release|x64
		{7CE147BD-03BE-335A-910B-11BD873274B2}.debug|x64.ActiveCfg = debug|x64
		{7CE147BD-03BE-335A-910B-11BD873274B2}.debug|x64.Build.0 = debug|x64
		{7CE147BD-03BE-335A-910B-11BD873274B2}.checked|x64.ActiveCfg = checked|x64
		{7CE147BD-03BE-335A-910B-11BD873274B2}.checked|x64.Build.0 = checked|x64
		{7CE147BD-03BE-335A-910B-11BD873274B2}.profile|x64.ActiveCfg = profile|x64
		{7CE147BD-03BE-335A-910B-11BD873274B2}.profile|x64.Build.0 = profile|x64
		{7CE147BD-03BE-335A-910B-11BD873274B2}.release|x64.ActiveCfg = release|x64
		{7CE147BD-03BE-335A-910B-11BD873274B2}.release|x64.Build.0 = release|x64
		{6E3AB0A2-B1A8-3C7F-A235-7445EC06DA32}.debug|x64.ActiveCfg = debug|x64
		{6E3AB0A2-B1A8-3C7F-A235-7445EC06DA32}.debug|x64.Build.0 = debug|x64
		{6E3AB0A2-B1A8-3C7F-A235-7445EC06DA32}.checked|x64.ActiveCfg = checked|x64
		{6E3AB0A2-B1A8-3C7F-A235-7445EC06DA32}.checked|x64.Build.0 = checked|x64
		{6E3AB0A2-B1A8-3C7F-A235-7445EC06DA32}.profile|x64.ActiveCfg = profile|x64
		{6E3AB0A2-B1A8-3C7F-A235-7445EC06DA32}.profile|x64.Build.0 = profile|x64
		{6E3AB0A2-B1A8-3C7F-A235-7445EC06DA32}.release|x64.ActiveCfg = release|x64
		{6E3AB0A2-B1A8-3C7F-A235-7445EC06DA32}.release|x64.Build.0 = release|x64
		{99214F26-FCF8-39CF-BA6B-CA965EE36783}.debug|x64.ActiveCfg = debug|x64
		{99214F26-FCF8-39CF-BA6B-CA965EE36783}.debug|x64.Build.0 = debug|x64
		{99214F26-FCF8-39CF-BA6B-CA965EE36783}.checked|x64.ActiveCfg = checked|x64
		{99214F26-FCF8-39CF-BA6B-CA965EE36783}.checked|x64.Build.0 = checked|x64
		{99214F26-FCF8-39CF-BA6B-CA965EE36783}.profile|x64.ActiveCfg = profile|x64
		{99214F26-FCF8-39CF-BA6B-CA965EE36783}.profile|x64.Build.0 = profile|x64
		{99214F26-FCF8-39CF-BA6B-CA965EE36783}.release|x64.ActiveCfg = release|x64
		{99214F26-FCF8-39CF-BA6B-CA965EE36783}.release|x64.Build.0 = release|x64
	EndGlobalSection
	GlobalSection(NestedProjects) = preSolution
		{745311C5-AE52-3429-87E6-066610F5254D} = {1FB6E2AE-BD27-357C-9F8A-05138A5941A0}
		{BCFACF9F-AFA3-3708-A880-2F479B2EE4CA} = {1FB6E2AE-BD27-357C-9F8A-05138A5941A0}
		{99214F26-FCF8-39CF-BA6B-CA965EE36783} = {1FB6E2AE-BD27-357C-9F8A-05138A5941A0}
		{E3DC0518-9039-373A-B362-A36BC616A449} = {E048BD1D-947F-39F1-9D57-5F258521FFB1}
		{40DE40D4-700C-3DE9-AD94-CC0866671843} = {E048BD1D-947F-39F1-9D57-5F258521FFB1}
		{138D2C0A-CCB9-3F4F-8374-BE2EC2C53BDF} = {E048BD1D-947F-39F1-9D57-5F258521FFB1}
		{71FEE5D7-076F-339B-97D7-37BA00CB6E7A} = {E048BD1D-947F-39F1-9D57-5F258521FFB1}
		{D9E52845-AF82-3A00-905C-BCAD34DB0A82} = {E048BD1D-947F-39F1-9D57-5F258521FFB1}
		{48DF7049-BBFD-3811-8CE6-DF6841A2F13C} = {E048BD1D-947F-39F1-9D57-5F258521FFB1}
		{1FBF798E-4187-302F-967A-9EF71E615B24} = {E048BD1D-947F-39F1-9D57-5F258521FFB1}
		{9439E24F-6036-3AE5-BBD9-C4517DC05D11} = {E048BD1D-947F-39F1-9D57-5F258521FFB1}
		{962DCF3A-07F2-31C3-A6C2-AD337C36778E} = {E048BD1D-947F-39F1-9D57-5F258521FFB1}
		{7E2AE939-579F-381E-80DE-68CB2168EBDB} = {E048BD1D-947F-39F1-9D57-5F258521FFB1}
		{DEF2B631-B99C-38B9-9E1F-A6E462FBC547} = {E048BD1D-947F-39F1-9D57-5F258521FFB1}
		{96811E1A-8FB4-3B65-B481-3670EE146C2F} = {E048BD1D-947F-39F1-9D57-5F258521FFB1}
		{BE950DE2-6BD5-3AC8-AF1A-5687D4AF6048} = {E048BD1D-947F-39F1-9D57-5F258521FFB1}
		{7CE147BD-03BE-335A-910B-11BD873274B2} = {E048BD1D-947F-39F1-9D57-5F258521FFB1}
		{6E3AB0A2-B1A8-3C7F-A235-7445EC06DA32} = {E048BD1D-947F-39F1-9D57-5F258521FFB1}
	EndGlobalSection
	GlobalSection(ExtensibilityGlobals) = postSolution
		SolutionGuid = {F818F61A-18E0-3022-BB9C-01792626F225}
	EndGlobalSection
	GlobalSection(ExtensibilityAddIns) = postSolution
	EndGlobalSection
EndGlobal
