<?xml version="1.0" encoding="utf-8"?>
<Project ToolsVersion="15.0" xmlns="http://schemas.microsoft.com/developer/msbuild/2003">
  <ItemGroup>
    <ClCompile Include="C:\Users\evan\src\PhysX4\physx\source\foundation\src\PsAllocator.cpp">
      <Filter>src\src</Filter>
    </ClCompile>
    <ClCompile Include="C:\Users\evan\src\PhysX4\physx\source\foundation\src\PsAssert.cpp">
      <Filter>src\src</Filter>
    </ClCompile>
    <ClCompile Include="C:\Users\evan\src\PhysX4\physx\source\foundation\src\PsFoundation.cpp">
      <Filter>src\src</Filter>
    </ClCompile>
    <ClCompile Include="C:\Users\evan\src\PhysX4\physx\source\foundation\src\PsMathUtils.cpp">
      <Filter>src\src</Filter>
    </ClCompile>
    <ClCompile Include="C:\Users\evan\src\PhysX4\physx\source\foundation\src\PsString.cpp">
      <Filter>src\src</Filter>
    </ClCompile>
    <ClCompile Include="C:\Users\evan\src\PhysX4\physx\source\foundation\src\PsTempAllocator.cpp">
      <Filter>src\src</Filter>
    </ClCompile>
    <ClCompile Include="C:\Users\evan\src\PhysX4\physx\source\foundation\src\PsUtilities.cpp">
      <Filter>src\src</Filter>
    </ClCompile>
    <ClCompile Include="C:\Users\evan\src\PhysX4\physx\source\foundation\src\windows\PsWindowsAtomic.cpp">
      <Filter>src\src\windows</Filter>
    </ClCompile>
    <ClCompile Include="C:\Users\evan\src\PhysX4\physx\source\foundation\src\windows\PsWindowsCpu.cpp">
      <Filter>src\src\windows</Filter>
    </ClCompile>
    <ClCompile Include="C:\Users\evan\src\PhysX4\physx\source\foundation\src\windows\PsWindowsFPU.cpp">
      <Filter>src\src\windows</Filter>
    </ClCompile>
    <ClCompile Include="C:\Users\evan\src\PhysX4\physx\source\foundation\src\windows\PsWindowsMutex.cpp">
      <Filter>src\src\windows</Filter>
    </ClCompile>
    <ClCompile Include="C:\Users\evan\src\PhysX4\physx\source\foundation\src\windows\PsWindowsPrintString.cpp">
      <Filter>src\src\windows</Filter>
    </ClCompile>
    <ClCompile Include="C:\Users\evan\src\PhysX4\physx\source\foundation\src\windows\PsWindowsSList.cpp">
      <Filter>src\src\windows</Filter>
    </ClCompile>
    <ClCompile Include="C:\Users\evan\src\PhysX4\physx\source\foundation\src\windows\PsWindowsSocket.cpp">
      <Filter>src\src\windows</Filter>
    </ClCompile>
    <ClCompile Include="C:\Users\evan\src\PhysX4\physx\source\foundation\src\windows\PsWindowsSync.cpp">
      <Filter>src\src\windows</Filter>
    </ClCompile>
    <ClCompile Include="C:\Users\evan\src\PhysX4\physx\source\foundation\src\windows\PsWindowsThread.cpp">
      <Filter>src\src\windows</Filter>
    </ClCompile>
    <ClCompile Include="C:\Users\evan\src\PhysX4\physx\source\foundation\src\windows\PsWindowsTime.cpp">
      <Filter>src\src\windows</Filter>
    </ClCompile>
  </ItemGroup>
  <ItemGroup>
    <ClInclude Include="C:\Users\evan\src\PhysX4\physx\source\foundation\include\Ps.h">
      <Filter>src\include</Filter>
    </ClInclude>
    <ClInclude Include="C:\Users\evan\src\PhysX4\physx\source\foundation\include\PsAlignedMalloc.h">
      <Filter>src\include</Filter>
    </ClInclude>
    <ClInclude Include="C:\Users\evan\src\PhysX4\physx\source\foundation\include\PsAlloca.h">
      <Filter>src\include</Filter>
    </ClInclude>
    <ClInclude Include="C:\Users\evan\src\PhysX4\physx\source\foundation\include\PsAllocator.h">
      <Filter>src\include</Filter>
    </ClInclude>
    <ClInclude Include="C:\Users\evan\src\PhysX4\physx\source\foundation\include\PsAoS.h">
      <Filter>src\include</Filter>
    </ClInclude>
    <ClInclude Include="C:\Users\evan\src\PhysX4\physx\source\foundation\include\PsArray.h">
      <Filter>src\include</Filter>
    </ClInclude>
    <ClInclude Include="C:\Users\evan\src\PhysX4\physx\source\foundation\include\PsAtomic.h">
      <Filter>src\include</Filter>
    </ClInclude>
    <ClInclude Include="C:\Users\evan\src\PhysX4\physx\source\foundation\include\PsBasicTemplates.h">
      <Filter>src\include</Filter>
    </ClInclude>
    <ClInclude Include="C:\Users\evan\src\PhysX4\physx\source\foundation\include\PsBitUtils.h">
      <Filter>src\include</Filter>
    </ClInclude>
    <ClInclude Include="C:\Users\evan\src\PhysX4\physx\source\foundation\include\PsBroadcast.h">
      <Filter>src\include</Filter>
    </ClInclude>
    <ClInclude Include="C:\Users\evan\src\PhysX4\physx\source\foundation\include\PsCpu.h">
      <Filter>src\include</Filter>
    </ClInclude>
    <ClInclude Include="C:\Users\evan\src\PhysX4\physx\source\foundation\include\PsFoundation.h">
      <Filter>src\include</Filter>
    </ClInclude>
    <ClInclude Include="C:\Users\evan\src\PhysX4\physx\source\foundation\include\PsFPU.h">
      <Filter>src\include</Filter>
    </ClInclude>
    <ClInclude Include="C:\Users\evan\src\PhysX4\physx\source\foundation\include\PsHash.h">
      <Filter>src\include</Filter>
    </ClInclude>
    <ClInclude Include="C:\Users\evan\src\PhysX4\physx\source\foundation\include\PsHashInternals.h">
      <Filter>src\include</Filter>
    </ClInclude>
    <ClInclude Include="C:\Users\evan\src\PhysX4\physx\source\foundation\include\PsHashMap.h">
      <Filter>src\include</Filter>
    </ClInclude>
    <ClInclude Include="C:\Users\evan\src\PhysX4\physx\source\foundation\include\PsHashSet.h">
      <Filter>src\include</Filter>
    </ClInclude>
    <ClInclude Include="C:\Users\evan\src\PhysX4\physx\source\foundation\include\PsInlineAllocator.h">
      <Filter>src\include</Filter>
    </ClInclude>
    <ClInclude Include="C:\Users\evan\src\PhysX4\physx\source\foundation\include\PsInlineAoS.h">
      <Filter>src\include</Filter>
    </ClInclude>
    <ClInclude Include="C:\Users\evan\src\PhysX4\physx\source\foundation\include\PsInlineArray.h">
      <Filter>src\include</Filter>
    </ClInclude>
    <ClInclude Include="C:\Users\evan\src\PhysX4\physx\source\foundation\include\PsIntrinsics.h">
      <Filter>src\include</Filter>
    </ClInclude>
    <ClInclude Include="C:\Users\evan\src\PhysX4\physx\source\foundation\include\PsMathUtils.h">
      <Filter>src\include</Filter>
    </ClInclude>
    <ClInclude Include="C:\Users\evan\src\PhysX4\physx\source\foundation\include\PsMutex.h">
      <Filter>src\include</Filter>
    </ClInclude>
    <ClInclude Include="C:\Users\evan\src\PhysX4\physx\source\foundation\include\PsPool.h">
      <Filter>src\include</Filter>
    </ClInclude>
    <ClInclude Include="C:\Users\evan\src\PhysX4\physx\source\foundation\include\PsSList.h">
      <Filter>src\include</Filter>
    </ClInclude>
    <ClInclude Include="C:\Users\evan\src\PhysX4\physx\source\foundation\include\PsSocket.h">
      <Filter>src\include</Filter>
    </ClInclude>
    <ClInclude Include="C:\Users\evan\src\PhysX4\physx\source\foundation\include\PsSort.h">
      <Filter>src\include</Filter>
    </ClInclude>
    <ClInclude Include="C:\Users\evan\src\PhysX4\physx\source\foundation\include\PsSortInternals.h">
      <Filter>src\include</Filter>
    </ClInclude>
    <ClInclude Include="C:\Users\evan\src\PhysX4\physx\source\foundation\include\PsString.h">
      <Filter>src\include</Filter>
    </ClInclude>
    <ClInclude Include="C:\Users\evan\src\PhysX4\physx\source\foundation\include\PsSync.h">
      <Filter>src\include</Filter>
    </ClInclude>
    <ClInclude Include="C:\Users\evan\src\PhysX4\physx\source\foundation\include\PsTempAllocator.h">
      <Filter>src\include</Filter>
    </ClInclude>
    <ClInclude Include="C:\Users\evan\src\PhysX4\physx\source\foundation\include\PsThread.h">
      <Filter>src\include</Filter>
    </ClInclude>
    <ClInclude Include="C:\Users\evan\src\PhysX4\physx\source\foundation\include\PsTime.h">
      <Filter>src\include</Filter>
    </ClInclude>
    <ClInclude Include="C:\Users\evan\src\PhysX4\physx\source\foundation\include\PsUserAllocated.h">
      <Filter>src\include</Filter>
    </ClInclude>
    <ClInclude Include="C:\Users\evan\src\PhysX4\physx\source\foundation\include\PsUtilities.h">
      <Filter>src\include</Filter>
    </ClInclude>
    <ClInclude Include="C:\Users\evan\src\PhysX4\physx\source\foundation\include\PsVecMath.h">
      <Filter>src\include</Filter>
    </ClInclude>
    <ClInclude Include="C:\Users\evan\src\PhysX4\physx\source\foundation\include\PsVecMathAoSScalar.h">
      <Filter>src\include</Filter>
    </ClInclude>
    <ClInclude Include="C:\Users\evan\src\PhysX4\physx\source\foundation\include\PsVecMathAoSScalarInline.h">
      <Filter>src\include</Filter>
    </ClInclude>
    <ClInclude Include="C:\Users\evan\src\PhysX4\physx\source\foundation\include\PsVecMathSSE.h">
      <Filter>src\include</Filter>
    </ClInclude>
    <ClInclude Include="C:\Users\evan\src\PhysX4\physx\source\foundation\include\PsVecMathUtilities.h">
      <Filter>src\include</Filter>
    </ClInclude>
    <ClInclude Include="C:\Users\evan\src\PhysX4\physx\source\foundation\include\PsVecQuat.h">
      <Filter>src\include</Filter>
    </ClInclude>
    <ClInclude Include="C:\Users\evan\src\PhysX4\physx\source\foundation\include\PsVecTransform.h">
      <Filter>src\include</Filter>
    </ClInclude>
    <ClInclude Include="C:\Users\evan\src\PhysX4\physx\include\PxFoundation.h">
      <Filter>include</Filter>
    </ClInclude>
    <ClInclude Include="C:\Users\evan\src\PhysX4\physx\include\foundation\PxAssert.h">
      <Filter>include\foundation</Filter>
    </ClInclude>
    <ClInclude Include="C:\Users\evan\src\PhysX4\physx\include\foundation\PxFoundationConfig.h">
      <Filter>include\foundation</Filter>
    </ClInclude>
    <ClInclude Include="C:\Users\evan\src\PhysX4\physx\include\foundation\PxMathUtils.h">
      <Filter>include\foundation</Filter>
    </ClInclude>
    <ClInclude Include="C:\Users\evan\src\PhysX4\physx\source\foundation\include\windows\PsWindowsAoS.h">
      <Filter>src\include\windows</Filter>
    </ClInclude>
    <ClInclude Include="C:\Users\evan\src\PhysX4\physx\source\foundation\include\windows\PsWindowsFPU.h">
      <Filter>src\include\windows</Filter>
    </ClInclude>
    <ClInclude Include="C:\Users\evan\src\PhysX4\physx\source\foundation\include\windows\PsWindowsInclude.h">
      <Filter>src\include\windows</Filter>
    </ClInclude>
    <ClInclude Include="C:\Users\evan\src\PhysX4\physx\source\foundation\include\windows\PsWindowsInlineAoS.h">
      <Filter>src\include\windows</Filter>
    </ClInclude>
    <ClInclude Include="C:\Users\evan\src\PhysX4\physx\source\foundation\include\windows\PsWindowsIntrinsics.h">
      <Filter>src\include\windows</Filter>
    </ClInclude>
    <ClInclude Include="C:\Users\evan\src\PhysX4\physx\source\foundation\include\windows\PsWindowsTrigConstants.h">
      <Filter>src\include\windows</Filter>
    </ClInclude>
    <ClInclude Include="C:\Users\evan\src\PhysX4\pxshared\include\foundation\Px.h">
      <Filter>shared\include</Filter>
    </ClInclude>
    <ClInclude Include="C:\Users\evan\src\PhysX4\pxshared\include\foundation\PxAllocatorCallback.h">
      <Filter>shared\include</Filter>
    </ClInclude>
    <ClInclude Include="C:\Users\evan\src\PhysX4\pxshared\include\foundation\PxProfiler.h">
      <Filter>shared\include</Filter>
    </ClInclude>
    <ClInclude Include="C:\Users\evan\src\PhysX4\pxshared\include\foundation\PxSharedAssert.h">
      <Filter>shared\include</Filter>
    </ClInclude>
    <ClInclude Include="C:\Users\evan\src\PhysX4\pxshared\include\foundation\PxBitAndData.h">
      <Filter>shared\include</Filter>
    </ClInclude>
    <ClInclude Include="C:\Users\evan\src\PhysX4\pxshared\include\foundation\PxBounds3.h">
      <Filter>shared\include</Filter>
    </ClInclude>
    <ClInclude Include="C:\Users\evan\src\PhysX4\pxshared\include\foundation\PxErrorCallback.h">
      <Filter>shared\include</Filter>
    </ClInclude>
    <ClInclude Include="C:\Users\evan\src\PhysX4\pxshared\include\foundation\PxErrors.h">
      <Filter>shared\include</Filter>
    </ClInclude>
    <ClInclude Include="C:\Users\evan\src\PhysX4\pxshared\include\foundation\PxFlags.h">
      <Filter>shared\include</Filter>
    </ClInclude>
    <ClInclude Include="C:\Users\evan\src\PhysX4\pxshared\include\foundation\PxIntrinsics.h">
      <Filter>shared\include</Filter>
    </ClInclude>
    <ClInclude Include="C:\Users\evan\src\PhysX4\pxshared\include\foundation\PxIO.h">
      <Filter>shared\include</Filter>
    </ClInclude>
    <ClInclude Include="C:\Users\evan\src\PhysX4\pxshared\include\foundation\PxMat33.h">
      <Filter>shared\include</Filter>
    </ClInclude>
    <ClInclude Include="C:\Users\evan\src\PhysX4\pxshared\include\foundation\PxMat44.h">
      <Filter>shared\include</Filter>
    </ClInclude>
    <ClInclude Include="C:\Users\evan\src\PhysX4\pxshared\include\foundation\PxMath.h">
      <Filter>shared\include</Filter>
    </ClInclude>
    <ClInclude Include="C:\Users\evan\src\PhysX4\pxshared\include\foundation\PxMemory.h">
      <Filter>shared\include</Filter>
    </ClInclude>
    <ClInclude Include="C:\Users\evan\src\PhysX4\pxshared\include\foundation\PxPlane.h">
      <Filter>shared\include</Filter>
    </ClInclude>
    <ClInclude Include="C:\Users\evan\src\PhysX4\pxshared\include\foundation\PxPreprocessor.h">
      <Filter>shared\include</Filter>
    </ClInclude>
    <ClInclude Include="C:\Users\evan\src\PhysX4\pxshared\include\foundation\PxQuat.h">
      <Filter>shared\include</Filter>
    </ClInclude>
    <ClInclude Include="C:\Users\evan\src\PhysX4\pxshared\include\foundation\PxSimpleTypes.h">
      <Filter>shared\include</Filter>
    </ClInclude>
    <ClInclude Include="C:\Users\evan\src\PhysX4\pxshared\include\foundation\PxStrideIterator.h">
      <Filter>shared\include</Filter>
    </ClInclude>
    <ClInclude Include="C:\Users\evan\src\PhysX4\pxshared\include\foundation\PxTransform.h">
      <Filter>shared\include</Filter>
    </ClInclude>
    <ClInclude Include="C:\Users\evan\src\PhysX4\pxshared\include\foundation\PxUnionCast.h">
      <Filter>shared\include</Filter>
    </ClInclude>
    <ClInclude Include="C:\Users\evan\src\PhysX4\pxshared\include\foundation\PxVec2.h">
      <Filter>shared\include</Filter>
    </ClInclude>
    <ClInclude Include="C:\Users\evan\src\PhysX4\pxshared\include\foundation\PxVec3.h">
      <Filter>shared\include</Filter>
    </ClInclude>
    <ClInclude Include="C:\Users\evan\src\PhysX4\pxshared\include\foundation\PxVec4.h">
      <Filter>shared\include</Filter>
    </ClInclude>
    <ClInclude Include="C:\Users\evan\src\PhysX4\pxshared\include\foundation\windows\PxWindowsIntrinsics.h">
      <Filter>shared\include\windows</Filter>
    </ClInclude>
  </ItemGroup>
  <ItemGroup>
    <CustomBuild Include="C:\Users\evan\src\PhysX4\physx\source\compiler\cmake\CMakeLists.txt" />
  </ItemGroup>
  <ItemGroup>
    <ResourceCompile Include="C:\Users\evan\src\PhysX4\physx\source\compiler\resource_x64\PhysXFoundation.rc">
      <Filter>resource</Filter>
    </ResourceCompile>
  </ItemGroup>
  <ItemGroup>
    <Filter Include="include">
      <UniqueIdentifier>{D68437EC-B2B4-3010-8684-8CBF9F7E9EC5}</UniqueIdentifier>
    </Filter>
    <Filter Include="include\foundation">
      <UniqueIdentifier>{7A7B7D0D-F1BE-334B-AF11-73EFFA6A2EF9}</UniqueIdentifier>
    </Filter>
    <Filter Include="resource">
      <UniqueIdentifier>{1EF1A2CB-5E36-3F61-91E4-D9750A941AF4}</UniqueIdentifier>
    </Filter>
    <Filter Include="shared">
      <UniqueIdentifier>{FC732E2C-B776-35B1-84DA-4B1EBFDFA8B1}</UniqueIdentifier>
    </Filter>
    <Filter Include="shared\include">
      <UniqueIdentifier>{DA0D2C71-41B3-3E71-97E1-54CE67971918}</UniqueIdentifier>
    </Filter>
    <Filter Include="shared\include\windows">
      <UniqueIdentifier>{9AE3EF7E-088D-3D83-AC87-16094723DF62}</UniqueIdentifier>
    </Filter>
    <Filter Include="src">
      <UniqueIdentifier>{5911E6ED-5D57-354F-B14D-7CFC2AD73A8D}</UniqueIdentifier>
    </Filter>
    <Filter Include="src\include">
      <UniqueIdentifier>{5345B6D1-91B9-3FCA-8D3E-101E061515DC}</UniqueIdentifier>
    </Filter>
    <Filter Include="src\include\windows">
      <UniqueIdentifier>{DA62FE95-6105-342D-B893-CAC31B0E4829}</UniqueIdentifier>
    </Filter>
    <Filter Include="src\src">
      <UniqueIdentifier>{DEC8EC84-9557-381A-B4B1-3F1FD3A66556}</UniqueIdentifier>
    </Filter>
    <Filter Include="src\src\windows">
      <UniqueIdentifier>{D2DCD618-819E-3F73-A567-0CBAF2740F34}</UniqueIdentifier>
    </Filter>
  </ItemGroup>
</Project>
