<?xml version="1.0" encoding="utf-8"?>
<Project ToolsVersion="15.0" xmlns="http://schemas.microsoft.com/developer/msbuild/2003">
  <ItemGroup>
    <ClCompile Include="C:\src\PhysX4\physx\source\physxcooking\src\Adjacencies.cpp">
      <Filter>src</Filter>
    </ClCompile>
    <ClCompile Include="C:\src\PhysX4\physx\source\physxcooking\src\Cooking.cpp">
      <Filter>src</Filter>
    </ClCompile>
    <ClCompile Include="C:\src\PhysX4\physx\source\physxcooking\src\CookingUtils.cpp">
      <Filter>src</Filter>
    </ClCompile>
    <ClCompile Include="C:\src\PhysX4\physx\source\physxcooking\src\EdgeList.cpp">
      <Filter>src</Filter>
    </ClCompile>
    <ClCompile Include="C:\src\PhysX4\physx\source\physxcooking\src\MeshCleaner.cpp">
      <Filter>src</Filter>
    </ClCompile>
    <ClCompile Include="C:\src\PhysX4\physx\source\physxcooking\src\Quantizer.cpp">
      <Filter>src</Filter>
    </ClCompile>
    <ClCompile Include="C:\src\PhysX4\physx\source\physxcooking\src\BVHStructureBuilder.cpp">
      <Filter>src</Filter>
    </ClCompile>
    <ClCompile Include="C:\src\PhysX4\physx\source\physxcooking\src\mesh\HeightFieldCooking.cpp">
      <Filter>src\mesh</Filter>
    </ClCompile>
    <ClCompile Include="C:\src\PhysX4\physx\source\physxcooking\src\mesh\RTreeCooking.cpp">
      <Filter>src\mesh</Filter>
    </ClCompile>
    <ClCompile Include="C:\src\PhysX4\physx\source\physxcooking\src\mesh\MeshBuilder.cpp">
      <Filter>src\mesh</Filter>
    </ClCompile>
    <ClCompile Include="C:\src\PhysX4\physx\source\physxcooking\src\mesh\TriangleMeshBuilder.cpp">
      <Filter>src\mesh</Filter>
    </ClCompile>
    <ClCompile Include="C:\src\PhysX4\physx\source\physxcooking\src\mesh\GrbTriangleMeshCooking.cpp">
      <Filter>src\mesh</Filter>
    </ClCompile>
    <ClCompile Include="C:\src\PhysX4\physx\source\physxcooking\src\convex\BigConvexDataBuilder.cpp">
      <Filter>src\convex</Filter>
    </ClCompile>
    <ClCompile Include="C:\src\PhysX4\physx\source\physxcooking\src\convex\ConvexHullBuilder.cpp">
      <Filter>src\convex</Filter>
    </ClCompile>
    <ClCompile Include="C:\src\PhysX4\physx\source\physxcooking\src\convex\ConvexHullLib.cpp">
      <Filter>src\convex</Filter>
    </ClCompile>
    <ClCompile Include="C:\src\PhysX4\physx\source\physxcooking\src\convex\ConvexHullUtils.cpp">
      <Filter>src\convex</Filter>
    </ClCompile>
    <ClCompile Include="C:\src\PhysX4\physx\source\physxcooking\src\convex\ConvexMeshBuilder.cpp">
      <Filter>src\convex</Filter>
    </ClCompile>
    <ClCompile Include="C:\src\PhysX4\physx\source\physxcooking\src\convex\ConvexPolygonsBuilder.cpp">
      <Filter>src\convex</Filter>
    </ClCompile>
    <ClCompile Include="C:\src\PhysX4\physx\source\physxcooking\src\convex\QuickHullConvexHullLib.cpp">
      <Filter>src\convex</Filter>
    </ClCompile>
    <ClCompile Include="C:\src\PhysX4\physx\source\physxcooking\src\convex\VolumeIntegration.cpp">
      <Filter>src\convex</Filter>
    </ClCompile>
    <ClCompile Include="C:\src\PhysX4\physx\source\physxcooking\src\windows\WindowsCookingDelayLoadHook.cpp">
      <Filter>src\windows</Filter>
    </ClCompile>
  </ItemGroup>
  <ItemGroup>
    <ClInclude Include="C:\src\PhysX4\physx\include\cooking\PxBVH33MidphaseDesc.h">
      <Filter>include</Filter>
    </ClInclude>
    <ClInclude Include="C:\src\PhysX4\physx\include\cooking\PxBVH34MidphaseDesc.h">
      <Filter>include</Filter>
    </ClInclude>
    <ClInclude Include="C:\src\PhysX4\physx\include\cooking\Pxc.h">
      <Filter>include</Filter>
    </ClInclude>
    <ClInclude Include="C:\src\PhysX4\physx\include\cooking\PxConvexMeshDesc.h">
      <Filter>include</Filter>
    </ClInclude>
    <ClInclude Include="C:\src\PhysX4\physx\include\cooking\PxCooking.h">
      <Filter>include</Filter>
    </ClInclude>
    <ClInclude Include="C:\src\PhysX4\physx\include\cooking\PxMidphaseDesc.h">
      <Filter>include</Filter>
    </ClInclude>
    <ClInclude Include="C:\src\PhysX4\physx\include\cooking\PxTriangleMeshDesc.h">
      <Filter>include</Filter>
    </ClInclude>
    <ClInclude Include="C:\src\PhysX4\physx\include\cooking\PxBVHStructureDesc.h">
      <Filter>include</Filter>
    </ClInclude>
    <ClInclude Include="C:\src\PhysX4\physx\source\physxcooking\src\Adjacencies.h">
      <Filter>src</Filter>
    </ClInclude>
    <ClInclude Include="C:\src\PhysX4\physx\source\physxcooking\src\Cooking.h">
      <Filter>src</Filter>
    </ClInclude>
    <ClInclude Include="C:\src\PhysX4\physx\source\physxcooking\src\CookingUtils.h">
      <Filter>src</Filter>
    </ClInclude>
    <ClInclude Include="C:\src\PhysX4\physx\source\physxcooking\src\EdgeList.h">
      <Filter>src</Filter>
    </ClInclude>
    <ClInclude Include="C:\src\PhysX4\physx\source\physxcooking\src\MeshCleaner.h">
      <Filter>src</Filter>
    </ClInclude>
    <ClInclude Include="C:\src\PhysX4\physx\source\physxcooking\src\Quantizer.h">
      <Filter>src</Filter>
    </ClInclude>
    <ClInclude Include="C:\src\PhysX4\physx\source\physxcooking\src\BVHStructureBuilder.h">
      <Filter>src</Filter>
    </ClInclude>
    <ClInclude Include="C:\src\PhysX4\physx\source\physxcooking\src\mesh\GrbTriangleMeshCooking.h">
      <Filter>src\mesh</Filter>
    </ClInclude>
    <ClInclude Include="C:\src\PhysX4\physx\source\physxcooking\src\mesh\HeightFieldCooking.h">
      <Filter>src\mesh</Filter>
    </ClInclude>
    <ClInclude Include="C:\src\PhysX4\physx\source\physxcooking\src\mesh\QuickSelect.h">
      <Filter>src\mesh</Filter>
    </ClInclude>
    <ClInclude Include="C:\src\PhysX4\physx\source\physxcooking\src\mesh\RTreeCooking.h">
      <Filter>src\mesh</Filter>
    </ClInclude>
    <ClInclude Include="C:\src\PhysX4\physx\source\physxcooking\src\mesh\MeshBuilder.h">
      <Filter>src\mesh</Filter>
    </ClInclude>
    <ClInclude Include="C:\src\PhysX4\physx\source\physxcooking\src\mesh\TriangleMeshBuilder.h">
      <Filter>src\mesh</Filter>
    </ClInclude>
    <ClInclude Include="C:\src\PhysX4\physx\source\physxcooking\src\convex\BigConvexDataBuilder.h">
      <Filter>src\convex</Filter>
    </ClInclude>
    <ClInclude Include="C:\src\PhysX4\physx\source\physxcooking\src\convex\ConvexHullBuilder.h">
      <Filter>src\convex</Filter>
    </ClInclude>
    <ClInclude Include="C:\src\PhysX4\physx\source\physxcooking\src\convex\ConvexHullLib.h">
      <Filter>src\convex</Filter>
    </ClInclude>
    <ClInclude Include="C:\src\PhysX4\physx\source\physxcooking\src\convex\ConvexHullUtils.h">
      <Filter>src\convex</Filter>
    </ClInclude>
    <ClInclude Include="C:\src\PhysX4\physx\source\physxcooking\src\convex\ConvexMeshBuilder.h">
      <Filter>src\convex</Filter>
    </ClInclude>
    <ClInclude Include="C:\src\PhysX4\physx\source\physxcooking\src\convex\ConvexPolygonsBuilder.h">
      <Filter>src\convex</Filter>
    </ClInclude>
    <ClInclude Include="C:\src\PhysX4\physx\source\physxcooking\src\convex\QuickHullConvexHullLib.h">
      <Filter>src\convex</Filter>
    </ClInclude>
    <ClInclude Include="C:\src\PhysX4\physx\source\physxcooking\src\convex\VolumeIntegration.h">
      <Filter>src\convex</Filter>
    </ClInclude>
  </ItemGroup>
  <ItemGroup>
    <CustomBuild Include="C:\src\PhysX4\physx\source\compiler\cmake\CMakeLists.txt" />
  </ItemGroup>
  <ItemGroup>
    <ResourceCompile Include="C:\src\PhysX4\physx\source\compiler\resource_x64\PhysXCooking.rc">
      <Filter>resource</Filter>
    </ResourceCompile>
  </ItemGroup>
  <ItemGroup>
    <Filter Include="include">
      <UniqueIdentifier>{9F99CE05-2586-399F-8170-DE8374FED581}</UniqueIdentifier>
    </Filter>
    <Filter Include="resource">
      <UniqueIdentifier>{3467F0C7-0D1D-3E6C-9511-CC106F8310BB}</UniqueIdentifier>
    </Filter>
    <Filter Include="src">
      <UniqueIdentifier>{C6FA4B49-9768-37DA-874B-7C6F8A6BFADA}</UniqueIdentifier>
    </Filter>
    <Filter Include="src\convex">
      <UniqueIdentifier>{D9BD2A10-DF77-3193-80FA-7C50F830A215}</UniqueIdentifier>
    </Filter>
    <Filter Include="src\mesh">
      <UniqueIdentifier>{C55E0160-230C-3D59-92DF-C718AF95082D}</UniqueIdentifier>
    </Filter>
    <Filter Include="src\windows">
      <UniqueIdentifier>{D862D29F-A5A6-3B31-8B11-C60A66E762BC}</UniqueIdentifier>
    </Filter>
  </ItemGroup>
</Project>
