<?xml version="1.0" encoding="utf-8"?>
<Project ToolsVersion="15.0" xmlns="http://schemas.microsoft.com/developer/msbuild/2003">
  <ItemGroup>
    <ClCompile Include="C:\src\PhysX4\physx\samples\sampleframework\platform\src\windows\WindowsSamplePlatform.cpp">
      <Filter>Source Files</Filter>
    </ClCompile>
    <ClCompile Include="C:\src\PhysX4\physx\samples\sampleframework\platform\src\windows\WindowsSampleUserInput.cpp">
      <Filter>Source Files</Filter>
    </ClCompile>
    <ClCompile Include="C:\src\PhysX4\physx\samples\sampleframework\platform\src\SamplePlatform.cpp">
      <Filter>Source Files</Filter>
    </ClCompile>
    <ClCompile Include="C:\src\PhysX4\physx\samples\sampleframework\platform\src\SampleUserInput.cpp">
      <Filter>Source Files</Filter>
    </ClCompile>
  </ItemGroup>
  <ItemGroup>
    <ClInclude Include="C:\src\PhysX4\physx\samples\sampleframework\platform\include\windows\WindowsSampleUserInputIds.h">
      <Filter>Header Files</Filter>
    </ClInclude>
    <ClInclude Include="C:\src\PhysX4\physx\samples\sampleframework\platform\include\windows\WindowsSampleUserInput.h">
      <Filter>Header Files</Filter>
    </ClInclude>
    <ClInclude Include="C:\src\PhysX4\physx\samples\sampleframework\platform\include\windows\WindowsSamplePlatform.h">
      <Filter>Header Files</Filter>
    </ClInclude>
    <ClInclude Include="C:\src\PhysX4\physx\samples\sampleframework\platform\include\SampleUserInputIds.h">
      <Filter>Header Files</Filter>
    </ClInclude>
    <ClInclude Include="C:\src\PhysX4\physx\samples\sampleframework\platform\include\SampleUserInput.h">
      <Filter>Header Files</Filter>
    </ClInclude>
    <ClInclude Include="C:\src\PhysX4\physx\samples\sampleframework\platform\include\SamplePlatform.h">
      <Filter>Header Files</Filter>
    </ClInclude>
  </ItemGroup>
  <ItemGroup>
    <CustomBuild Include="C:\src\PhysX4\physx\samples\compiler\cmake\CMakeLists.txt" />
  </ItemGroup>
  <ItemGroup>
    <Filter Include="Header Files">
      <UniqueIdentifier>{DDC288AB-53B4-3737-A71A-A8A775E86CFF}</UniqueIdentifier>
    </Filter>
    <Filter Include="Source Files">
      <UniqueIdentifier>{94CD7956-57C7-3F22-A414-5B127D301C46}</UniqueIdentifier>
    </Filter>
  </ItemGroup>
</Project>
