Microsoft Visual Studio Solution File, Format Version 12.00
# Visual Studio 15
Project("{2150E333-8FDC-42A3-9474-1A3956D46DE8}") = "CMakePredefinedTargets", "CMakePredefinedTargets", "{1A23E013-D336-3D0B-B357-80CF9C4AFCBC}"
EndProject
Project("{2150E333-8FDC-42A3-9474-1A3956D46DE8}") = "PhysX SDK", "PhysX SDK", "{104AA5A6-6B4F-3A74-A1AA-C40D7BE1E3F7}"
EndProject
Project("{2150E333-8FDC-42A3-9474-1A3956D46DE8}") = "PhysX Samples", "PhysX Samples", "{5ABF86D1-2FC7-3158-9141-4D791B7FF7F0}"
EndProject
Project("{8BC9CEB8-8B4A-11D0-8D11-00A0C91BC942}") = "ALL_BUILD", "ALL_BUILD.vcxproj", "{2CE8A243-B83D-3605-9723-5440B65E6160}"
	ProjectSection(ProjectDependencies) = postProject
		{65D8E96C-BDC7-3B5D-8AF9-B15202F0272C} = {65D8E96C-BDC7-3B5D-8AF9-B15202F0272C}
		{A59923B0-73F2-386E-B62C-0A8016E3648C} = {A59923B0-73F2-386E-B62C-0A8016E3648C}
		{9C3E84E2-0B07-3334-8F0E-3A163955AA2F} = {9C3E84E2-0B07-3334-8F0E-3A163955AA2F}
		{87B2F16A-A22E-3E2D-90B4-CA994D71112D} = {87B2F16A-A22E-3E2D-90B4-CA994D71112D}
		{50400AEF-4388-38EE-A4F2-031780D27C39} = {50400AEF-4388-38EE-A4F2-031780D27C39}
		{26B85DAF-DAA6-354C-9F3B-FF164A9CEBD4} = {26B85DAF-DAA6-354C-9F3B-FF164A9CEBD4}
		{CEB0AFA4-2DAF-3E34-98AD-B22AAACA0481} = {CEB0AFA4-2DAF-3E34-98AD-B22AAACA0481}
	EndProjectSection
EndProject
Project("{8BC9CEB8-8B4A-11D0-8D11-00A0C91BC942}") = "FastXml", "..\sdk_source_bin\FastXml.vcxproj", "{3733BBFA-D337-363A-B373-176948DF23FE}"
	ProjectSection(ProjectDependencies) = postProject
		{CEB0AFA4-2DAF-3E34-98AD-B22AAACA0481} = {CEB0AFA4-2DAF-3E34-98AD-B22AAACA0481}
	EndProjectSection
EndProject
Project("{8BC9CEB8-8B4A-11D0-8D11-00A0C91BC942}") = "INSTALL", "INSTALL.vcxproj", "{03073D5B-3D23-330E-BEFE-ED45A9B9AA9C}"
	ProjectSection(ProjectDependencies) = postProject
		{2CE8A243-B83D-3605-9723-5440B65E6160} = {2CE8A243-B83D-3605-9723-5440B65E6160}
		{CEB0AFA4-2DAF-3E34-98AD-B22AAACA0481} = {CEB0AFA4-2DAF-3E34-98AD-B22AAACA0481}
	EndProjectSection
EndProject
Project("{8BC9CEB8-8B4A-11D0-8D11-00A0C91BC942}") = "LowLevel", "..\sdk_source_bin\LowLevel.vcxproj", "{5C259528-AB03-3CB3-9504-F8848A8E7B6F}"
	ProjectSection(ProjectDependencies) = postProject
		{CEB0AFA4-2DAF-3E34-98AD-B22AAACA0481} = {CEB0AFA4-2DAF-3E34-98AD-B22AAACA0481}
	EndProjectSection
EndProject
Project("{8BC9CEB8-8B4A-11D0-8D11-00A0C91BC942}") = "LowLevelAABB", "..\sdk_source_bin\LowLevelAABB.vcxproj", "{5E9A9012-CEB9-3BE5-8AFE-00F7AF408995}"
	ProjectSection(ProjectDependencies) = postProject
		{CEB0AFA4-2DAF-3E34-98AD-B22AAACA0481} = {CEB0AFA4-2DAF-3E34-98AD-B22AAACA0481}
	EndProjectSection
EndProject
Project("{8BC9CEB8-8B4A-11D0-8D11-00A0C91BC942}") = "LowLevelDynamics", "..\sdk_source_bin\LowLevelDynamics.vcxproj", "{97B98AC3-7FF2-3348-830D-C61945EA13A0}"
	ProjectSection(ProjectDependencies) = postProject
		{CEB0AFA4-2DAF-3E34-98AD-B22AAACA0481} = {CEB0AFA4-2DAF-3E34-98AD-B22AAACA0481}
	EndProjectSection
EndProject
Project("{8BC9CEB8-8B4A-11D0-8D11-00A0C91BC942}") = "PhysX", "..\sdk_source_bin\PhysX.vcxproj", "{0B4D7803-7D11-3B61-BC50-2E3B9DD80851}"
	ProjectSection(ProjectDependencies) = postProject
		{5C259528-AB03-3CB3-9504-F8848A8E7B6F} = {5C259528-AB03-3CB3-9504-F8848A8E7B6F}
		{5E9A9012-CEB9-3BE5-8AFE-00F7AF408995} = {5E9A9012-CEB9-3BE5-8AFE-00F7AF408995}
		{97B98AC3-7FF2-3348-830D-C61945EA13A0} = {97B98AC3-7FF2-3348-830D-C61945EA13A0}
		{CBCB2D10-FA08-370C-8B70-1D5BED29A4B8} = {CBCB2D10-FA08-370C-8B70-1D5BED29A4B8}
		{0F4AF026-E642-303F-9CD4-B47999ED6E0C} = {0F4AF026-E642-303F-9CD4-B47999ED6E0C}
		{555815A0-5A16-3138-8184-5293CC6ACEAD} = {555815A0-5A16-3138-8184-5293CC6ACEAD}
		{95E0E9CC-E412-3A09-AADA-6465D9DB9BE0} = {95E0E9CC-E412-3A09-AADA-6465D9DB9BE0}
		{5B494BD9-0861-3EBE-B0B9-20F5101DDB72} = {5B494BD9-0861-3EBE-B0B9-20F5101DDB72}
		{52BAE09C-45BB-385F-BEB3-83D8240A9A96} = {52BAE09C-45BB-385F-BEB3-83D8240A9A96}
		{CEB0AFA4-2DAF-3E34-98AD-B22AAACA0481} = {CEB0AFA4-2DAF-3E34-98AD-B22AAACA0481}
	EndProjectSection
EndProject
Project("{8BC9CEB8-8B4A-11D0-8D11-00A0C91BC942}") = "PhysXCharacterKinematic", "..\sdk_source_bin\PhysXCharacterKinematic.vcxproj", "{ACE12B35-0B20-37D8-B58B-BC111D3B8A4C}"
	ProjectSection(ProjectDependencies) = postProject
		{0F4AF026-E642-303F-9CD4-B47999ED6E0C} = {0F4AF026-E642-303F-9CD4-B47999ED6E0C}
		{CEB0AFA4-2DAF-3E34-98AD-B22AAACA0481} = {CEB0AFA4-2DAF-3E34-98AD-B22AAACA0481}
	EndProjectSection
EndProject
Project("{8BC9CEB8-8B4A-11D0-8D11-00A0C91BC942}") = "PhysXCommon", "..\sdk_source_bin\PhysXCommon.vcxproj", "{CBCB2D10-FA08-370C-8B70-1D5BED29A4B8}"
	ProjectSection(ProjectDependencies) = postProject
		{0F4AF026-E642-303F-9CD4-B47999ED6E0C} = {0F4AF026-E642-303F-9CD4-B47999ED6E0C}
		{CEB0AFA4-2DAF-3E34-98AD-B22AAACA0481} = {CEB0AFA4-2DAF-3E34-98AD-B22AAACA0481}
	EndProjectSection
EndProject
Project("{8BC9CEB8-8B4A-11D0-8D11-00A0C91BC942}") = "PhysXCooking", "..\sdk_source_bin\PhysXCooking.vcxproj", "{1017D8CB-7676-363C-BA84-00D2D5C1C41C}"
	ProjectSection(ProjectDependencies) = postProject
		{CBCB2D10-FA08-370C-8B70-1D5BED29A4B8} = {CBCB2D10-FA08-370C-8B70-1D5BED29A4B8}
		{0F4AF026-E642-303F-9CD4-B47999ED6E0C} = {0F4AF026-E642-303F-9CD4-B47999ED6E0C}
		{CEB0AFA4-2DAF-3E34-98AD-B22AAACA0481} = {CEB0AFA4-2DAF-3E34-98AD-B22AAACA0481}
	EndProjectSection
EndProject
Project("{8BC9CEB8-8B4A-11D0-8D11-00A0C91BC942}") = "PhysXExtensions", "..\sdk_source_bin\PhysXExtensions.vcxproj", "{1DF1740D-1629-31B1-832D-BE75BCE711B4}"
	ProjectSection(ProjectDependencies) = postProject
		{3733BBFA-D337-363A-B373-176948DF23FE} = {3733BBFA-D337-363A-B373-176948DF23FE}
		{0B4D7803-7D11-3B61-BC50-2E3B9DD80851} = {0B4D7803-7D11-3B61-BC50-2E3B9DD80851}
		{CBCB2D10-FA08-370C-8B70-1D5BED29A4B8} = {CBCB2D10-FA08-370C-8B70-1D5BED29A4B8}
		{0F4AF026-E642-303F-9CD4-B47999ED6E0C} = {0F4AF026-E642-303F-9CD4-B47999ED6E0C}
		{555815A0-5A16-3138-8184-5293CC6ACEAD} = {555815A0-5A16-3138-8184-5293CC6ACEAD}
		{CEB0AFA4-2DAF-3E34-98AD-B22AAACA0481} = {CEB0AFA4-2DAF-3E34-98AD-B22AAACA0481}
	EndProjectSection
EndProject
Project("{8BC9CEB8-8B4A-11D0-8D11-00A0C91BC942}") = "PhysXFoundation", "..\sdk_source_bin\PhysXFoundation.vcxproj", "{0F4AF026-E642-303F-9CD4-B47999ED6E0C}"
	ProjectSection(ProjectDependencies) = postProject
		{CEB0AFA4-2DAF-3E34-98AD-B22AAACA0481} = {CEB0AFA4-2DAF-3E34-98AD-B22AAACA0481}
	EndProjectSection
EndProject
Project("{8BC9CEB8-8B4A-11D0-8D11-00A0C91BC942}") = "PhysXPvdSDK", "..\sdk_source_bin\PhysXPvdSDK.vcxproj", "{555815A0-5A16-3138-8184-5293CC6ACEAD}"
	ProjectSection(ProjectDependencies) = postProject
		{0F4AF026-E642-303F-9CD4-B47999ED6E0C} = {0F4AF026-E642-303F-9CD4-B47999ED6E0C}
		{CEB0AFA4-2DAF-3E34-98AD-B22AAACA0481} = {CEB0AFA4-2DAF-3E34-98AD-B22AAACA0481}
	EndProjectSection
EndProject
Project("{8BC9CEB8-8B4A-11D0-8D11-00A0C91BC942}") = "PhysXTask", "..\sdk_source_bin\PhysXTask.vcxproj", "{95E0E9CC-E412-3A09-AADA-6465D9DB9BE0}"
	ProjectSection(ProjectDependencies) = postProject
		{CEB0AFA4-2DAF-3E34-98AD-B22AAACA0481} = {CEB0AFA4-2DAF-3E34-98AD-B22AAACA0481}
	EndProjectSection
EndProject
Project("{8BC9CEB8-8B4A-11D0-8D11-00A0C91BC942}") = "PhysXVehicle", "..\sdk_source_bin\PhysXVehicle.vcxproj", "{164F0C48-CE34-3AA0-AAE1-254DF10DDC9B}"
	ProjectSection(ProjectDependencies) = postProject
		{0F4AF026-E642-303F-9CD4-B47999ED6E0C} = {0F4AF026-E642-303F-9CD4-B47999ED6E0C}
		{555815A0-5A16-3138-8184-5293CC6ACEAD} = {555815A0-5A16-3138-8184-5293CC6ACEAD}
		{CEB0AFA4-2DAF-3E34-98AD-B22AAACA0481} = {CEB0AFA4-2DAF-3E34-98AD-B22AAACA0481}
	EndProjectSection
EndProject
Project("{8BC9CEB8-8B4A-11D0-8D11-00A0C91BC942}") = "SampleBase", "SampleBase.vcxproj", "{65D8E96C-BDC7-3B5D-8AF9-B15202F0272C}"
	ProjectSection(ProjectDependencies) = postProject
		{3733BBFA-D337-363A-B373-176948DF23FE} = {3733BBFA-D337-363A-B373-176948DF23FE}
		{0B4D7803-7D11-3B61-BC50-2E3B9DD80851} = {0B4D7803-7D11-3B61-BC50-2E3B9DD80851}
		{CBCB2D10-FA08-370C-8B70-1D5BED29A4B8} = {CBCB2D10-FA08-370C-8B70-1D5BED29A4B8}
		{1DF1740D-1629-31B1-832D-BE75BCE711B4} = {1DF1740D-1629-31B1-832D-BE75BCE711B4}
		{0F4AF026-E642-303F-9CD4-B47999ED6E0C} = {0F4AF026-E642-303F-9CD4-B47999ED6E0C}
		{555815A0-5A16-3138-8184-5293CC6ACEAD} = {555815A0-5A16-3138-8184-5293CC6ACEAD}
		{50400AEF-4388-38EE-A4F2-031780D27C39} = {50400AEF-4388-38EE-A4F2-031780D27C39}
		{CEB0AFA4-2DAF-3E34-98AD-B22AAACA0481} = {CEB0AFA4-2DAF-3E34-98AD-B22AAACA0481}
	EndProjectSection
EndProject
Project("{8BC9CEB8-8B4A-11D0-8D11-00A0C91BC942}") = "SampleFramework", "SampleFramework.vcxproj", "{A59923B0-73F2-386E-B62C-0A8016E3648C}"
	ProjectSection(ProjectDependencies) = postProject
		{3733BBFA-D337-363A-B373-176948DF23FE} = {3733BBFA-D337-363A-B373-176948DF23FE}
		{0B4D7803-7D11-3B61-BC50-2E3B9DD80851} = {0B4D7803-7D11-3B61-BC50-2E3B9DD80851}
		{CBCB2D10-FA08-370C-8B70-1D5BED29A4B8} = {CBCB2D10-FA08-370C-8B70-1D5BED29A4B8}
		{1DF1740D-1629-31B1-832D-BE75BCE711B4} = {1DF1740D-1629-31B1-832D-BE75BCE711B4}
		{0F4AF026-E642-303F-9CD4-B47999ED6E0C} = {0F4AF026-E642-303F-9CD4-B47999ED6E0C}
		{555815A0-5A16-3138-8184-5293CC6ACEAD} = {555815A0-5A16-3138-8184-5293CC6ACEAD}
		{50400AEF-4388-38EE-A4F2-031780D27C39} = {50400AEF-4388-38EE-A4F2-031780D27C39}
		{CEB0AFA4-2DAF-3E34-98AD-B22AAACA0481} = {CEB0AFA4-2DAF-3E34-98AD-B22AAACA0481}
	EndProjectSection
EndProject
Project("{8BC9CEB8-8B4A-11D0-8D11-00A0C91BC942}") = "SamplePlatform", "SamplePlatform.vcxproj", "{9C3E84E2-0B07-3334-8F0E-3A163955AA2F}"
	ProjectSection(ProjectDependencies) = postProject
		{3733BBFA-D337-363A-B373-176948DF23FE} = {3733BBFA-D337-363A-B373-176948DF23FE}
		{0B4D7803-7D11-3B61-BC50-2E3B9DD80851} = {0B4D7803-7D11-3B61-BC50-2E3B9DD80851}
		{CBCB2D10-FA08-370C-8B70-1D5BED29A4B8} = {CBCB2D10-FA08-370C-8B70-1D5BED29A4B8}
		{1DF1740D-1629-31B1-832D-BE75BCE711B4} = {1DF1740D-1629-31B1-832D-BE75BCE711B4}
		{0F4AF026-E642-303F-9CD4-B47999ED6E0C} = {0F4AF026-E642-303F-9CD4-B47999ED6E0C}
		{555815A0-5A16-3138-8184-5293CC6ACEAD} = {555815A0-5A16-3138-8184-5293CC6ACEAD}
		{50400AEF-4388-38EE-A4F2-031780D27C39} = {50400AEF-4388-38EE-A4F2-031780D27C39}
		{CEB0AFA4-2DAF-3E34-98AD-B22AAACA0481} = {CEB0AFA4-2DAF-3E34-98AD-B22AAACA0481}
	EndProjectSection
EndProject
Project("{8BC9CEB8-8B4A-11D0-8D11-00A0C91BC942}") = "SampleRenderer", "SampleRenderer.vcxproj", "{87B2F16A-A22E-3E2D-90B4-CA994D71112D}"
	ProjectSection(ProjectDependencies) = postProject
		{3733BBFA-D337-363A-B373-176948DF23FE} = {3733BBFA-D337-363A-B373-176948DF23FE}
		{0B4D7803-7D11-3B61-BC50-2E3B9DD80851} = {0B4D7803-7D11-3B61-BC50-2E3B9DD80851}
		{CBCB2D10-FA08-370C-8B70-1D5BED29A4B8} = {CBCB2D10-FA08-370C-8B70-1D5BED29A4B8}
		{1DF1740D-1629-31B1-832D-BE75BCE711B4} = {1DF1740D-1629-31B1-832D-BE75BCE711B4}
		{0F4AF026-E642-303F-9CD4-B47999ED6E0C} = {0F4AF026-E642-303F-9CD4-B47999ED6E0C}
		{555815A0-5A16-3138-8184-5293CC6ACEAD} = {555815A0-5A16-3138-8184-5293CC6ACEAD}
		{50400AEF-4388-38EE-A4F2-031780D27C39} = {50400AEF-4388-38EE-A4F2-031780D27C39}
		{CEB0AFA4-2DAF-3E34-98AD-B22AAACA0481} = {CEB0AFA4-2DAF-3E34-98AD-B22AAACA0481}
	EndProjectSection
EndProject
Project("{8BC9CEB8-8B4A-11D0-8D11-00A0C91BC942}") = "SampleToolkit", "SampleToolkit.vcxproj", "{50400AEF-4388-38EE-A4F2-031780D27C39}"
	ProjectSection(ProjectDependencies) = postProject
		{3733BBFA-D337-363A-B373-176948DF23FE} = {3733BBFA-D337-363A-B373-176948DF23FE}
		{0B4D7803-7D11-3B61-BC50-2E3B9DD80851} = {0B4D7803-7D11-3B61-BC50-2E3B9DD80851}
		{CBCB2D10-FA08-370C-8B70-1D5BED29A4B8} = {CBCB2D10-FA08-370C-8B70-1D5BED29A4B8}
		{1DF1740D-1629-31B1-832D-BE75BCE711B4} = {1DF1740D-1629-31B1-832D-BE75BCE711B4}
		{0F4AF026-E642-303F-9CD4-B47999ED6E0C} = {0F4AF026-E642-303F-9CD4-B47999ED6E0C}
		{555815A0-5A16-3138-8184-5293CC6ACEAD} = {555815A0-5A16-3138-8184-5293CC6ACEAD}
		{CEB0AFA4-2DAF-3E34-98AD-B22AAACA0481} = {CEB0AFA4-2DAF-3E34-98AD-B22AAACA0481}
	EndProjectSection
EndProject
Project("{8BC9CEB8-8B4A-11D0-8D11-00A0C91BC942}") = "Samples", "Samples.vcxproj", "{26B85DAF-DAA6-354C-9F3B-FF164A9CEBD4}"
	ProjectSection(ProjectDependencies) = postProject
		{3733BBFA-D337-363A-B373-176948DF23FE} = {3733BBFA-D337-363A-B373-176948DF23FE}
		{0B4D7803-7D11-3B61-BC50-2E3B9DD80851} = {0B4D7803-7D11-3B61-BC50-2E3B9DD80851}
		{ACE12B35-0B20-37D8-B58B-BC111D3B8A4C} = {ACE12B35-0B20-37D8-B58B-BC111D3B8A4C}
		{CBCB2D10-FA08-370C-8B70-1D5BED29A4B8} = {CBCB2D10-FA08-370C-8B70-1D5BED29A4B8}
		{1017D8CB-7676-363C-BA84-00D2D5C1C41C} = {1017D8CB-7676-363C-BA84-00D2D5C1C41C}
		{1DF1740D-1629-31B1-832D-BE75BCE711B4} = {1DF1740D-1629-31B1-832D-BE75BCE711B4}
		{0F4AF026-E642-303F-9CD4-B47999ED6E0C} = {0F4AF026-E642-303F-9CD4-B47999ED6E0C}
		{555815A0-5A16-3138-8184-5293CC6ACEAD} = {555815A0-5A16-3138-8184-5293CC6ACEAD}
		{164F0C48-CE34-3AA0-AAE1-254DF10DDC9B} = {164F0C48-CE34-3AA0-AAE1-254DF10DDC9B}
		{65D8E96C-BDC7-3B5D-8AF9-B15202F0272C} = {65D8E96C-BDC7-3B5D-8AF9-B15202F0272C}
		{A59923B0-73F2-386E-B62C-0A8016E3648C} = {A59923B0-73F2-386E-B62C-0A8016E3648C}
		{9C3E84E2-0B07-3334-8F0E-3A163955AA2F} = {9C3E84E2-0B07-3334-8F0E-3A163955AA2F}
		{87B2F16A-A22E-3E2D-90B4-CA994D71112D} = {87B2F16A-A22E-3E2D-90B4-CA994D71112D}
		{50400AEF-4388-38EE-A4F2-031780D27C39} = {50400AEF-4388-38EE-A4F2-031780D27C39}
		{CEB0AFA4-2DAF-3E34-98AD-B22AAACA0481} = {CEB0AFA4-2DAF-3E34-98AD-B22AAACA0481}
	EndProjectSection
EndProject
Project("{8BC9CEB8-8B4A-11D0-8D11-00A0C91BC942}") = "SceneQuery", "..\sdk_source_bin\SceneQuery.vcxproj", "{5B494BD9-0861-3EBE-B0B9-20F5101DDB72}"
	ProjectSection(ProjectDependencies) = postProject
		{CEB0AFA4-2DAF-3E34-98AD-B22AAACA0481} = {CEB0AFA4-2DAF-3E34-98AD-B22AAACA0481}
	EndProjectSection
EndProject
Project("{8BC9CEB8-8B4A-11D0-8D11-00A0C91BC942}") = "SimulationController", "..\sdk_source_bin\SimulationController.vcxproj", "{52BAE09C-45BB-385F-BEB3-83D8240A9A96}"
	ProjectSection(ProjectDependencies) = postProject
		{CEB0AFA4-2DAF-3E34-98AD-B22AAACA0481} = {CEB0AFA4-2DAF-3E34-98AD-B22AAACA0481}
	EndProjectSection
EndProject
Project("{8BC9CEB8-8B4A-11D0-8D11-00A0C91BC942}") = "ZERO_CHECK", "..\\ZERO_CHECK.vcxproj", "{CEB0AFA4-2DAF-3E34-98AD-B22AAACA0481}"
	ProjectSection(ProjectDependencies) = postProject
	EndProjectSection
EndProject
Global
	GlobalSection(SolutionConfigurationPlatforms) = preSolution
		debug|x64 = debug|x64
		checked|x64 = checked|x64
		profile|x64 = profile|x64
		release|x64 = release|x64
	EndGlobalSection
	GlobalSection(ProjectConfigurationPlatforms) = postSolution
		{2CE8A243-B83D-3605-9723-5440B65E6160}.debug|x64.ActiveCfg = debug|x64
		{2CE8A243-B83D-3605-9723-5440B65E6160}.debug|x64.Build.0 = debug|x64
		{2CE8A243-B83D-3605-9723-5440B65E6160}.checked|x64.ActiveCfg = checked|x64
		{2CE8A243-B83D-3605-9723-5440B65E6160}.checked|x64.Build.0 = checked|x64
		{2CE8A243-B83D-3605-9723-5440B65E6160}.profile|x64.ActiveCfg = profile|x64
		{2CE8A243-B83D-3605-9723-5440B65E6160}.profile|x64.Build.0 = profile|x64
		{2CE8A243-B83D-3605-9723-5440B65E6160}.release|x64.ActiveCfg = release|x64
		{2CE8A243-B83D-3605-9723-5440B65E6160}.release|x64.Build.0 = release|x64
		{3733BBFA-D337-363A-B373-176948DF23FE}.debug|x64.ActiveCfg = debug|x64
		{3733BBFA-D337-363A-B373-176948DF23FE}.debug|x64.Build.0 = debug|x64
		{3733BBFA-D337-363A-B373-176948DF23FE}.checked|x64.ActiveCfg = checked|x64
		{3733BBFA-D337-363A-B373-176948DF23FE}.checked|x64.Build.0 = checked|x64
		{3733BBFA-D337-363A-B373-176948DF23FE}.profile|x64.ActiveCfg = profile|x64
		{3733BBFA-D337-363A-B373-176948DF23FE}.profile|x64.Build.0 = profile|x64
		{3733BBFA-D337-363A-B373-176948DF23FE}.release|x64.ActiveCfg = release|x64
		{3733BBFA-D337-363A-B373-176948DF23FE}.release|x64.Build.0 = release|x64
		{03073D5B-3D23-330E-BEFE-ED45A9B9AA9C}.debug|x64.ActiveCfg = debug|x64
		{03073D5B-3D23-330E-BEFE-ED45A9B9AA9C}.checked|x64.ActiveCfg = checked|x64
		{03073D5B-3D23-330E-BEFE-ED45A9B9AA9C}.profile|x64.ActiveCfg = profile|x64
		{03073D5B-3D23-330E-BEFE-ED45A9B9AA9C}.release|x64.ActiveCfg = release|x64
		{5C259528-AB03-3CB3-9504-F8848A8E7B6F}.debug|x64.ActiveCfg = debug|x64
		{5C259528-AB03-3CB3-9504-F8848A8E7B6F}.debug|x64.Build.0 = debug|x64
		{5C259528-AB03-3CB3-9504-F8848A8E7B6F}.checked|x64.ActiveCfg = checked|x64
		{5C259528-AB03-3CB3-9504-F8848A8E7B6F}.checked|x64.Build.0 = checked|x64
		{5C259528-AB03-3CB3-9504-F8848A8E7B6F}.profile|x64.ActiveCfg = profile|x64
		{5C259528-AB03-3CB3-9504-F8848A8E7B6F}.profile|x64.Build.0 = profile|x64
		{5C259528-AB03-3CB3-9504-F8848A8E7B6F}.release|x64.ActiveCfg = release|x64
		{5C259528-AB03-3CB3-9504-F8848A8E7B6F}.release|x64.Build.0 = release|x64
		{5E9A9012-CEB9-3BE5-8AFE-00F7AF408995}.debug|x64.ActiveCfg = debug|x64
		{5E9A9012-CEB9-3BE5-8AFE-00F7AF408995}.debug|x64.Build.0 = debug|x64
		{5E9A9012-CEB9-3BE5-8AFE-00F7AF408995}.checked|x64.ActiveCfg = checked|x64
		{5E9A9012-CEB9-3BE5-8AFE-00F7AF408995}.checked|x64.Build.0 = checked|x64
		{5E9A9012-CEB9-3BE5-8AFE-00F7AF408995}.profile|x64.ActiveCfg = profile|x64
		{5E9A9012-CEB9-3BE5-8AFE-00F7AF408995}.profile|x64.Build.0 = profile|x64
		{5E9A9012-CEB9-3BE5-8AFE-00F7AF408995}.release|x64.ActiveCfg = release|x64
		{5E9A9012-CEB9-3BE5-8AFE-00F7AF408995}.release|x64.Build.0 = release|x64
		{97B98AC3-7FF2-3348-830D-C61945EA13A0}.debug|x64.ActiveCfg = debug|x64
		{97B98AC3-7FF2-3348-830D-C61945EA13A0}.debug|x64.Build.0 = debug|x64
		{97B98AC3-7FF2-3348-830D-C61945EA13A0}.checked|x64.ActiveCfg = checked|x64
		{97B98AC3-7FF2-3348-830D-C61945EA13A0}.checked|x64.Build.0 = checked|x64
		{97B98AC3-7FF2-3348-830D-C61945EA13A0}.profile|x64.ActiveCfg = profile|x64
		{97B98AC3-7FF2-3348-830D-C61945EA13A0}.profile|x64.Build.0 = profile|x64
		{97B98AC3-7FF2-3348-830D-C61945EA13A0}.release|x64.ActiveCfg = release|x64
		{97B98AC3-7FF2-3348-830D-C61945EA13A0}.release|x64.Build.0 = release|x64
		{0B4D7803-7D11-3B61-BC50-2E3B9DD80851}.debug|x64.ActiveCfg = debug|x64
		{0B4D7803-7D11-3B61-BC50-2E3B9DD80851}.debug|x64.Build.0 = debug|x64
		{0B4D7803-7D11-3B61-BC50-2E3B9DD80851}.checked|x64.ActiveCfg = checked|x64
		{0B4D7803-7D11-3B61-BC50-2E3B9DD80851}.checked|x64.Build.0 = checked|x64
		{0B4D7803-7D11-3B61-BC50-2E3B9DD80851}.profile|x64.ActiveCfg = profile|x64
		{0B4D7803-7D11-3B61-BC50-2E3B9DD80851}.profile|x64.Build.0 = profile|x64
		{0B4D7803-7D11-3B61-BC50-2E3B9DD80851}.release|x64.ActiveCfg = release|x64
		{0B4D7803-7D11-3B61-BC50-2E3B9DD80851}.release|x64.Build.0 = release|x64
		{ACE12B35-0B20-37D8-B58B-BC111D3B8A4C}.debug|x64.ActiveCfg = debug|x64
		{ACE12B35-0B20-37D8-B58B-BC111D3B8A4C}.debug|x64.Build.0 = debug|x64
		{ACE12B35-0B20-37D8-B58B-BC111D3B8A4C}.checked|x64.ActiveCfg = checked|x64
		{ACE12B35-0B20-37D8-B58B-BC111D3B8A4C}.checked|x64.Build.0 = checked|x64
		{ACE12B35-0B20-37D8-B58B-BC111D3B8A4C}.profile|x64.ActiveCfg = profile|x64
		{ACE12B35-0B20-37D8-B58B-BC111D3B8A4C}.profile|x64.Build.0 = profile|x64
		{ACE12B35-0B20-37D8-B58B-BC111D3B8A4C}.release|x64.ActiveCfg = release|x64
		{ACE12B35-0B20-37D8-B58B-BC111D3B8A4C}.release|x64.Build.0 = release|x64
		{CBCB2D10-FA08-370C-8B70-1D5BED29A4B8}.debug|x64.ActiveCfg = debug|x64
		{CBCB2D10-FA08-370C-8B70-1D5BED29A4B8}.debug|x64.Build.0 = debug|x64
		{CBCB2D10-FA08-370C-8B70-1D5BED29A4B8}.checked|x64.ActiveCfg = checked|x64
		{CBCB2D10-FA08-370C-8B70-1D5BED29A4B8}.checked|x64.Build.0 = checked|x64
		{CBCB2D10-FA08-370C-8B70-1D5BED29A4B8}.profile|x64.ActiveCfg = profile|x64
		{CBCB2D10-FA08-370C-8B70-1D5BED29A4B8}.profile|x64.Build.0 = profile|x64
		{CBCB2D10-FA08-370C-8B70-1D5BED29A4B8}.release|x64.ActiveCfg = release|x64
		{CBCB2D10-FA08-370C-8B70-1D5BED29A4B8}.release|x64.Build.0 = release|x64
		{1017D8CB-7676-363C-BA84-00D2D5C1C41C}.debug|x64.ActiveCfg = debug|x64
		{1017D8CB-7676-363C-BA84-00D2D5C1C41C}.debug|x64.Build.0 = debug|x64
		{1017D8CB-7676-363C-BA84-00D2D5C1C41C}.checked|x64.ActiveCfg = checked|x64
		{1017D8CB-7676-363C-BA84-00D2D5C1C41C}.checked|x64.Build.0 = checked|x64
		{1017D8CB-7676-363C-BA84-00D2D5C1C41C}.profile|x64.ActiveCfg = profile|x64
		{1017D8CB-7676-363C-BA84-00D2D5C1C41C}.profile|x64.Build.0 = profile|x64
		{1017D8CB-7676-363C-BA84-00D2D5C1C41C}.release|x64.ActiveCfg = release|x64
		{1017D8CB-7676-363C-BA84-00D2D5C1C41C}.release|x64.Build.0 = release|x64
		{1DF1740D-1629-31B1-832D-BE75BCE711B4}.debug|x64.ActiveCfg = debug|x64
		{1DF1740D-1629-31B1-832D-BE75BCE711B4}.debug|x64.Build.0 = debug|x64
		{1DF1740D-1629-31B1-832D-BE75BCE711B4}.checked|x64.ActiveCfg = checked|x64
		{1DF1740D-1629-31B1-832D-BE75BCE711B4}.checked|x64.Build.0 = checked|x64
		{1DF1740D-1629-31B1-832D-BE75BCE711B4}.profile|x64.ActiveCfg = profile|x64
		{1DF1740D-1629-31B1-832D-BE75BCE711B4}.profile|x64.Build.0 = profile|x64
		{1DF1740D-1629-31B1-832D-BE75BCE711B4}.release|x64.ActiveCfg = release|x64
		{1DF1740D-1629-31B1-832D-BE75BCE711B4}.release|x64.Build.0 = release|x64
		{0F4AF026-E642-303F-9CD4-B47999ED6E0C}.debug|x64.ActiveCfg = debug|x64
		{0F4AF026-E642-303F-9CD4-B47999ED6E0C}.debug|x64.Build.0 = debug|x64
		{0F4AF026-E642-303F-9CD4-B47999ED6E0C}.checked|x64.ActiveCfg = checked|x64
		{0F4AF026-E642-303F-9CD4-B47999ED6E0C}.checked|x64.Build.0 = checked|x64
		{0F4AF026-E642-303F-9CD4-B47999ED6E0C}.profile|x64.ActiveCfg = profile|x64
		{0F4AF026-E642-303F-9CD4-B47999ED6E0C}.profile|x64.Build.0 = profile|x64
		{0F4AF026-E642-303F-9CD4-B47999ED6E0C}.release|x64.ActiveCfg = release|x64
		{0F4AF026-E642-303F-9CD4-B47999ED6E0C}.release|x64.Build.0 = release|x64
		{555815A0-5A16-3138-8184-5293CC6ACEAD}.debug|x64.ActiveCfg = debug|x64
		{555815A0-5A16-3138-8184-5293CC6ACEAD}.debug|x64.Build.0 = debug|x64
		{555815A0-5A16-3138-8184-5293CC6ACEAD}.checked|x64.ActiveCfg = checked|x64
		{555815A0-5A16-3138-8184-5293CC6ACEAD}.checked|x64.Build.0 = checked|x64
		{555815A0-5A16-3138-8184-5293CC6ACEAD}.profile|x64.ActiveCfg = profile|x64
		{555815A0-5A16-3138-8184-5293CC6ACEAD}.profile|x64.Build.0 = profile|x64
		{555815A0-5A16-3138-8184-5293CC6ACEAD}.release|x64.ActiveCfg = release|x64
		{555815A0-5A16-3138-8184-5293CC6ACEAD}.release|x64.Build.0 = release|x64
		{95E0E9CC-E412-3A09-AADA-6465D9DB9BE0}.debug|x64.ActiveCfg = debug|x64
		{95E0E9CC-E412-3A09-AADA-6465D9DB9BE0}.debug|x64.Build.0 = debug|x64
		{95E0E9CC-E412-3A09-AADA-6465D9DB9BE0}.checked|x64.ActiveCfg = checked|x64
		{95E0E9CC-E412-3A09-AADA-6465D9DB9BE0}.checked|x64.Build.0 = checked|x64
		{95E0E9CC-E412-3A09-AADA-6465D9DB9BE0}.profile|x64.ActiveCfg = profile|x64
		{95E0E9CC-E412-3A09-AADA-6465D9DB9BE0}.profile|x64.Build.0 = profile|x64
		{95E0E9CC-E412-3A09-AADA-6465D9DB9BE0}.release|x64.ActiveCfg = release|x64
		{95E0E9CC-E412-3A09-AADA-6465D9DB9BE0}.release|x64.Build.0 = release|x64
		{164F0C48-CE34-3AA0-AAE1-254DF10DDC9B}.debug|x64.ActiveCfg = debug|x64
		{164F0C48-CE34-3AA0-AAE1-254DF10DDC9B}.debug|x64.Build.0 = debug|x64
		{164F0C48-CE34-3AA0-AAE1-254DF10DDC9B}.checked|x64.ActiveCfg = checked|x64
		{164F0C48-CE34-3AA0-AAE1-254DF10DDC9B}.checked|x64.Build.0 = checked|x64
		{164F0C48-CE34-3AA0-AAE1-254DF10DDC9B}.profile|x64.ActiveCfg = profile|x64
		{164F0C48-CE34-3AA0-AAE1-254DF10DDC9B}.profile|x64.Build.0 = profile|x64
		{164F0C48-CE34-3AA0-AAE1-254DF10DDC9B}.release|x64.ActiveCfg = release|x64
		{164F0C48-CE34-3AA0-AAE1-254DF10DDC9B}.release|x64.Build.0 = release|x64
		{65D8E96C-BDC7-3B5D-8AF9-B15202F0272C}.debug|x64.ActiveCfg = debug|x64
		{65D8E96C-BDC7-3B5D-8AF9-B15202F0272C}.debug|x64.Build.0 = debug|x64
		{65D8E96C-BDC7-3B5D-8AF9-B15202F0272C}.checked|x64.ActiveCfg = checked|x64
		{65D8E96C-BDC7-3B5D-8AF9-B15202F0272C}.checked|x64.Build.0 = checked|x64
		{65D8E96C-BDC7-3B5D-8AF9-B15202F0272C}.profile|x64.ActiveCfg = profile|x64
		{65D8E96C-BDC7-3B5D-8AF9-B15202F0272C}.profile|x64.Build.0 = profile|x64
		{65D8E96C-BDC7-3B5D-8AF9-B15202F0272C}.release|x64.ActiveCfg = release|x64
		{65D8E96C-BDC7-3B5D-8AF9-B15202F0272C}.release|x64.Build.0 = release|x64
		{A59923B0-73F2-386E-B62C-0A8016E3648C}.debug|x64.ActiveCfg = debug|x64
		{A59923B0-73F2-386E-B62C-0A8016E3648C}.debug|x64.Build.0 = debug|x64
		{A59923B0-73F2-386E-B62C-0A8016E3648C}.checked|x64.ActiveCfg = checked|x64
		{A59923B0-73F2-386E-B62C-0A8016E3648C}.checked|x64.Build.0 = checked|x64
		{A59923B0-73F2-386E-B62C-0A8016E3648C}.profile|x64.ActiveCfg = profile|x64
		{A59923B0-73F2-386E-B62C-0A8016E3648C}.profile|x64.Build.0 = profile|x64
		{A59923B0-73F2-386E-B62C-0A8016E3648C}.release|x64.ActiveCfg = release|x64
		{A59923B0-73F2-386E-B62C-0A8016E3648C}.release|x64.Build.0 = release|x64
		{9C3E84E2-0B07-3334-8F0E-3A163955AA2F}.debug|x64.ActiveCfg = debug|x64
		{9C3E84E2-0B07-3334-8F0E-3A163955AA2F}.debug|x64.Build.0 = debug|x64
		{9C3E84E2-0B07-3334-8F0E-3A163955AA2F}.checked|x64.ActiveCfg = checked|x64
		{9C3E84E2-0B07-3334-8F0E-3A163955AA2F}.checked|x64.Build.0 = checked|x64
		{9C3E84E2-0B07-3334-8F0E-3A163955AA2F}.profile|x64.ActiveCfg = profile|x64
		{9C3E84E2-0B07-3334-8F0E-3A163955AA2F}.profile|x64.Build.0 = profile|x64
		{9C3E84E2-0B07-3334-8F0E-3A163955AA2F}.release|x64.ActiveCfg = release|x64
		{9C3E84E2-0B07-3334-8F0E-3A163955AA2F}.release|x64.Build.0 = release|x64
		{87B2F16A-A22E-3E2D-90B4-CA994D71112D}.debug|x64.ActiveCfg = debug|x64
		{87B2F16A-A22E-3E2D-90B4-CA994D71112D}.debug|x64.Build.0 = debug|x64
		{87B2F16A-A22E-3E2D-90B4-CA994D71112D}.checked|x64.ActiveCfg = checked|x64
		{87B2F16A-A22E-3E2D-90B4-CA994D71112D}.checked|x64.Build.0 = checked|x64
		{87B2F16A-A22E-3E2D-90B4-CA994D71112D}.profile|x64.ActiveCfg = profile|x64
		{87B2F16A-A22E-3E2D-90B4-CA994D71112D}.profile|x64.Build.0 = profile|x64
		{87B2F16A-A22E-3E2D-90B4-CA994D71112D}.release|x64.ActiveCfg = release|x64
		{87B2F16A-A22E-3E2D-90B4-CA994D71112D}.release|x64.Build.0 = release|x64
		{50400AEF-4388-38EE-A4F2-031780D27C39}.debug|x64.ActiveCfg = debug|x64
		{50400AEF-4388-38EE-A4F2-031780D27C39}.debug|x64.Build.0 = debug|x64
		{50400AEF-4388-38EE-A4F2-031780D27C39}.checked|x64.ActiveCfg = checked|x64
		{50400AEF-4388-38EE-A4F2-031780D27C39}.checked|x64.Build.0 = checked|x64
		{50400AEF-4388-38EE-A4F2-031780D27C39}.profile|x64.ActiveCfg = profile|x64
		{50400AEF-4388-38EE-A4F2-031780D27C39}.profile|x64.Build.0 = profile|x64
		{50400AEF-4388-38EE-A4F2-031780D27C39}.release|x64.ActiveCfg = release|x64
		{50400AEF-4388-38EE-A4F2-031780D27C39}.release|x64.Build.0 = release|x64
		{26B85DAF-DAA6-354C-9F3B-FF164A9CEBD4}.debug|x64.ActiveCfg = debug|x64
		{26B85DAF-DAA6-354C-9F3B-FF164A9CEBD4}.debug|x64.Build.0 = debug|x64
		{26B85DAF-DAA6-354C-9F3B-FF164A9CEBD4}.checked|x64.ActiveCfg = checked|x64
		{26B85DAF-DAA6-354C-9F3B-FF164A9CEBD4}.checked|x64.Build.0 = checked|x64
		{26B85DAF-DAA6-354C-9F3B-FF164A9CEBD4}.profile|x64.ActiveCfg = profile|x64
		{26B85DAF-DAA6-354C-9F3B-FF164A9CEBD4}.profile|x64.Build.0 = profile|x64
		{26B85DAF-DAA6-354C-9F3B-FF164A9CEBD4}.release|x64.ActiveCfg = release|x64
		{26B85DAF-DAA6-354C-9F3B-FF164A9CEBD4}.release|x64.Build.0 = release|x64
		{5B494BD9-0861-3EBE-B0B9-20F5101DDB72}.debug|x64.ActiveCfg = debug|x64
		{5B494BD9-0861-3EBE-B0B9-20F5101DDB72}.debug|x64.Build.0 = debug|x64
		{5B494BD9-0861-3EBE-B0B9-20F5101DDB72}.checked|x64.ActiveCfg = checked|x64
		{5B494BD9-0861-3EBE-B0B9-20F5101DDB72}.checked|x64.Build.0 = checked|x64
		{5B494BD9-0861-3EBE-B0B9-20F5101DDB72}.profile|x64.ActiveCfg = profile|x64
		{5B494BD9-0861-3EBE-B0B9-20F5101DDB72}.profile|x64.Build.0 = profile|x64
		{5B494BD9-0861-3EBE-B0B9-20F5101DDB72}.release|x64.ActiveCfg = release|x64
		{5B494BD9-0861-3EBE-B0B9-20F5101DDB72}.release|x64.Build.0 = release|x64
		{52BAE09C-45BB-385F-BEB3-83D8240A9A96}.debug|x64.ActiveCfg = debug|x64
		{52BAE09C-45BB-385F-BEB3-83D8240A9A96}.debug|x64.Build.0 = debug|x64
		{52BAE09C-45BB-385F-BEB3-83D8240A9A96}.checked|x64.ActiveCfg = checked|x64
		{52BAE09C-45BB-385F-BEB3-83D8240A9A96}.checked|x64.Build.0 = checked|x64
		{52BAE09C-45BB-385F-BEB3-83D8240A9A96}.profile|x64.ActiveCfg = profile|x64
		{52BAE09C-45BB-385F-BEB3-83D8240A9A96}.profile|x64.Build.0 = profile|x64
		{52BAE09C-45BB-385F-BEB3-83D8240A9A96}.release|x64.ActiveCfg = release|x64
		{52BAE09C-45BB-385F-BEB3-83D8240A9A96}.release|x64.Build.0 = release|x64
		{CEB0AFA4-2DAF-3E34-98AD-B22AAACA0481}.debug|x64.ActiveCfg = debug|x64
		{CEB0AFA4-2DAF-3E34-98AD-B22AAACA0481}.debug|x64.Build.0 = debug|x64
		{CEB0AFA4-2DAF-3E34-98AD-B22AAACA0481}.checked|x64.ActiveCfg = checked|x64
		{CEB0AFA4-2DAF-3E34-98AD-B22AAACA0481}.checked|x64.Build.0 = checked|x64
		{CEB0AFA4-2DAF-3E34-98AD-B22AAACA0481}.profile|x64.ActiveCfg = profile|x64
		{CEB0AFA4-2DAF-3E34-98AD-B22AAACA0481}.profile|x64.Build.0 = profile|x64
		{CEB0AFA4-2DAF-3E34-98AD-B22AAACA0481}.release|x64.ActiveCfg = release|x64
		{CEB0AFA4-2DAF-3E34-98AD-B22AAACA0481}.release|x64.Build.0 = release|x64
	EndGlobalSection
	GlobalSection(NestedProjects) = preSolution
		{2CE8A243-B83D-3605-9723-5440B65E6160} = {1A23E013-D336-3D0B-B357-80CF9C4AFCBC}
		{03073D5B-3D23-330E-BEFE-ED45A9B9AA9C} = {1A23E013-D336-3D0B-B357-80CF9C4AFCBC}
		{CEB0AFA4-2DAF-3E34-98AD-B22AAACA0481} = {1A23E013-D336-3D0B-B357-80CF9C4AFCBC}
		{3733BBFA-D337-363A-B373-176948DF23FE} = {104AA5A6-6B4F-3A74-A1AA-C40D7BE1E3F7}
		{5C259528-AB03-3CB3-9504-F8848A8E7B6F} = {104AA5A6-6B4F-3A74-A1AA-C40D7BE1E3F7}
		{5E9A9012-CEB9-3BE5-8AFE-00F7AF408995} = {104AA5A6-6B4F-3A74-A1AA-C40D7BE1E3F7}
		{97B98AC3-7FF2-3348-830D-C61945EA13A0} = {104AA5A6-6B4F-3A74-A1AA-C40D7BE1E3F7}
		{0B4D7803-7D11-3B61-BC50-2E3B9DD80851} = {104AA5A6-6B4F-3A74-A1AA-C40D7BE1E3F7}
		{ACE12B35-0B20-37D8-B58B-BC111D3B8A4C} = {104AA5A6-6B4F-3A74-A1AA-C40D7BE1E3F7}
		{CBCB2D10-FA08-370C-8B70-1D5BED29A4B8} = {104AA5A6-6B4F-3A74-A1AA-C40D7BE1E3F7}
		{1017D8CB-7676-363C-BA84-00D2D5C1C41C} = {104AA5A6-6B4F-3A74-A1AA-C40D7BE1E3F7}
		{1DF1740D-1629-31B1-832D-BE75BCE711B4} = {104AA5A6-6B4F-3A74-A1AA-C40D7BE1E3F7}
		{0F4AF026-E642-303F-9CD4-B47999ED6E0C} = {104AA5A6-6B4F-3A74-A1AA-C40D7BE1E3F7}
		{555815A0-5A16-3138-8184-5293CC6ACEAD} = {104AA5A6-6B4F-3A74-A1AA-C40D7BE1E3F7}
		{95E0E9CC-E412-3A09-AADA-6465D9DB9BE0} = {104AA5A6-6B4F-3A74-A1AA-C40D7BE1E3F7}
		{164F0C48-CE34-3AA0-AAE1-254DF10DDC9B} = {104AA5A6-6B4F-3A74-A1AA-C40D7BE1E3F7}
		{5B494BD9-0861-3EBE-B0B9-20F5101DDB72} = {104AA5A6-6B4F-3A74-A1AA-C40D7BE1E3F7}
		{52BAE09C-45BB-385F-BEB3-83D8240A9A96} = {104AA5A6-6B4F-3A74-A1AA-C40D7BE1E3F7}
		{65D8E96C-BDC7-3B5D-8AF9-B15202F0272C} = {5ABF86D1-2FC7-3158-9141-4D791B7FF7F0}
		{A59923B0-73F2-386E-B62C-0A8016E3648C} = {5ABF86D1-2FC7-3158-9141-4D791B7FF7F0}
		{9C3E84E2-0B07-3334-8F0E-3A163955AA2F} = {5ABF86D1-2FC7-3158-9141-4D791B7FF7F0}
		{87B2F16A-A22E-3E2D-90B4-CA994D71112D} = {5ABF86D1-2FC7-3158-9141-4D791B7FF7F0}
		{50400AEF-4388-38EE-A4F2-031780D27C39} = {5ABF86D1-2FC7-3158-9141-4D791B7FF7F0}
		{26B85DAF-DAA6-354C-9F3B-FF164A9CEBD4} = {5ABF86D1-2FC7-3158-9141-4D791B7FF7F0}
	EndGlobalSection
	GlobalSection(ExtensibilityGlobals) = postSolution
		SolutionGuid = {A67A396F-7384-324B-92B8-BB95BA4E80B7}
	EndGlobalSection
	GlobalSection(ExtensibilityAddIns) = postSolution
	EndGlobalSection
EndGlobal
